<Project xmlns="http://schemas.microsoft.com/developer/msbuild/2003">
	<PropertyGroup>
		<ProjectGuid>{33A2C9F5-2620-4D29-9EAA-181E64DD43B0}</ProjectGuid>
		<MainSource>awss3.dpk</MainSource>
		<ProjectVersion>18.2</ProjectVersion>
		<FrameworkType/>
		<Base>True</Base>
		<Config Condition="'$(Config)'==''">Debug</Config>
		<Platform Condition="'$(Platform)'==''">Win32</Platform>
		<TargetedPlatforms>1247</TargetedPlatforms>
		<AppType>Package</AppType>
	</PropertyGroup>
	<PropertyGroup Condition="'$(Config)'=='Base' or '$(Base)'!=''">
		<Base>true</Base>
	</PropertyGroup>
	<PropertyGroup Condition="('$(Platform)'=='Android' and '$(Base)'=='true') or '$(Base_Android)'!=''">
		<Base_Android>true</Base_Android>
		<CfgParent>Base</CfgParent>
		<Base>true</Base>
	</PropertyGroup>
	<PropertyGroup Condition="('$(Platform)'=='iOSDevice32' and '$(Base)'=='true') or '$(Base_iOSDevice32)'!=''">
		<Base_iOSDevice32>true</Base_iOSDevice32>
		<CfgParent>Base</CfgParent>
		<Base>true</Base>
	</PropertyGroup>
	<PropertyGroup Condition="('$(Platform)'=='iOSDevice64' and '$(Base)'=='true') or '$(Base_iOSDevice64)'!=''">
		<Base_iOSDevice64>true</Base_iOSDevice64>
		<CfgParent>Base</CfgParent>
		<Base>true</Base>
	</PropertyGroup>
	<PropertyGroup Condition="('$(Platform)'=='iOSSimulator' and '$(Base)'=='true') or '$(Base_iOSSimulator)'!=''">
		<Base_iOSSimulator>true</Base_iOSSimulator>
		<CfgParent>Base</CfgParent>
		<Base>true</Base>
	</PropertyGroup>
	<PropertyGroup Condition="('$(Platform)'=='OSX32' and '$(Base)'=='true') or '$(Base_OSX32)'!=''">
		<Base_OSX32>true</Base_OSX32>
		<CfgParent>Base</CfgParent>
		<Base>true</Base>
	</PropertyGroup>
	<PropertyGroup Condition="('$(Platform)'=='Win32' and '$(Base)'=='true') or '$(Base_Win32)'!=''">
		<Base_Win32>true</Base_Win32>
		<CfgParent>Base</CfgParent>
		<Base>true</Base>
	</PropertyGroup>
	<PropertyGroup Condition="('$(Platform)'=='Win64' and '$(Base)'=='true') or '$(Base_Win64)'!=''">
		<Base_Win64>true</Base_Win64>
		<CfgParent>Base</CfgParent>
		<Base>true</Base>
	</PropertyGroup>
	<PropertyGroup Condition="'$(Config)'=='Debug' or '$(Cfg_1)'!=''">
		<Cfg_1>true</Cfg_1>
		<CfgParent>Base</CfgParent>
		<Base>true</Base>
	</PropertyGroup>
	<PropertyGroup Condition="('$(Platform)'=='Win32' and '$(Cfg_1)'=='true') or '$(Cfg_1_Win32)'!=''">
		<Cfg_1_Win32>true</Cfg_1_Win32>
		<CfgParent>Cfg_1</CfgParent>
		<Cfg_1>true</Cfg_1>
		<Base>true</Base>
	</PropertyGroup>
	<PropertyGroup Condition="'$(Config)'=='Release' or '$(Cfg_2)'!=''">
		<Cfg_2>true</Cfg_2>
		<CfgParent>Base</CfgParent>
		<Base>true</Base>
	</PropertyGroup>
	<PropertyGroup Condition="'$(Base)'!=''">
		<DCC_DcuOutput>.\$(Platform)\$(Config)</DCC_DcuOutput>
		<DCC_ExeOutput>.\$(Platform)\$(Config)</DCC_ExeOutput>
		<DCC_E>false</DCC_E>
		<DCC_N>false</DCC_N>
		<DCC_S>false</DCC_S>
		<DCC_F>false</DCC_F>
		<DCC_K>false</DCC_K>
		<GenDll>true</GenDll>
		<GenPackage>true</GenPackage>
		<SanitizedProjectName>awss3</SanitizedProjectName>
		<DCC_Description>Amazon Simple Storage Service</DCC_Description>
		<DCC_OutputNeverBuildDcps>true</DCC_OutputNeverBuildDcps>
		<RuntimeOnlyPackage>true</RuntimeOnlyPackage>
		<DllSuffix>250</DllSuffix>
		<DCC_BplOutput>.\$(Platform)\$(Config)</DCC_BplOutput>
		<DCC_BpiOutput>.\$(Platform)\$(Config)</DCC_BpiOutput>
		<DCC_DcpOutput>.\$(Platform)\$(Config)</DCC_DcpOutput>
		<DCC_HppOutput>.\$(Platform)\$(Config)</DCC_HppOutput>
		<DCC_ObjOutput>.\$(Platform)\$(Config)</DCC_ObjOutput>
		<BRCC_OutputDir>.\$(Platform)\$(Config)</BRCC_OutputDir>
	</PropertyGroup>
	<PropertyGroup Condition="'$(Base_Android)'!=''">
		<EnabledSysJars>android-support-v4.dex.jar;cloud-messaging.dex.jar;fmx.dex.jar;google-analytics-v2.dex.jar;google-play-billing.dex.jar;google-play-licensing.dex.jar;google-play-services.dex.jar</EnabledSysJars>
		<VerInfo_Keys>package=com.embarcadero.$(MSBuildProjectName);label=$(MSBuildProjectName);versionCode=1;versionName=1.0.0;persistent=False;restoreAnyVersion=False;installLocation=auto;largeHeap=False;theme=TitleBar;hardwareAccelerated=true;apiKey=</VerInfo_Keys>
		<BT_BuildType>Debug</BT_BuildType>
	</PropertyGroup>
	<PropertyGroup Condition="'$(Base_iOSDevice32)'!=''">
		<VerInfo_Keys>CFBundleName=$(MSBuildProjectName);CFBundleDevelopmentRegion=en;CFBundleDisplayName=$(MSBuildProjectName);CFBundleIdentifier=$(MSBuildProjectName);CFBundleInfoDictionaryVersion=7.1;CFBundleVersion=1.0.0.0;CFBundlePackageType=APPL;CFBundleSignature=????;LSRequiresIPhoneOS=true;CFBundleAllowMixedLocalizations=YES;CFBundleExecutable=$(MSBuildProjectName);UIDeviceFamily=iPhone &amp; iPad;CFBundleResourceSpecification=ResourceRules.plist;NSLocationAlwaysUsageDescription=The reason for accessing the location information of the user;NSLocationWhenInUseUsageDescription=The reason for accessing the location information of the user;FMLocalNotificationPermission=false;UIBackgroundModes=;NSContactsUsageDescription=The reason for accessing the contacts;NSPhotoLibraryUsageDescription=The reason for accessing the photo library;NSCameraUsageDescription=The reason for accessing the camera</VerInfo_Keys>
		<VerInfo_UIDeviceFamily>iPhoneAndiPad</VerInfo_UIDeviceFamily>
		<VerInfo_IncludeVerInfo>true</VerInfo_IncludeVerInfo>
		<BT_BuildType>Debug</BT_BuildType>
		<VerInfo_BundleId>$(MSBuildProjectName)</VerInfo_BundleId>
	</PropertyGroup>
	<PropertyGroup Condition="'$(Base_iOSDevice64)'!=''">
		<VerInfo_Keys>CFBundleName=$(MSBuildProjectName);CFBundleDevelopmentRegion=en;CFBundleDisplayName=$(MSBuildProjectName);CFBundleIdentifier=$(MSBuildProjectName);CFBundleInfoDictionaryVersion=7.1;CFBundleVersion=1.0.0.0;CFBundlePackageType=APPL;CFBundleSignature=????;LSRequiresIPhoneOS=true;CFBundleAllowMixedLocalizations=YES;CFBundleExecutable=$(MSBuildProjectName);UIDeviceFamily=iPhone &amp; iPad;CFBundleResourceSpecification=ResourceRules.plist;NSLocationAlwaysUsageDescription=The reason for accessing the location information of the user;NSLocationWhenInUseUsageDescription=The reason for accessing the location information of the user;FMLocalNotificationPermission=false;UIBackgroundModes=;NSContactsUsageDescription=The reason for accessing the contacts;NSPhotoLibraryUsageDescription=The reason for accessing the photo library;NSCameraUsageDescription=The reason for accessing the camera</VerInfo_Keys>
		<VerInfo_UIDeviceFamily>iPhoneAndiPad</VerInfo_UIDeviceFamily>
		<VerInfo_IncludeVerInfo>true</VerInfo_IncludeVerInfo>
		<BT_BuildType>Debug</BT_BuildType>
		<VerInfo_BundleId>$(MSBuildProjectName)</VerInfo_BundleId>
	</PropertyGroup>
	<PropertyGroup Condition="'$(Base_iOSSimulator)'!=''">
		<VerInfo_Keys>CFBundleName=$(MSBuildProjectName);CFBundleDevelopmentRegion=en;CFBundleDisplayName=$(MSBuildProjectName);CFBundleIdentifier=$(MSBuildProjectName);CFBundleInfoDictionaryVersion=7.1;CFBundleVersion=1.0.0.0;CFBundlePackageType=APPL;CFBundleSignature=????;LSRequiresIPhoneOS=true;CFBundleAllowMixedLocalizations=YES;CFBundleExecutable=$(MSBuildProjectName);UIDeviceFamily=iPhone &amp; iPad;CFBundleResourceSpecification=ResourceRules.plist;NSLocationAlwaysUsageDescription=The reason for accessing the location information of the user;NSLocationWhenInUseUsageDescription=The reason for accessing the location information of the user;FMLocalNotificationPermission=false;UIBackgroundModes=;NSContactsUsageDescription=The reason for accessing the contacts;NSPhotoLibraryUsageDescription=The reason for accessing the photo library;NSCameraUsageDescription=The reason for accessing the camera</VerInfo_Keys>
		<VerInfo_UIDeviceFamily>iPhoneAndiPad</VerInfo_UIDeviceFamily>
		<VerInfo_IncludeVerInfo>true</VerInfo_IncludeVerInfo>
	</PropertyGroup>
	<PropertyGroup Condition="'$(Base_OSX32)'!=''">
		<VerInfo_Keys>CFBundleName=$(MSBuildProjectName);CFBundleDisplayName=$(MSBuildProjectName);CFBundleIdentifier=$(MSBuildProjectName);CFBundleVersion=1.0.0;CFBundlePackageType=APPL;CFBundleSignature=????;CFBundleAllowMixedLocalizations=YES;CFBundleExecutable=$(MSBuildProjectName);NSHighResolutionCapable=true;LSApplicationCategoryType=public.app-category.utilities;NSLocationAlwaysUsageDescription=The reason for accessing the location information of the user;NSLocationWhenInUseUsageDescription=The reason for accessing the location information of the user;NSContactsUsageDescription=The reason for accessing the contacts</VerInfo_Keys>
		<BT_BuildType>Debug</BT_BuildType>
	</PropertyGroup>
	<PropertyGroup Condition="'$(Base_Win32)'!=''">
		<BT_BuildType>Debug</BT_BuildType>
		<VerInfo_IncludeVerInfo>true</VerInfo_IncludeVerInfo>
		<VerInfo_Keys>CompanyName=;FileDescription=$(MSBuildProjectName);FileVersion=1.0.0.0;InternalName=;LegalCopyright=;LegalTrademarks=;OriginalFilename=;ProgramID=com.embarcadero.$(MSBuildProjectName);ProductName=$(MSBuildProjectName);ProductVersion=1.0.0.0;Comments=</VerInfo_Keys>
		<VerInfo_Locale>1033</VerInfo_Locale>
	</PropertyGroup>
	<PropertyGroup Condition="'$(Base_Win64)'!=''">
		<BT_BuildType>Debug</BT_BuildType>
		<VerInfo_IncludeVerInfo>true</VerInfo_IncludeVerInfo>
		<VerInfo_Keys>CompanyName=;FileDescription=$(MSBuildProjectName);FileVersion=1.0.0.0;InternalName=;LegalCopyright=;LegalTrademarks=;OriginalFilename=;ProgramID=com.embarcadero.$(MSBuildProjectName);ProductName=$(MSBuildProjectName);ProductVersion=1.0.0.0;Comments=</VerInfo_Keys>
		<VerInfo_Locale>1033</VerInfo_Locale>
	</PropertyGroup>
	<PropertyGroup Condition="'$(Cfg_1)'!=''">
		<DCC_Define>DEBUG;$(DCC_Define)</DCC_Define>
		<DCC_DebugDCUs>true</DCC_DebugDCUs>
		<DCC_Optimize>false</DCC_Optimize>
		<DCC_GenerateStackFrames>true</DCC_GenerateStackFrames>
		<DCC_DebugInfoInExe>true</DCC_DebugInfoInExe>
		<DCC_RemoteDebug>true</DCC_RemoteDebug>
	</PropertyGroup>
	<PropertyGroup Condition="'$(Cfg_1_Win32)'!=''">
		<DCC_RemoteDebug>false</DCC_RemoteDebug>
	</PropertyGroup>
	<PropertyGroup Condition="'$(Cfg_2)'!=''">
		<DCC_LocalDebugSymbols>false</DCC_LocalDebugSymbols>
		<DCC_Define>RELEASE;$(DCC_Define)</DCC_Define>
		<DCC_SymbolReferenceInfo>0</DCC_SymbolReferenceInfo>
		<DCC_DebugInformation>0</DCC_DebugInformation>
	</PropertyGroup>
	<ItemGroup>
		<DelphiCompile Include="$(MainSource)">
			<MainSource>MainSource</MainSource>
		</DelphiCompile>
		<DCCReference Include="awscore.dcp"/>
		<DCCReference Include="..\..\Source\Services\S3\Base\AWS.S3.Client.pas"/>
		<DCCReference Include="..\..\Source\Services\S3\Base\AWS.S3.ClientIntf.pas"/>
		<DCCReference Include="..\..\Source\Services\S3\Base\AWS.S3.Config.pas"/>
		<DCCReference Include="..\..\Source\Services\S3\Base\AWS.S3.Enums.pas"/>
		<DCCReference Include="..\..\Source\Services\S3\Base\AWS.S3.Exception.pas"/>
		<DCCReference Include="..\..\Source\Services\S3\Base\AWS.S3.Metadata.pas"/>
		<DCCReference Include="..\..\Source\Services\S3\Base\Model\AWS.S3.Model.AbortIncompleteMultipartUpload.pas"/>
		<DCCReference Include="..\..\Source\Services\S3\Base\Model\AWS.S3.Model.AbortMultipartUploadRequest.pas"/>
		<DCCReference Include="..\..\Source\Services\S3\Base\Model\AWS.S3.Model.AbortMultipartUploadResponse.pas"/>
		<DCCReference Include="..\..\Source\Services\S3\Base\Model\AWS.S3.Model.AccelerateConfiguration.pas"/>
		<DCCReference Include="..\..\Source\Services\S3\Base\Model\AWS.S3.Model.AccessControlPolicy.pas"/>
		<DCCReference Include="..\..\Source\Services\S3\Base\Model\AWS.S3.Model.AccessControlTranslation.pas"/>
		<DCCReference Include="..\..\Source\Services\S3\Base\Model\AWS.S3.Model.AnalyticsAndOperator.pas"/>
		<DCCReference Include="..\..\Source\Services\S3\Base\Model\AWS.S3.Model.AnalyticsConfiguration.pas"/>
		<DCCReference Include="..\..\Source\Services\S3\Base\Model\AWS.S3.Model.AnalyticsExportDestination.pas"/>
		<DCCReference Include="..\..\Source\Services\S3\Base\Model\AWS.S3.Model.AnalyticsFilter.pas"/>
		<DCCReference Include="..\..\Source\Services\S3\Base\Model\AWS.S3.Model.AnalyticsS3BucketDestination.pas"/>
		<DCCReference Include="..\..\Source\Services\S3\Base\Model\AWS.S3.Model.Bucket.pas"/>
		<DCCReference Include="..\..\Source\Services\S3\Base\Model\AWS.S3.Model.BucketAlreadyExistsException.pas"/>
		<DCCReference Include="..\..\Source\Services\S3\Base\Model\AWS.S3.Model.BucketAlreadyOwnedByYouException.pas"/>
		<DCCReference Include="..\..\Source\Services\S3\Base\Model\AWS.S3.Model.BucketLoggingStatus.pas"/>
		<DCCReference Include="..\..\Source\Services\S3\Base\Model\AWS.S3.Model.CORSConfiguration.pas"/>
		<DCCReference Include="..\..\Source\Services\S3\Base\Model\AWS.S3.Model.CORSRule.pas"/>
		<DCCReference Include="..\..\Source\Services\S3\Base\Model\AWS.S3.Model.CSVInput.pas"/>
		<DCCReference Include="..\..\Source\Services\S3\Base\Model\AWS.S3.Model.CSVOutput.pas"/>
		<DCCReference Include="..\..\Source\Services\S3\Base\Model\AWS.S3.Model.CommonPrefix.pas"/>
		<DCCReference Include="..\..\Source\Services\S3\Base\Model\AWS.S3.Model.CompleteMultipartUploadRequest.pas"/>
		<DCCReference Include="..\..\Source\Services\S3\Base\Model\AWS.S3.Model.CompleteMultipartUploadResponse.pas"/>
		<DCCReference Include="..\..\Source\Services\S3\Base\Model\AWS.S3.Model.CompletedPart.pas"/>
		<DCCReference Include="..\..\Source\Services\S3\Base\Model\AWS.S3.Model.Condition.pas"/>
		<DCCReference Include="..\..\Source\Services\S3\Base\Model\AWS.S3.Model.ContinuationEvent.pas"/>
		<DCCReference Include="..\..\Source\Services\S3\Base\Model\AWS.S3.Model.CopyObjectRequest.pas"/>
		<DCCReference Include="..\..\Source\Services\S3\Base\Model\AWS.S3.Model.CopyObjectResponse.pas"/>
		<DCCReference Include="..\..\Source\Services\S3\Base\Model\AWS.S3.Model.CopyObjectResult.pas"/>
		<DCCReference Include="..\..\Source\Services\S3\Base\Model\AWS.S3.Model.CopyPartRequest.pas"/>
		<DCCReference Include="..\..\Source\Services\S3\Base\Model\AWS.S3.Model.CopyPartResponse.pas"/>
		<DCCReference Include="..\..\Source\Services\S3\Base\Model\AWS.S3.Model.CopyPartResult.pas"/>
		<DCCReference Include="..\..\Source\Services\S3\Base\Model\AWS.S3.Model.CreateBucketConfiguration.pas"/>
		<DCCReference Include="..\..\Source\Services\S3\Base\Model\AWS.S3.Model.DefaultRetention.pas"/>
		<DCCReference Include="..\..\Source\Services\S3\Base\Model\AWS.S3.Model.DeleteBucketAnalyticsConfigurationRequest.pas"/>
		<DCCReference Include="..\..\Source\Services\S3\Base\Model\AWS.S3.Model.DeleteBucketAnalyticsConfigurationResponse.pas"/>
		<DCCReference Include="..\..\Source\Services\S3\Base\Model\AWS.S3.Model.DeleteBucketEncryptionRequest.pas"/>
		<DCCReference Include="..\..\Source\Services\S3\Base\Model\AWS.S3.Model.DeleteBucketEncryptionResponse.pas"/>
		<DCCReference Include="..\..\Source\Services\S3\Base\Model\AWS.S3.Model.DeleteBucketIntelligentTieringConfigurationRequest.pas"/>
		<DCCReference Include="..\..\Source\Services\S3\Base\Model\AWS.S3.Model.DeleteBucketIntelligentTieringConfigurationResponse.pas"/>
		<DCCReference Include="..\..\Source\Services\S3\Base\Model\AWS.S3.Model.DeleteBucketInventoryConfigurationRequest.pas"/>
		<DCCReference Include="..\..\Source\Services\S3\Base\Model\AWS.S3.Model.DeleteBucketInventoryConfigurationResponse.pas"/>
		<DCCReference Include="..\..\Source\Services\S3\Base\Model\AWS.S3.Model.DeleteBucketMetricsConfigurationRequest.pas"/>
		<DCCReference Include="..\..\Source\Services\S3\Base\Model\AWS.S3.Model.DeleteBucketMetricsConfigurationResponse.pas"/>
		<DCCReference Include="..\..\Source\Services\S3\Base\Model\AWS.S3.Model.DeleteBucketOwnershipControlsRequest.pas"/>
		<DCCReference Include="..\..\Source\Services\S3\Base\Model\AWS.S3.Model.DeleteBucketOwnershipControlsResponse.pas"/>
		<DCCReference Include="..\..\Source\Services\S3\Base\Model\AWS.S3.Model.DeleteBucketPolicyRequest.pas"/>
		<DCCReference Include="..\..\Source\Services\S3\Base\Model\AWS.S3.Model.DeleteBucketPolicyResponse.pas"/>
		<DCCReference Include="..\..\Source\Services\S3\Base\Model\AWS.S3.Model.DeleteBucketReplicationRequest.pas"/>
		<DCCReference Include="..\..\Source\Services\S3\Base\Model\AWS.S3.Model.DeleteBucketReplicationResponse.pas"/>
		<DCCReference Include="..\..\Source\Services\S3\Base\Model\AWS.S3.Model.DeleteBucketRequest.pas"/>
		<DCCReference Include="..\..\Source\Services\S3\Base\Model\AWS.S3.Model.DeleteBucketResponse.pas"/>
		<DCCReference Include="..\..\Source\Services\S3\Base\Model\AWS.S3.Model.DeleteBucketTaggingRequest.pas"/>
		<DCCReference Include="..\..\Source\Services\S3\Base\Model\AWS.S3.Model.DeleteBucketTaggingResponse.pas"/>
		<DCCReference Include="..\..\Source\Services\S3\Base\Model\AWS.S3.Model.DeleteBucketWebsiteRequest.pas"/>
		<DCCReference Include="..\..\Source\Services\S3\Base\Model\AWS.S3.Model.DeleteBucketWebsiteResponse.pas"/>
		<DCCReference Include="..\..\Source\Services\S3\Base\Model\AWS.S3.Model.DeleteCORSConfigurationRequest.pas"/>
		<DCCReference Include="..\..\Source\Services\S3\Base\Model\AWS.S3.Model.DeleteCORSConfigurationResponse.pas"/>
		<DCCReference Include="..\..\Source\Services\S3\Base\Model\AWS.S3.Model.DeleteLifecycleConfigurationRequest.pas"/>
		<DCCReference Include="..\..\Source\Services\S3\Base\Model\AWS.S3.Model.DeleteLifecycleConfigurationResponse.pas"/>
		<DCCReference Include="..\..\Source\Services\S3\Base\Model\AWS.S3.Model.DeleteMarkerEntry.pas"/>
		<DCCReference Include="..\..\Source\Services\S3\Base\Model\AWS.S3.Model.DeleteMarkerReplication.pas"/>
		<DCCReference Include="..\..\Source\Services\S3\Base\Model\AWS.S3.Model.DeleteObjectRequest.pas"/>
		<DCCReference Include="..\..\Source\Services\S3\Base\Model\AWS.S3.Model.DeleteObjectResponse.pas"/>
		<DCCReference Include="..\..\Source\Services\S3\Base\Model\AWS.S3.Model.DeleteObjectTaggingRequest.pas"/>
		<DCCReference Include="..\..\Source\Services\S3\Base\Model\AWS.S3.Model.DeleteObjectTaggingResponse.pas"/>
		<DCCReference Include="..\..\Source\Services\S3\Base\Model\AWS.S3.Model.DeleteObjectsRequest.pas"/>
		<DCCReference Include="..\..\Source\Services\S3\Base\Model\AWS.S3.Model.DeleteObjectsResponse.pas"/>
		<DCCReference Include="..\..\Source\Services\S3\Base\Model\AWS.S3.Model.DeletePublicAccessBlockRequest.pas"/>
		<DCCReference Include="..\..\Source\Services\S3\Base\Model\AWS.S3.Model.DeletePublicAccessBlockResponse.pas"/>
		<DCCReference Include="..\..\Source\Services\S3\Base\Model\AWS.S3.Model.DeletedObject.pas"/>
		<DCCReference Include="..\..\Source\Services\S3\Base\Model\AWS.S3.Model.Destination.pas"/>
		<DCCReference Include="..\..\Source\Services\S3\Base\Model\AWS.S3.Model.EncryptionConfiguration.pas"/>
		<DCCReference Include="..\..\Source\Services\S3\Base\Model\AWS.S3.Model.EndEvent.pas"/>
		<DCCReference Include="..\..\Source\Services\S3\Base\Model\AWS.S3.Model.Error.pas"/>
		<DCCReference Include="..\..\Source\Services\S3\Base\Model\AWS.S3.Model.ErrorDocument.pas"/>
		<DCCReference Include="..\..\Source\Services\S3\Base\Model\AWS.S3.Model.ExistingObjectReplication.pas"/>
		<DCCReference Include="..\..\Source\Services\S3\Base\Model\AWS.S3.Model.GetACLRequest.pas"/>
		<DCCReference Include="..\..\Source\Services\S3\Base\Model\AWS.S3.Model.GetACLResponse.pas"/>
		<DCCReference Include="..\..\Source\Services\S3\Base\Model\AWS.S3.Model.GetBucketAccelerateConfigurationRequest.pas"/>
		<DCCReference Include="..\..\Source\Services\S3\Base\Model\AWS.S3.Model.GetBucketAccelerateConfigurationResponse.pas"/>
		<DCCReference Include="..\..\Source\Services\S3\Base\Model\AWS.S3.Model.GetBucketAnalyticsConfigurationRequest.pas"/>
		<DCCReference Include="..\..\Source\Services\S3\Base\Model\AWS.S3.Model.GetBucketAnalyticsConfigurationResponse.pas"/>
		<DCCReference Include="..\..\Source\Services\S3\Base\Model\AWS.S3.Model.GetBucketEncryptionRequest.pas"/>
		<DCCReference Include="..\..\Source\Services\S3\Base\Model\AWS.S3.Model.GetBucketEncryptionResponse.pas"/>
		<DCCReference Include="..\..\Source\Services\S3\Base\Model\AWS.S3.Model.GetBucketIntelligentTieringConfigurationRequest.pas"/>
		<DCCReference Include="..\..\Source\Services\S3\Base\Model\AWS.S3.Model.GetBucketIntelligentTieringConfigurationResponse.pas"/>
		<DCCReference Include="..\..\Source\Services\S3\Base\Model\AWS.S3.Model.GetBucketInventoryConfigurationRequest.pas"/>
		<DCCReference Include="..\..\Source\Services\S3\Base\Model\AWS.S3.Model.GetBucketInventoryConfigurationResponse.pas"/>
		<DCCReference Include="..\..\Source\Services\S3\Base\Model\AWS.S3.Model.GetBucketLocationRequest.pas"/>
		<DCCReference Include="..\..\Source\Services\S3\Base\Model\AWS.S3.Model.GetBucketLocationResponse.pas"/>
		<DCCReference Include="..\..\Source\Services\S3\Base\Model\AWS.S3.Model.GetBucketLoggingRequest.pas"/>
		<DCCReference Include="..\..\Source\Services\S3\Base\Model\AWS.S3.Model.GetBucketLoggingResponse.pas"/>
		<DCCReference Include="..\..\Source\Services\S3\Base\Model\AWS.S3.Model.GetBucketMetricsConfigurationRequest.pas"/>
		<DCCReference Include="..\..\Source\Services\S3\Base\Model\AWS.S3.Model.GetBucketMetricsConfigurationResponse.pas"/>
		<DCCReference Include="..\..\Source\Services\S3\Base\Model\AWS.S3.Model.GetBucketOwnershipControlsRequest.pas"/>
		<DCCReference Include="..\..\Source\Services\S3\Base\Model\AWS.S3.Model.GetBucketOwnershipControlsResponse.pas"/>
		<DCCReference Include="..\..\Source\Services\S3\Base\Model\AWS.S3.Model.GetBucketPolicyRequest.pas"/>
		<DCCReference Include="..\..\Source\Services\S3\Base\Model\AWS.S3.Model.GetBucketPolicyResponse.pas"/>
		<DCCReference Include="..\..\Source\Services\S3\Base\Model\AWS.S3.Model.GetBucketPolicyStatusRequest.pas"/>
		<DCCReference Include="..\..\Source\Services\S3\Base\Model\AWS.S3.Model.GetBucketPolicyStatusResponse.pas"/>
		<DCCReference Include="..\..\Source\Services\S3\Base\Model\AWS.S3.Model.GetBucketReplicationRequest.pas"/>
		<DCCReference Include="..\..\Source\Services\S3\Base\Model\AWS.S3.Model.GetBucketReplicationResponse.pas"/>
		<DCCReference Include="..\..\Source\Services\S3\Base\Model\AWS.S3.Model.GetBucketRequestPaymentRequest.pas"/>
		<DCCReference Include="..\..\Source\Services\S3\Base\Model\AWS.S3.Model.GetBucketRequestPaymentResponse.pas"/>
		<DCCReference Include="..\..\Source\Services\S3\Base\Model\AWS.S3.Model.GetBucketTaggingRequest.pas"/>
		<DCCReference Include="..\..\Source\Services\S3\Base\Model\AWS.S3.Model.GetBucketTaggingResponse.pas"/>
		<DCCReference Include="..\..\Source\Services\S3\Base\Model\AWS.S3.Model.GetBucketVersioningRequest.pas"/>
		<DCCReference Include="..\..\Source\Services\S3\Base\Model\AWS.S3.Model.GetBucketVersioningResponse.pas"/>
		<DCCReference Include="..\..\Source\Services\S3\Base\Model\AWS.S3.Model.GetBucketWebsiteRequest.pas"/>
		<DCCReference Include="..\..\Source\Services\S3\Base\Model\AWS.S3.Model.GetBucketWebsiteResponse.pas"/>
		<DCCReference Include="..\..\Source\Services\S3\Base\Model\AWS.S3.Model.GetCORSConfigurationRequest.pas"/>
		<DCCReference Include="..\..\Source\Services\S3\Base\Model\AWS.S3.Model.GetCORSConfigurationResponse.pas"/>
		<DCCReference Include="..\..\Source\Services\S3\Base\Model\AWS.S3.Model.GetLifecycleConfigurationRequest.pas"/>
		<DCCReference Include="..\..\Source\Services\S3\Base\Model\AWS.S3.Model.GetLifecycleConfigurationResponse.pas"/>
		<DCCReference Include="..\..\Source\Services\S3\Base\Model\AWS.S3.Model.GetObjectLegalHoldRequest.pas"/>
		<DCCReference Include="..\..\Source\Services\S3\Base\Model\AWS.S3.Model.GetObjectLegalHoldResponse.pas"/>
		<DCCReference Include="..\..\Source\Services\S3\Base\Model\AWS.S3.Model.GetObjectLockConfigurationRequest.pas"/>
		<DCCReference Include="..\..\Source\Services\S3\Base\Model\AWS.S3.Model.GetObjectLockConfigurationResponse.pas"/>
		<DCCReference Include="..\..\Source\Services\S3\Base\Model\AWS.S3.Model.GetObjectMetadataRequest.pas"/>
		<DCCReference Include="..\..\Source\Services\S3\Base\Model\AWS.S3.Model.GetObjectMetadataResponse.pas"/>
		<DCCReference Include="..\..\Source\Services\S3\Base\Model\AWS.S3.Model.GetObjectRequest.pas"/>
		<DCCReference Include="..\..\Source\Services\S3\Base\Model\AWS.S3.Model.GetObjectResponse.pas"/>
		<DCCReference Include="..\..\Source\Services\S3\Base\Model\AWS.S3.Model.GetObjectRetentionRequest.pas"/>
		<DCCReference Include="..\..\Source\Services\S3\Base\Model\AWS.S3.Model.GetObjectRetentionResponse.pas"/>
		<DCCReference Include="..\..\Source\Services\S3\Base\Model\AWS.S3.Model.GetObjectTaggingRequest.pas"/>
		<DCCReference Include="..\..\Source\Services\S3\Base\Model\AWS.S3.Model.GetObjectTaggingResponse.pas"/>
		<DCCReference Include="..\..\Source\Services\S3\Base\Model\AWS.S3.Model.GetObjectTorrentRequest.pas"/>
		<DCCReference Include="..\..\Source\Services\S3\Base\Model\AWS.S3.Model.GetObjectTorrentResponse.pas"/>
		<DCCReference Include="..\..\Source\Services\S3\Base\Model\AWS.S3.Model.GetPublicAccessBlockRequest.pas"/>
		<DCCReference Include="..\..\Source\Services\S3\Base\Model\AWS.S3.Model.GetPublicAccessBlockResponse.pas"/>
		<DCCReference Include="..\..\Source\Services\S3\Base\Model\AWS.S3.Model.Grant.pas"/>
		<DCCReference Include="..\..\Source\Services\S3\Base\Model\AWS.S3.Model.Grantee.pas"/>
		<DCCReference Include="..\..\Source\Services\S3\Base\Model\AWS.S3.Model.HeadBucketRequest.pas"/>
		<DCCReference Include="..\..\Source\Services\S3\Base\Model\AWS.S3.Model.HeadBucketResponse.pas"/>
		<DCCReference Include="..\..\Source\Services\S3\Base\Model\AWS.S3.Model.IndexDocument.pas"/>
		<DCCReference Include="..\..\Source\Services\S3\Base\Model\AWS.S3.Model.InitiateMultipartUploadRequest.pas"/>
		<DCCReference Include="..\..\Source\Services\S3\Base\Model\AWS.S3.Model.InitiateMultipartUploadResponse.pas"/>
		<DCCReference Include="..\..\Source\Services\S3\Base\Model\AWS.S3.Model.Initiator.pas"/>
		<DCCReference Include="..\..\Source\Services\S3\Base\Model\AWS.S3.Model.InputSerialization.pas"/>
		<DCCReference Include="..\..\Source\Services\S3\Base\Model\AWS.S3.Model.IntelligentTieringAndOperator.pas"/>
		<DCCReference Include="..\..\Source\Services\S3\Base\Model\AWS.S3.Model.IntelligentTieringConfiguration.pas"/>
		<DCCReference Include="..\..\Source\Services\S3\Base\Model\AWS.S3.Model.IntelligentTieringFilter.pas"/>
		<DCCReference Include="..\..\Source\Services\S3\Base\Model\AWS.S3.Model.InvalidObjectStateException.pas"/>
		<DCCReference Include="..\..\Source\Services\S3\Base\Model\AWS.S3.Model.InventoryConfiguration.pas"/>
		<DCCReference Include="..\..\Source\Services\S3\Base\Model\AWS.S3.Model.InventoryDestination.pas"/>
		<DCCReference Include="..\..\Source\Services\S3\Base\Model\AWS.S3.Model.InventoryEncryption.pas"/>
		<DCCReference Include="..\..\Source\Services\S3\Base\Model\AWS.S3.Model.InventoryFilter.pas"/>
		<DCCReference Include="..\..\Source\Services\S3\Base\Model\AWS.S3.Model.InventoryS3BucketDestination.pas"/>
		<DCCReference Include="..\..\Source\Services\S3\Base\Model\AWS.S3.Model.InventorySchedule.pas"/>
		<DCCReference Include="..\..\Source\Services\S3\Base\Model\AWS.S3.Model.JSONInput.pas"/>
		<DCCReference Include="..\..\Source\Services\S3\Base\Model\AWS.S3.Model.JSONOutput.pas"/>
		<DCCReference Include="..\..\Source\Services\S3\Base\Model\AWS.S3.Model.LifecycleConfiguration.pas"/>
		<DCCReference Include="..\..\Source\Services\S3\Base\Model\AWS.S3.Model.LifecycleExpiration.pas"/>
		<DCCReference Include="..\..\Source\Services\S3\Base\Model\AWS.S3.Model.LifecycleRule.pas"/>
		<DCCReference Include="..\..\Source\Services\S3\Base\Model\AWS.S3.Model.LifecycleRuleAndOperator.pas"/>
		<DCCReference Include="..\..\Source\Services\S3\Base\Model\AWS.S3.Model.LifecycleRuleFilter.pas"/>
		<DCCReference Include="..\..\Source\Services\S3\Base\Model\AWS.S3.Model.ListBucketAnalyticsConfigurationsRequest.pas"/>
		<DCCReference Include="..\..\Source\Services\S3\Base\Model\AWS.S3.Model.ListBucketAnalyticsConfigurationsResponse.pas"/>
		<DCCReference Include="..\..\Source\Services\S3\Base\Model\AWS.S3.Model.ListBucketIntelligentTieringConfigurationsRequest.pas"/>
		<DCCReference Include="..\..\Source\Services\S3\Base\Model\AWS.S3.Model.ListBucketIntelligentTieringConfigurationsResponse.pas"/>
		<DCCReference Include="..\..\Source\Services\S3\Base\Model\AWS.S3.Model.ListBucketInventoryConfigurationsRequest.pas"/>
		<DCCReference Include="..\..\Source\Services\S3\Base\Model\AWS.S3.Model.ListBucketInventoryConfigurationsResponse.pas"/>
		<DCCReference Include="..\..\Source\Services\S3\Base\Model\AWS.S3.Model.ListBucketMetricsConfigurationsRequest.pas"/>
		<DCCReference Include="..\..\Source\Services\S3\Base\Model\AWS.S3.Model.ListBucketMetricsConfigurationsResponse.pas"/>
		<DCCReference Include="..\..\Source\Services\S3\Base\Model\AWS.S3.Model.ListBucketsRequest.pas"/>
		<DCCReference Include="..\..\Source\Services\S3\Base\Model\AWS.S3.Model.ListBucketsResponse.pas"/>
		<DCCReference Include="..\..\Source\Services\S3\Base\Model\AWS.S3.Model.ListMultipartUploadsRequest.pas"/>
		<DCCReference Include="..\..\Source\Services\S3\Base\Model\AWS.S3.Model.ListMultipartUploadsResponse.pas"/>
		<DCCReference Include="..\..\Source\Services\S3\Base\Model\AWS.S3.Model.ListObjectsRequest.pas"/>
		<DCCReference Include="..\..\Source\Services\S3\Base\Model\AWS.S3.Model.ListObjectsResponse.pas"/>
		<DCCReference Include="..\..\Source\Services\S3\Base\Model\AWS.S3.Model.ListObjectsV2Request.pas"/>
		<DCCReference Include="..\..\Source\Services\S3\Base\Model\AWS.S3.Model.ListObjectsV2Response.pas"/>
		<DCCReference Include="..\..\Source\Services\S3\Base\Model\AWS.S3.Model.ListPartsRequest.pas"/>
		<DCCReference Include="..\..\Source\Services\S3\Base\Model\AWS.S3.Model.ListPartsResponse.pas"/>
		<DCCReference Include="..\..\Source\Services\S3\Base\Model\AWS.S3.Model.ListVersionsRequest.pas"/>
		<DCCReference Include="..\..\Source\Services\S3\Base\Model\AWS.S3.Model.ListVersionsResponse.pas"/>
		<DCCReference Include="..\..\Source\Services\S3\Base\Model\AWS.S3.Model.LoggingEnabled.pas"/>
		<DCCReference Include="..\..\Source\Services\S3\Base\Model\AWS.S3.Model.Metrics.pas"/>
		<DCCReference Include="..\..\Source\Services\S3\Base\Model\AWS.S3.Model.MetricsAndOperator.pas"/>
		<DCCReference Include="..\..\Source\Services\S3\Base\Model\AWS.S3.Model.MetricsConfiguration.pas"/>
		<DCCReference Include="..\..\Source\Services\S3\Base\Model\AWS.S3.Model.MetricsFilter.pas"/>
		<DCCReference Include="..\..\Source\Services\S3\Base\Model\AWS.S3.Model.MultipartUpload.pas"/>
		<DCCReference Include="..\..\Source\Services\S3\Base\Model\AWS.S3.Model.NoSuchBucketException.pas"/>
		<DCCReference Include="..\..\Source\Services\S3\Base\Model\AWS.S3.Model.NoSuchKeyException.pas"/>
		<DCCReference Include="..\..\Source\Services\S3\Base\Model\AWS.S3.Model.NoSuchUploadException.pas"/>
		<DCCReference Include="..\..\Source\Services\S3\Base\Model\AWS.S3.Model.NoncurrentVersionExpiration.pas"/>
		<DCCReference Include="..\..\Source\Services\S3\Base\Model\AWS.S3.Model.NoncurrentVersionTransition.pas"/>
		<DCCReference Include="..\..\Source\Services\S3\Base\Model\AWS.S3.Model.ObjectAlreadyInActiveTierErrorException.pas"/>
		<DCCReference Include="..\..\Source\Services\S3\Base\Model\AWS.S3.Model.ObjectIdentifier.pas"/>
		<DCCReference Include="..\..\Source\Services\S3\Base\Model\AWS.S3.Model.ObjectLockConfiguration.pas"/>
		<DCCReference Include="..\..\Source\Services\S3\Base\Model\AWS.S3.Model.ObjectLockLegalHold.pas"/>
		<DCCReference Include="..\..\Source\Services\S3\Base\Model\AWS.S3.Model.ObjectLockRetention.pas"/>
		<DCCReference Include="..\..\Source\Services\S3\Base\Model\AWS.S3.Model.ObjectLockRule.pas"/>
		<DCCReference Include="..\..\Source\Services\S3\Base\Model\AWS.S3.Model.ObjectNotInActiveTierErrorException.pas"/>
		<DCCReference Include="..\..\Source\Services\S3\Base\Model\AWS.S3.Model.ObjectTypes.pas"/>
		<DCCReference Include="..\..\Source\Services\S3\Base\Model\AWS.S3.Model.ObjectVersion.pas"/>
		<DCCReference Include="..\..\Source\Services\S3\Base\Model\AWS.S3.Model.OutputSerialization.pas"/>
		<DCCReference Include="..\..\Source\Services\S3\Base\Model\AWS.S3.Model.Owner.pas"/>
		<DCCReference Include="..\..\Source\Services\S3\Base\Model\AWS.S3.Model.OwnershipControls.pas"/>
		<DCCReference Include="..\..\Source\Services\S3\Base\Model\AWS.S3.Model.OwnershipControlsRule.pas"/>
		<DCCReference Include="..\..\Source\Services\S3\Base\Model\AWS.S3.Model.ParquetInput.pas"/>
		<DCCReference Include="..\..\Source\Services\S3\Base\Model\AWS.S3.Model.Part.pas"/>
		<DCCReference Include="..\..\Source\Services\S3\Base\Model\AWS.S3.Model.PolicyStatus.pas"/>
		<DCCReference Include="..\..\Source\Services\S3\Base\Model\AWS.S3.Model.Progress.pas"/>
		<DCCReference Include="..\..\Source\Services\S3\Base\Model\AWS.S3.Model.ProgressEvent.pas"/>
		<DCCReference Include="..\..\Source\Services\S3\Base\Model\AWS.S3.Model.PublicAccessBlockConfiguration.pas"/>
		<DCCReference Include="..\..\Source\Services\S3\Base\Model\AWS.S3.Model.PutACLRequest.pas"/>
		<DCCReference Include="..\..\Source\Services\S3\Base\Model\AWS.S3.Model.PutACLResponse.pas"/>
		<DCCReference Include="..\..\Source\Services\S3\Base\Model\AWS.S3.Model.PutBucketAccelerateConfigurationRequest.pas"/>
		<DCCReference Include="..\..\Source\Services\S3\Base\Model\AWS.S3.Model.PutBucketAccelerateConfigurationResponse.pas"/>
		<DCCReference Include="..\..\Source\Services\S3\Base\Model\AWS.S3.Model.PutBucketAnalyticsConfigurationRequest.pas"/>
		<DCCReference Include="..\..\Source\Services\S3\Base\Model\AWS.S3.Model.PutBucketAnalyticsConfigurationResponse.pas"/>
		<DCCReference Include="..\..\Source\Services\S3\Base\Model\AWS.S3.Model.PutBucketEncryptionRequest.pas"/>
		<DCCReference Include="..\..\Source\Services\S3\Base\Model\AWS.S3.Model.PutBucketEncryptionResponse.pas"/>
		<DCCReference Include="..\..\Source\Services\S3\Base\Model\AWS.S3.Model.PutBucketIntelligentTieringConfigurationRequest.pas"/>
		<DCCReference Include="..\..\Source\Services\S3\Base\Model\AWS.S3.Model.PutBucketIntelligentTieringConfigurationResponse.pas"/>
		<DCCReference Include="..\..\Source\Services\S3\Base\Model\AWS.S3.Model.PutBucketInventoryConfigurationRequest.pas"/>
		<DCCReference Include="..\..\Source\Services\S3\Base\Model\AWS.S3.Model.PutBucketInventoryConfigurationResponse.pas"/>
		<DCCReference Include="..\..\Source\Services\S3\Base\Model\AWS.S3.Model.PutBucketLoggingRequest.pas"/>
		<DCCReference Include="..\..\Source\Services\S3\Base\Model\AWS.S3.Model.PutBucketLoggingResponse.pas"/>
		<DCCReference Include="..\..\Source\Services\S3\Base\Model\AWS.S3.Model.PutBucketMetricsConfigurationRequest.pas"/>
		<DCCReference Include="..\..\Source\Services\S3\Base\Model\AWS.S3.Model.PutBucketMetricsConfigurationResponse.pas"/>
		<DCCReference Include="..\..\Source\Services\S3\Base\Model\AWS.S3.Model.PutBucketOwnershipControlsRequest.pas"/>
		<DCCReference Include="..\..\Source\Services\S3\Base\Model\AWS.S3.Model.PutBucketOwnershipControlsResponse.pas"/>
		<DCCReference Include="..\..\Source\Services\S3\Base\Model\AWS.S3.Model.PutBucketPolicyRequest.pas"/>
		<DCCReference Include="..\..\Source\Services\S3\Base\Model\AWS.S3.Model.PutBucketPolicyResponse.pas"/>
		<DCCReference Include="..\..\Source\Services\S3\Base\Model\AWS.S3.Model.PutBucketReplicationRequest.pas"/>
		<DCCReference Include="..\..\Source\Services\S3\Base\Model\AWS.S3.Model.PutBucketReplicationResponse.pas"/>
		<DCCReference Include="..\..\Source\Services\S3\Base\Model\AWS.S3.Model.PutBucketRequest.pas"/>
		<DCCReference Include="..\..\Source\Services\S3\Base\Model\AWS.S3.Model.PutBucketRequestPaymentRequest.pas"/>
		<DCCReference Include="..\..\Source\Services\S3\Base\Model\AWS.S3.Model.PutBucketRequestPaymentResponse.pas"/>
		<DCCReference Include="..\..\Source\Services\S3\Base\Model\AWS.S3.Model.PutBucketResponse.pas"/>
		<DCCReference Include="..\..\Source\Services\S3\Base\Model\AWS.S3.Model.PutBucketTaggingRequest.pas"/>
		<DCCReference Include="..\..\Source\Services\S3\Base\Model\AWS.S3.Model.PutBucketTaggingResponse.pas"/>
		<DCCReference Include="..\..\Source\Services\S3\Base\Model\AWS.S3.Model.PutBucketVersioningRequest.pas"/>
		<DCCReference Include="..\..\Source\Services\S3\Base\Model\AWS.S3.Model.PutBucketVersioningResponse.pas"/>
		<DCCReference Include="..\..\Source\Services\S3\Base\Model\AWS.S3.Model.PutBucketWebsiteRequest.pas"/>
		<DCCReference Include="..\..\Source\Services\S3\Base\Model\AWS.S3.Model.PutBucketWebsiteResponse.pas"/>
		<DCCReference Include="..\..\Source\Services\S3\Base\Model\AWS.S3.Model.PutCORSConfigurationRequest.pas"/>
		<DCCReference Include="..\..\Source\Services\S3\Base\Model\AWS.S3.Model.PutCORSConfigurationResponse.pas"/>
		<DCCReference Include="..\..\Source\Services\S3\Base\Model\AWS.S3.Model.PutLifecycleConfigurationRequest.pas"/>
		<DCCReference Include="..\..\Source\Services\S3\Base\Model\AWS.S3.Model.PutLifecycleConfigurationResponse.pas"/>
		<DCCReference Include="..\..\Source\Services\S3\Base\Model\AWS.S3.Model.PutObjectLegalHoldRequest.pas"/>
		<DCCReference Include="..\..\Source\Services\S3\Base\Model\AWS.S3.Model.PutObjectLegalHoldResponse.pas"/>
		<DCCReference Include="..\..\Source\Services\S3\Base\Model\AWS.S3.Model.PutObjectLockConfigurationRequest.pas"/>
		<DCCReference Include="..\..\Source\Services\S3\Base\Model\AWS.S3.Model.PutObjectLockConfigurationResponse.pas"/>
		<DCCReference Include="..\..\Source\Services\S3\Base\Model\AWS.S3.Model.PutObjectRequest.pas"/>
		<DCCReference Include="..\..\Source\Services\S3\Base\Model\AWS.S3.Model.PutObjectResponse.pas"/>
		<DCCReference Include="..\..\Source\Services\S3\Base\Model\AWS.S3.Model.PutObjectRetentionRequest.pas"/>
		<DCCReference Include="..\..\Source\Services\S3\Base\Model\AWS.S3.Model.PutObjectRetentionResponse.pas"/>
		<DCCReference Include="..\..\Source\Services\S3\Base\Model\AWS.S3.Model.PutObjectTaggingRequest.pas"/>
		<DCCReference Include="..\..\Source\Services\S3\Base\Model\AWS.S3.Model.PutObjectTaggingResponse.pas"/>
		<DCCReference Include="..\..\Source\Services\S3\Base\Model\AWS.S3.Model.PutPublicAccessBlockRequest.pas"/>
		<DCCReference Include="..\..\Source\Services\S3\Base\Model\AWS.S3.Model.PutPublicAccessBlockResponse.pas"/>
		<DCCReference Include="..\..\Source\Services\S3\Base\Model\AWS.S3.Model.RecordsEvent.pas"/>
		<DCCReference Include="..\..\Source\Services\S3\Base\Model\AWS.S3.Model.Redirect.pas"/>
		<DCCReference Include="..\..\Source\Services\S3\Base\Model\AWS.S3.Model.RedirectAllRequestsTo.pas"/>
		<DCCReference Include="..\..\Source\Services\S3\Base\Model\AWS.S3.Model.ReplicaModifications.pas"/>
		<DCCReference Include="..\..\Source\Services\S3\Base\Model\AWS.S3.Model.ReplicationConfiguration.pas"/>
		<DCCReference Include="..\..\Source\Services\S3\Base\Model\AWS.S3.Model.ReplicationRule.pas"/>
		<DCCReference Include="..\..\Source\Services\S3\Base\Model\AWS.S3.Model.ReplicationRuleAndOperator.pas"/>
		<DCCReference Include="..\..\Source\Services\S3\Base\Model\AWS.S3.Model.ReplicationRuleFilter.pas"/>
		<DCCReference Include="..\..\Source\Services\S3\Base\Model\AWS.S3.Model.ReplicationTime.pas"/>
		<DCCReference Include="..\..\Source\Services\S3\Base\Model\AWS.S3.Model.ReplicationTimeValue.pas"/>
		<DCCReference Include="..\..\Source\Services\S3\Base\Model\AWS.S3.Model.Request.pas"/>
		<DCCReference Include="..\..\Source\Services\S3\Base\Model\AWS.S3.Model.RequestPaymentConfiguration.pas"/>
		<DCCReference Include="..\..\Source\Services\S3\Base\Model\AWS.S3.Model.RequestProgress.pas"/>
		<DCCReference Include="..\..\Source\Services\S3\Base\Model\AWS.S3.Model.RestoreObjectRequest.pas"/>
		<DCCReference Include="..\..\Source\Services\S3\Base\Model\AWS.S3.Model.RestoreObjectResponse.pas"/>
		<DCCReference Include="..\..\Source\Services\S3\Base\Model\AWS.S3.Model.RoutingRule.pas"/>
		<DCCReference Include="..\..\Source\Services\S3\Base\Model\AWS.S3.Model.Rule.pas"/>
		<DCCReference Include="..\..\Source\Services\S3\Base\Model\AWS.S3.Model.SSEKMS.pas"/>
		<DCCReference Include="..\..\Source\Services\S3\Base\Model\AWS.S3.Model.SSES3.pas"/>
		<DCCReference Include="..\..\Source\Services\S3\Base\Model\AWS.S3.Model.ScanRange.pas"/>
		<DCCReference Include="..\..\Source\Services\S3\Base\Model\AWS.S3.Model.SelectObjectContentEventStream.pas"/>
		<DCCReference Include="..\..\Source\Services\S3\Base\Model\AWS.S3.Model.SelectObjectContentRequest.pas"/>
		<DCCReference Include="..\..\Source\Services\S3\Base\Model\AWS.S3.Model.SelectObjectContentResponse.pas"/>
		<DCCReference Include="..\..\Source\Services\S3\Base\Model\AWS.S3.Model.ServerSideEncryptionByDefault.pas"/>
		<DCCReference Include="..\..\Source\Services\S3\Base\Model\AWS.S3.Model.ServerSideEncryptionConfiguration.pas"/>
		<DCCReference Include="..\..\Source\Services\S3\Base\Model\AWS.S3.Model.ServerSideEncryptionRule.pas"/>
		<DCCReference Include="..\..\Source\Services\S3\Base\Model\AWS.S3.Model.SourceSelectionCriteria.pas"/>
		<DCCReference Include="..\..\Source\Services\S3\Base\Model\AWS.S3.Model.SseKmsEncryptedObjects.pas"/>
		<DCCReference Include="..\..\Source\Services\S3\Base\Model\AWS.S3.Model.Stats.pas"/>
		<DCCReference Include="..\..\Source\Services\S3\Base\Model\AWS.S3.Model.StatsEvent.pas"/>
		<DCCReference Include="..\..\Source\Services\S3\Base\Model\AWS.S3.Model.StorageClassAnalysis.pas"/>
		<DCCReference Include="..\..\Source\Services\S3\Base\Model\AWS.S3.Model.StorageClassAnalysisDataExport.pas"/>
		<DCCReference Include="..\..\Source\Services\S3\Base\Model\AWS.S3.Model.Tag.pas"/>
		<DCCReference Include="..\..\Source\Services\S3\Base\Model\AWS.S3.Model.Tagging.pas"/>
		<DCCReference Include="..\..\Source\Services\S3\Base\Model\AWS.S3.Model.TargetGrant.pas"/>
		<DCCReference Include="..\..\Source\Services\S3\Base\Model\AWS.S3.Model.Tiering.pas"/>
		<DCCReference Include="..\..\Source\Services\S3\Base\Model\AWS.S3.Model.Transition.pas"/>
		<DCCReference Include="..\..\Source\Services\S3\Base\Model\AWS.S3.Model.UploadPartRequest.pas"/>
		<DCCReference Include="..\..\Source\Services\S3\Base\Model\AWS.S3.Model.UploadPartResponse.pas"/>
		<DCCReference Include="..\..\Source\Services\S3\Base\Model\AWS.S3.Model.VersioningConfiguration.pas"/>
		<DCCReference Include="..\..\Source\Services\S3\Base\Model\AWS.S3.Model.WebsiteConfiguration.pas"/>
		<DCCReference Include="..\..\Source\Services\S3\Base\Model\AWS.S3.Model.WriteGetObjectResponseRequest.pas"/>
		<DCCReference Include="..\..\Source\Services\S3\Base\Model\AWS.S3.Model.WriteGetObjectResponseResponse.pas"/>
		<DCCReference Include="..\..\Source\Services\S3\Base\Transform\AWS.S3.Transform.AbortIncompleteMultipartUploadUnmarshaller.pas"/>
		<DCCReference Include="..\..\Source\Services\S3\Base\Transform\AWS.S3.Transform.AbortMultipartUploadRequestMarshaller.pas"/>
		<DCCReference Include="..\..\Source\Services\S3\Base\Transform\AWS.S3.Transform.AbortMultipartUploadResponseUnmarshaller.pas"/>
		<DCCReference Include="..\..\Source\Services\S3\Base\Transform\AWS.S3.Transform.AccessControlTranslationUnmarshaller.pas"/>
		<DCCReference Include="..\..\Source\Services\S3\Base\Transform\AWS.S3.Transform.AnalyticsAndOperatorUnmarshaller.pas"/>
		<DCCReference Include="..\..\Source\Services\S3\Base\Transform\AWS.S3.Transform.AnalyticsConfigurationUnmarshaller.pas"/>
		<DCCReference Include="..\..\Source\Services\S3\Base\Transform\AWS.S3.Transform.AnalyticsExportDestinationUnmarshaller.pas"/>
		<DCCReference Include="..\..\Source\Services\S3\Base\Transform\AWS.S3.Transform.AnalyticsFilterUnmarshaller.pas"/>
		<DCCReference Include="..\..\Source\Services\S3\Base\Transform\AWS.S3.Transform.AnalyticsS3BucketDestinationUnmarshaller.pas"/>
		<DCCReference Include="..\..\Source\Services\S3\Base\Transform\AWS.S3.Transform.BucketAlreadyExistsExceptionUnmarshaller.pas"/>
		<DCCReference Include="..\..\Source\Services\S3\Base\Transform\AWS.S3.Transform.BucketAlreadyOwnedByYouExceptionUnmarshaller.pas"/>
		<DCCReference Include="..\..\Source\Services\S3\Base\Transform\AWS.S3.Transform.BucketUnmarshaller.pas"/>
		<DCCReference Include="..\..\Source\Services\S3\Base\Transform\AWS.S3.Transform.CORSRuleUnmarshaller.pas"/>
		<DCCReference Include="..\..\Source\Services\S3\Base\Transform\AWS.S3.Transform.CommonPrefixUnmarshaller.pas"/>
		<DCCReference Include="..\..\Source\Services\S3\Base\Transform\AWS.S3.Transform.CompleteMultipartUploadRequestMarshaller.pas"/>
		<DCCReference Include="..\..\Source\Services\S3\Base\Transform\AWS.S3.Transform.CompleteMultipartUploadResponseUnmarshaller.pas"/>
		<DCCReference Include="..\..\Source\Services\S3\Base\Transform\AWS.S3.Transform.ConditionUnmarshaller.pas"/>
		<DCCReference Include="..\..\Source\Services\S3\Base\Transform\AWS.S3.Transform.ContinuationEventUnmarshaller.pas"/>
		<DCCReference Include="..\..\Source\Services\S3\Base\Transform\AWS.S3.Transform.CopyObjectRequestMarshaller.pas"/>
		<DCCReference Include="..\..\Source\Services\S3\Base\Transform\AWS.S3.Transform.CopyObjectResponseUnmarshaller.pas"/>
		<DCCReference Include="..\..\Source\Services\S3\Base\Transform\AWS.S3.Transform.CopyObjectResultUnmarshaller.pas"/>
		<DCCReference Include="..\..\Source\Services\S3\Base\Transform\AWS.S3.Transform.CopyPartRequestMarshaller.pas"/>
		<DCCReference Include="..\..\Source\Services\S3\Base\Transform\AWS.S3.Transform.CopyPartResponseUnmarshaller.pas"/>
		<DCCReference Include="..\..\Source\Services\S3\Base\Transform\AWS.S3.Transform.CopyPartResultUnmarshaller.pas"/>
		<DCCReference Include="..\..\Source\Services\S3\Base\Transform\AWS.S3.Transform.DefaultRetentionUnmarshaller.pas"/>
		<DCCReference Include="..\..\Source\Services\S3\Base\Transform\AWS.S3.Transform.DeleteBucketAnalyticsConfigurationRequestMarshaller.pas"/>
		<DCCReference Include="..\..\Source\Services\S3\Base\Transform\AWS.S3.Transform.DeleteBucketAnalyticsConfigurationResponseUnmarshaller.pas"/>
		<DCCReference Include="..\..\Source\Services\S3\Base\Transform\AWS.S3.Transform.DeleteBucketEncryptionRequestMarshaller.pas"/>
		<DCCReference Include="..\..\Source\Services\S3\Base\Transform\AWS.S3.Transform.DeleteBucketEncryptionResponseUnmarshaller.pas"/>
		<DCCReference Include="..\..\Source\Services\S3\Base\Transform\AWS.S3.Transform.DeleteBucketIntelligentTieringConfigurationRequestMarshaller.pas"/>
		<DCCReference Include="..\..\Source\Services\S3\Base\Transform\AWS.S3.Transform.DeleteBucketIntelligentTieringConfigurationResponseUnmarshaller.pas"/>
		<DCCReference Include="..\..\Source\Services\S3\Base\Transform\AWS.S3.Transform.DeleteBucketInventoryConfigurationRequestMarshaller.pas"/>
		<DCCReference Include="..\..\Source\Services\S3\Base\Transform\AWS.S3.Transform.DeleteBucketInventoryConfigurationResponseUnmarshaller.pas"/>
		<DCCReference Include="..\..\Source\Services\S3\Base\Transform\AWS.S3.Transform.DeleteBucketMetricsConfigurationRequestMarshaller.pas"/>
		<DCCReference Include="..\..\Source\Services\S3\Base\Transform\AWS.S3.Transform.DeleteBucketMetricsConfigurationResponseUnmarshaller.pas"/>
		<DCCReference Include="..\..\Source\Services\S3\Base\Transform\AWS.S3.Transform.DeleteBucketOwnershipControlsRequestMarshaller.pas"/>
		<DCCReference Include="..\..\Source\Services\S3\Base\Transform\AWS.S3.Transform.DeleteBucketOwnershipControlsResponseUnmarshaller.pas"/>
		<DCCReference Include="..\..\Source\Services\S3\Base\Transform\AWS.S3.Transform.DeleteBucketPolicyRequestMarshaller.pas"/>
		<DCCReference Include="..\..\Source\Services\S3\Base\Transform\AWS.S3.Transform.DeleteBucketPolicyResponseUnmarshaller.pas"/>
		<DCCReference Include="..\..\Source\Services\S3\Base\Transform\AWS.S3.Transform.DeleteBucketReplicationRequestMarshaller.pas"/>
		<DCCReference Include="..\..\Source\Services\S3\Base\Transform\AWS.S3.Transform.DeleteBucketReplicationResponseUnmarshaller.pas"/>
		<DCCReference Include="..\..\Source\Services\S3\Base\Transform\AWS.S3.Transform.DeleteBucketRequestMarshaller.pas"/>
		<DCCReference Include="..\..\Source\Services\S3\Base\Transform\AWS.S3.Transform.DeleteBucketResponseUnmarshaller.pas"/>
		<DCCReference Include="..\..\Source\Services\S3\Base\Transform\AWS.S3.Transform.DeleteBucketTaggingRequestMarshaller.pas"/>
		<DCCReference Include="..\..\Source\Services\S3\Base\Transform\AWS.S3.Transform.DeleteBucketTaggingResponseUnmarshaller.pas"/>
		<DCCReference Include="..\..\Source\Services\S3\Base\Transform\AWS.S3.Transform.DeleteBucketWebsiteRequestMarshaller.pas"/>
		<DCCReference Include="..\..\Source\Services\S3\Base\Transform\AWS.S3.Transform.DeleteBucketWebsiteResponseUnmarshaller.pas"/>
		<DCCReference Include="..\..\Source\Services\S3\Base\Transform\AWS.S3.Transform.DeleteCORSConfigurationRequestMarshaller.pas"/>
		<DCCReference Include="..\..\Source\Services\S3\Base\Transform\AWS.S3.Transform.DeleteCORSConfigurationResponseUnmarshaller.pas"/>
		<DCCReference Include="..\..\Source\Services\S3\Base\Transform\AWS.S3.Transform.DeleteLifecycleConfigurationRequestMarshaller.pas"/>
		<DCCReference Include="..\..\Source\Services\S3\Base\Transform\AWS.S3.Transform.DeleteLifecycleConfigurationResponseUnmarshaller.pas"/>
		<DCCReference Include="..\..\Source\Services\S3\Base\Transform\AWS.S3.Transform.DeleteMarkerEntryUnmarshaller.pas"/>
		<DCCReference Include="..\..\Source\Services\S3\Base\Transform\AWS.S3.Transform.DeleteMarkerReplicationUnmarshaller.pas"/>
		<DCCReference Include="..\..\Source\Services\S3\Base\Transform\AWS.S3.Transform.DeleteObjectRequestMarshaller.pas"/>
		<DCCReference Include="..\..\Source\Services\S3\Base\Transform\AWS.S3.Transform.DeleteObjectResponseUnmarshaller.pas"/>
		<DCCReference Include="..\..\Source\Services\S3\Base\Transform\AWS.S3.Transform.DeleteObjectTaggingRequestMarshaller.pas"/>
		<DCCReference Include="..\..\Source\Services\S3\Base\Transform\AWS.S3.Transform.DeleteObjectTaggingResponseUnmarshaller.pas"/>
		<DCCReference Include="..\..\Source\Services\S3\Base\Transform\AWS.S3.Transform.DeleteObjectsRequestMarshaller.pas"/>
		<DCCReference Include="..\..\Source\Services\S3\Base\Transform\AWS.S3.Transform.DeleteObjectsResponseUnmarshaller.pas"/>
		<DCCReference Include="..\..\Source\Services\S3\Base\Transform\AWS.S3.Transform.DeletePublicAccessBlockRequestMarshaller.pas"/>
		<DCCReference Include="..\..\Source\Services\S3\Base\Transform\AWS.S3.Transform.DeletePublicAccessBlockResponseUnmarshaller.pas"/>
		<DCCReference Include="..\..\Source\Services\S3\Base\Transform\AWS.S3.Transform.DeletedObjectUnmarshaller.pas"/>
		<DCCReference Include="..\..\Source\Services\S3\Base\Transform\AWS.S3.Transform.DestinationUnmarshaller.pas"/>
		<DCCReference Include="..\..\Source\Services\S3\Base\Transform\AWS.S3.Transform.EncryptionConfigurationUnmarshaller.pas"/>
		<DCCReference Include="..\..\Source\Services\S3\Base\Transform\AWS.S3.Transform.EndEventUnmarshaller.pas"/>
		<DCCReference Include="..\..\Source\Services\S3\Base\Transform\AWS.S3.Transform.ErrorDocumentUnmarshaller.pas"/>
		<DCCReference Include="..\..\Source\Services\S3\Base\Transform\AWS.S3.Transform.ErrorUnmarshaller.pas"/>
		<DCCReference Include="..\..\Source\Services\S3\Base\Transform\AWS.S3.Transform.ExistingObjectReplicationUnmarshaller.pas"/>
		<DCCReference Include="..\..\Source\Services\S3\Base\Transform\AWS.S3.Transform.GetACLRequestMarshaller.pas"/>
		<DCCReference Include="..\..\Source\Services\S3\Base\Transform\AWS.S3.Transform.GetACLResponseUnmarshaller.pas"/>
		<DCCReference Include="..\..\Source\Services\S3\Base\Transform\AWS.S3.Transform.GetBucketAccelerateConfigurationRequestMarshaller.pas"/>
		<DCCReference Include="..\..\Source\Services\S3\Base\Transform\AWS.S3.Transform.GetBucketAccelerateConfigurationResponseUnmarshaller.pas"/>
		<DCCReference Include="..\..\Source\Services\S3\Base\Transform\AWS.S3.Transform.GetBucketAnalyticsConfigurationRequestMarshaller.pas"/>
		<DCCReference Include="..\..\Source\Services\S3\Base\Transform\AWS.S3.Transform.GetBucketAnalyticsConfigurationResponseUnmarshaller.pas"/>
		<DCCReference Include="..\..\Source\Services\S3\Base\Transform\AWS.S3.Transform.GetBucketEncryptionRequestMarshaller.pas"/>
		<DCCReference Include="..\..\Source\Services\S3\Base\Transform\AWS.S3.Transform.GetBucketEncryptionResponseUnmarshaller.pas"/>
		<DCCReference Include="..\..\Source\Services\S3\Base\Transform\AWS.S3.Transform.GetBucketIntelligentTieringConfigurationRequestMarshaller.pas"/>
		<DCCReference Include="..\..\Source\Services\S3\Base\Transform\AWS.S3.Transform.GetBucketIntelligentTieringConfigurationResponseUnmarshaller.pas"/>
		<DCCReference Include="..\..\Source\Services\S3\Base\Transform\AWS.S3.Transform.GetBucketInventoryConfigurationRequestMarshaller.pas"/>
		<DCCReference Include="..\..\Source\Services\S3\Base\Transform\AWS.S3.Transform.GetBucketInventoryConfigurationResponseUnmarshaller.pas"/>
		<DCCReference Include="..\..\Source\Services\S3\Base\Transform\AWS.S3.Transform.GetBucketLocationRequestMarshaller.pas"/>
		<DCCReference Include="..\..\Source\Services\S3\Base\Transform\AWS.S3.Transform.GetBucketLocationResponseUnmarshaller.pas"/>
		<DCCReference Include="..\..\Source\Services\S3\Base\Transform\AWS.S3.Transform.GetBucketLoggingRequestMarshaller.pas"/>
		<DCCReference Include="..\..\Source\Services\S3\Base\Transform\AWS.S3.Transform.GetBucketLoggingResponseUnmarshaller.pas"/>
		<DCCReference Include="..\..\Source\Services\S3\Base\Transform\AWS.S3.Transform.GetBucketMetricsConfigurationRequestMarshaller.pas"/>
		<DCCReference Include="..\..\Source\Services\S3\Base\Transform\AWS.S3.Transform.GetBucketMetricsConfigurationResponseUnmarshaller.pas"/>
		<DCCReference Include="..\..\Source\Services\S3\Base\Transform\AWS.S3.Transform.GetBucketOwnershipControlsRequestMarshaller.pas"/>
		<DCCReference Include="..\..\Source\Services\S3\Base\Transform\AWS.S3.Transform.GetBucketOwnershipControlsResponseUnmarshaller.pas"/>
		<DCCReference Include="..\..\Source\Services\S3\Base\Transform\AWS.S3.Transform.GetBucketPolicyRequestMarshaller.pas"/>
		<DCCReference Include="..\..\Source\Services\S3\Base\Transform\AWS.S3.Transform.GetBucketPolicyResponseUnmarshaller.pas"/>
		<DCCReference Include="..\..\Source\Services\S3\Base\Transform\AWS.S3.Transform.GetBucketPolicyStatusRequestMarshaller.pas"/>
		<DCCReference Include="..\..\Source\Services\S3\Base\Transform\AWS.S3.Transform.GetBucketPolicyStatusResponseUnmarshaller.pas"/>
		<DCCReference Include="..\..\Source\Services\S3\Base\Transform\AWS.S3.Transform.GetBucketReplicationRequestMarshaller.pas"/>
		<DCCReference Include="..\..\Source\Services\S3\Base\Transform\AWS.S3.Transform.GetBucketReplicationResponseUnmarshaller.pas"/>
		<DCCReference Include="..\..\Source\Services\S3\Base\Transform\AWS.S3.Transform.GetBucketRequestPaymentRequestMarshaller.pas"/>
		<DCCReference Include="..\..\Source\Services\S3\Base\Transform\AWS.S3.Transform.GetBucketRequestPaymentResponseUnmarshaller.pas"/>
		<DCCReference Include="..\..\Source\Services\S3\Base\Transform\AWS.S3.Transform.GetBucketTaggingRequestMarshaller.pas"/>
		<DCCReference Include="..\..\Source\Services\S3\Base\Transform\AWS.S3.Transform.GetBucketTaggingResponseUnmarshaller.pas"/>
		<DCCReference Include="..\..\Source\Services\S3\Base\Transform\AWS.S3.Transform.GetBucketVersioningRequestMarshaller.pas"/>
		<DCCReference Include="..\..\Source\Services\S3\Base\Transform\AWS.S3.Transform.GetBucketVersioningResponseUnmarshaller.pas"/>
		<DCCReference Include="..\..\Source\Services\S3\Base\Transform\AWS.S3.Transform.GetBucketWebsiteRequestMarshaller.pas"/>
		<DCCReference Include="..\..\Source\Services\S3\Base\Transform\AWS.S3.Transform.GetBucketWebsiteResponseUnmarshaller.pas"/>
		<DCCReference Include="..\..\Source\Services\S3\Base\Transform\AWS.S3.Transform.GetCORSConfigurationRequestMarshaller.pas"/>
		<DCCReference Include="..\..\Source\Services\S3\Base\Transform\AWS.S3.Transform.GetCORSConfigurationResponseUnmarshaller.pas"/>
		<DCCReference Include="..\..\Source\Services\S3\Base\Transform\AWS.S3.Transform.GetLifecycleConfigurationRequestMarshaller.pas"/>
		<DCCReference Include="..\..\Source\Services\S3\Base\Transform\AWS.S3.Transform.GetLifecycleConfigurationResponseUnmarshaller.pas"/>
		<DCCReference Include="..\..\Source\Services\S3\Base\Transform\AWS.S3.Transform.GetObjectLegalHoldRequestMarshaller.pas"/>
		<DCCReference Include="..\..\Source\Services\S3\Base\Transform\AWS.S3.Transform.GetObjectLegalHoldResponseUnmarshaller.pas"/>
		<DCCReference Include="..\..\Source\Services\S3\Base\Transform\AWS.S3.Transform.GetObjectLockConfigurationRequestMarshaller.pas"/>
		<DCCReference Include="..\..\Source\Services\S3\Base\Transform\AWS.S3.Transform.GetObjectLockConfigurationResponseUnmarshaller.pas"/>
		<DCCReference Include="..\..\Source\Services\S3\Base\Transform\AWS.S3.Transform.GetObjectMetadataRequestMarshaller.pas"/>
		<DCCReference Include="..\..\Source\Services\S3\Base\Transform\AWS.S3.Transform.GetObjectMetadataResponseUnmarshaller.pas"/>
		<DCCReference Include="..\..\Source\Services\S3\Base\Transform\AWS.S3.Transform.GetObjectRequestMarshaller.pas"/>
		<DCCReference Include="..\..\Source\Services\S3\Base\Transform\AWS.S3.Transform.GetObjectResponseUnmarshaller.pas"/>
		<DCCReference Include="..\..\Source\Services\S3\Base\Transform\AWS.S3.Transform.GetObjectRetentionRequestMarshaller.pas"/>
		<DCCReference Include="..\..\Source\Services\S3\Base\Transform\AWS.S3.Transform.GetObjectRetentionResponseUnmarshaller.pas"/>
		<DCCReference Include="..\..\Source\Services\S3\Base\Transform\AWS.S3.Transform.GetObjectTaggingRequestMarshaller.pas"/>
		<DCCReference Include="..\..\Source\Services\S3\Base\Transform\AWS.S3.Transform.GetObjectTaggingResponseUnmarshaller.pas"/>
		<DCCReference Include="..\..\Source\Services\S3\Base\Transform\AWS.S3.Transform.GetObjectTorrentRequestMarshaller.pas"/>
		<DCCReference Include="..\..\Source\Services\S3\Base\Transform\AWS.S3.Transform.GetObjectTorrentResponseUnmarshaller.pas"/>
		<DCCReference Include="..\..\Source\Services\S3\Base\Transform\AWS.S3.Transform.GetPublicAccessBlockRequestMarshaller.pas"/>
		<DCCReference Include="..\..\Source\Services\S3\Base\Transform\AWS.S3.Transform.GetPublicAccessBlockResponseUnmarshaller.pas"/>
		<DCCReference Include="..\..\Source\Services\S3\Base\Transform\AWS.S3.Transform.GrantUnmarshaller.pas"/>
		<DCCReference Include="..\..\Source\Services\S3\Base\Transform\AWS.S3.Transform.GranteeUnmarshaller.pas"/>
		<DCCReference Include="..\..\Source\Services\S3\Base\Transform\AWS.S3.Transform.HeadBucketRequestMarshaller.pas"/>
		<DCCReference Include="..\..\Source\Services\S3\Base\Transform\AWS.S3.Transform.HeadBucketResponseUnmarshaller.pas"/>
		<DCCReference Include="..\..\Source\Services\S3\Base\Transform\AWS.S3.Transform.IndexDocumentUnmarshaller.pas"/>
		<DCCReference Include="..\..\Source\Services\S3\Base\Transform\AWS.S3.Transform.InitiateMultipartUploadRequestMarshaller.pas"/>
		<DCCReference Include="..\..\Source\Services\S3\Base\Transform\AWS.S3.Transform.InitiateMultipartUploadResponseUnmarshaller.pas"/>
		<DCCReference Include="..\..\Source\Services\S3\Base\Transform\AWS.S3.Transform.InitiatorUnmarshaller.pas"/>
		<DCCReference Include="..\..\Source\Services\S3\Base\Transform\AWS.S3.Transform.IntelligentTieringAndOperatorUnmarshaller.pas"/>
		<DCCReference Include="..\..\Source\Services\S3\Base\Transform\AWS.S3.Transform.IntelligentTieringConfigurationUnmarshaller.pas"/>
		<DCCReference Include="..\..\Source\Services\S3\Base\Transform\AWS.S3.Transform.IntelligentTieringFilterUnmarshaller.pas"/>
		<DCCReference Include="..\..\Source\Services\S3\Base\Transform\AWS.S3.Transform.InvalidObjectStateExceptionUnmarshaller.pas"/>
		<DCCReference Include="..\..\Source\Services\S3\Base\Transform\AWS.S3.Transform.InventoryConfigurationUnmarshaller.pas"/>
		<DCCReference Include="..\..\Source\Services\S3\Base\Transform\AWS.S3.Transform.InventoryDestinationUnmarshaller.pas"/>
		<DCCReference Include="..\..\Source\Services\S3\Base\Transform\AWS.S3.Transform.InventoryEncryptionUnmarshaller.pas"/>
		<DCCReference Include="..\..\Source\Services\S3\Base\Transform\AWS.S3.Transform.InventoryFilterUnmarshaller.pas"/>
		<DCCReference Include="..\..\Source\Services\S3\Base\Transform\AWS.S3.Transform.InventoryS3BucketDestinationUnmarshaller.pas"/>
		<DCCReference Include="..\..\Source\Services\S3\Base\Transform\AWS.S3.Transform.InventoryScheduleUnmarshaller.pas"/>
		<DCCReference Include="..\..\Source\Services\S3\Base\Transform\AWS.S3.Transform.LifecycleExpirationUnmarshaller.pas"/>
		<DCCReference Include="..\..\Source\Services\S3\Base\Transform\AWS.S3.Transform.LifecycleRuleAndOperatorUnmarshaller.pas"/>
		<DCCReference Include="..\..\Source\Services\S3\Base\Transform\AWS.S3.Transform.LifecycleRuleFilterUnmarshaller.pas"/>
		<DCCReference Include="..\..\Source\Services\S3\Base\Transform\AWS.S3.Transform.LifecycleRuleUnmarshaller.pas"/>
		<DCCReference Include="..\..\Source\Services\S3\Base\Transform\AWS.S3.Transform.ListBucketAnalyticsConfigurationsRequestMarshaller.pas"/>
		<DCCReference Include="..\..\Source\Services\S3\Base\Transform\AWS.S3.Transform.ListBucketAnalyticsConfigurationsResponseUnmarshaller.pas"/>
		<DCCReference Include="..\..\Source\Services\S3\Base\Transform\AWS.S3.Transform.ListBucketIntelligentTieringConfigurationsRequestMarshaller.pas"/>
		<DCCReference Include="..\..\Source\Services\S3\Base\Transform\AWS.S3.Transform.ListBucketIntelligentTieringConfigurationsResponseUnmarshaller.pas"/>
		<DCCReference Include="..\..\Source\Services\S3\Base\Transform\AWS.S3.Transform.ListBucketInventoryConfigurationsRequestMarshaller.pas"/>
		<DCCReference Include="..\..\Source\Services\S3\Base\Transform\AWS.S3.Transform.ListBucketInventoryConfigurationsResponseUnmarshaller.pas"/>
		<DCCReference Include="..\..\Source\Services\S3\Base\Transform\AWS.S3.Transform.ListBucketMetricsConfigurationsRequestMarshaller.pas"/>
		<DCCReference Include="..\..\Source\Services\S3\Base\Transform\AWS.S3.Transform.ListBucketMetricsConfigurationsResponseUnmarshaller.pas"/>
		<DCCReference Include="..\..\Source\Services\S3\Base\Transform\AWS.S3.Transform.ListBucketsRequestMarshaller.pas"/>
		<DCCReference Include="..\..\Source\Services\S3\Base\Transform\AWS.S3.Transform.ListBucketsResponseUnmarshaller.pas"/>
		<DCCReference Include="..\..\Source\Services\S3\Base\Transform\AWS.S3.Transform.ListMultipartUploadsRequestMarshaller.pas"/>
		<DCCReference Include="..\..\Source\Services\S3\Base\Transform\AWS.S3.Transform.ListMultipartUploadsResponseUnmarshaller.pas"/>
		<DCCReference Include="..\..\Source\Services\S3\Base\Transform\AWS.S3.Transform.ListObjectsRequestMarshaller.pas"/>
		<DCCReference Include="..\..\Source\Services\S3\Base\Transform\AWS.S3.Transform.ListObjectsResponseUnmarshaller.pas"/>
		<DCCReference Include="..\..\Source\Services\S3\Base\Transform\AWS.S3.Transform.ListObjectsV2RequestMarshaller.pas"/>
		<DCCReference Include="..\..\Source\Services\S3\Base\Transform\AWS.S3.Transform.ListObjectsV2ResponseUnmarshaller.pas"/>
		<DCCReference Include="..\..\Source\Services\S3\Base\Transform\AWS.S3.Transform.ListPartsRequestMarshaller.pas"/>
		<DCCReference Include="..\..\Source\Services\S3\Base\Transform\AWS.S3.Transform.ListPartsResponseUnmarshaller.pas"/>
		<DCCReference Include="..\..\Source\Services\S3\Base\Transform\AWS.S3.Transform.ListVersionsRequestMarshaller.pas"/>
		<DCCReference Include="..\..\Source\Services\S3\Base\Transform\AWS.S3.Transform.ListVersionsResponseUnmarshaller.pas"/>
		<DCCReference Include="..\..\Source\Services\S3\Base\Transform\AWS.S3.Transform.LoggingEnabledUnmarshaller.pas"/>
		<DCCReference Include="..\..\Source\Services\S3\Base\Transform\AWS.S3.Transform.MetricsAndOperatorUnmarshaller.pas"/>
		<DCCReference Include="..\..\Source\Services\S3\Base\Transform\AWS.S3.Transform.MetricsConfigurationUnmarshaller.pas"/>
		<DCCReference Include="..\..\Source\Services\S3\Base\Transform\AWS.S3.Transform.MetricsFilterUnmarshaller.pas"/>
		<DCCReference Include="..\..\Source\Services\S3\Base\Transform\AWS.S3.Transform.MetricsUnmarshaller.pas"/>
		<DCCReference Include="..\..\Source\Services\S3\Base\Transform\AWS.S3.Transform.MultipartUploadUnmarshaller.pas"/>
		<DCCReference Include="..\..\Source\Services\S3\Base\Transform\AWS.S3.Transform.NoSuchBucketExceptionUnmarshaller.pas"/>
		<DCCReference Include="..\..\Source\Services\S3\Base\Transform\AWS.S3.Transform.NoSuchKeyExceptionUnmarshaller.pas"/>
		<DCCReference Include="..\..\Source\Services\S3\Base\Transform\AWS.S3.Transform.NoSuchUploadExceptionUnmarshaller.pas"/>
		<DCCReference Include="..\..\Source\Services\S3\Base\Transform\AWS.S3.Transform.NoncurrentVersionExpirationUnmarshaller.pas"/>
		<DCCReference Include="..\..\Source\Services\S3\Base\Transform\AWS.S3.Transform.NoncurrentVersionTransitionUnmarshaller.pas"/>
		<DCCReference Include="..\..\Source\Services\S3\Base\Transform\AWS.S3.Transform.ObjectAlreadyInActiveTierErrorExceptionUnmarshaller.pas"/>
		<DCCReference Include="..\..\Source\Services\S3\Base\Transform\AWS.S3.Transform.ObjectLockConfigurationUnmarshaller.pas"/>
		<DCCReference Include="..\..\Source\Services\S3\Base\Transform\AWS.S3.Transform.ObjectLockLegalHoldUnmarshaller.pas"/>
		<DCCReference Include="..\..\Source\Services\S3\Base\Transform\AWS.S3.Transform.ObjectLockRetentionUnmarshaller.pas"/>
		<DCCReference Include="..\..\Source\Services\S3\Base\Transform\AWS.S3.Transform.ObjectLockRuleUnmarshaller.pas"/>
		<DCCReference Include="..\..\Source\Services\S3\Base\Transform\AWS.S3.Transform.ObjectNotInActiveTierErrorExceptionUnmarshaller.pas"/>
		<DCCReference Include="..\..\Source\Services\S3\Base\Transform\AWS.S3.Transform.ObjectUnmarshaller.pas"/>
		<DCCReference Include="..\..\Source\Services\S3\Base\Transform\AWS.S3.Transform.ObjectVersionUnmarshaller.pas"/>
		<DCCReference Include="..\..\Source\Services\S3\Base\Transform\AWS.S3.Transform.OwnerUnmarshaller.pas"/>
		<DCCReference Include="..\..\Source\Services\S3\Base\Transform\AWS.S3.Transform.OwnershipControlsRuleUnmarshaller.pas"/>
		<DCCReference Include="..\..\Source\Services\S3\Base\Transform\AWS.S3.Transform.OwnershipControlsUnmarshaller.pas"/>
		<DCCReference Include="..\..\Source\Services\S3\Base\Transform\AWS.S3.Transform.PartUnmarshaller.pas"/>
		<DCCReference Include="..\..\Source\Services\S3\Base\Transform\AWS.S3.Transform.PolicyStatusUnmarshaller.pas"/>
		<DCCReference Include="..\..\Source\Services\S3\Base\Transform\AWS.S3.Transform.ProgressEventUnmarshaller.pas"/>
		<DCCReference Include="..\..\Source\Services\S3\Base\Transform\AWS.S3.Transform.ProgressUnmarshaller.pas"/>
		<DCCReference Include="..\..\Source\Services\S3\Base\Transform\AWS.S3.Transform.PublicAccessBlockConfigurationUnmarshaller.pas"/>
		<DCCReference Include="..\..\Source\Services\S3\Base\Transform\AWS.S3.Transform.PutACLRequestMarshaller.pas"/>
		<DCCReference Include="..\..\Source\Services\S3\Base\Transform\AWS.S3.Transform.PutACLResponseUnmarshaller.pas"/>
		<DCCReference Include="..\..\Source\Services\S3\Base\Transform\AWS.S3.Transform.PutBucketAccelerateConfigurationRequestMarshaller.pas"/>
		<DCCReference Include="..\..\Source\Services\S3\Base\Transform\AWS.S3.Transform.PutBucketAccelerateConfigurationResponseUnmarshaller.pas"/>
		<DCCReference Include="..\..\Source\Services\S3\Base\Transform\AWS.S3.Transform.PutBucketAnalyticsConfigurationRequestMarshaller.pas"/>
		<DCCReference Include="..\..\Source\Services\S3\Base\Transform\AWS.S3.Transform.PutBucketAnalyticsConfigurationResponseUnmarshaller.pas"/>
		<DCCReference Include="..\..\Source\Services\S3\Base\Transform\AWS.S3.Transform.PutBucketEncryptionRequestMarshaller.pas"/>
		<DCCReference Include="..\..\Source\Services\S3\Base\Transform\AWS.S3.Transform.PutBucketEncryptionResponseUnmarshaller.pas"/>
		<DCCReference Include="..\..\Source\Services\S3\Base\Transform\AWS.S3.Transform.PutBucketIntelligentTieringConfigurationRequestMarshaller.pas"/>
		<DCCReference Include="..\..\Source\Services\S3\Base\Transform\AWS.S3.Transform.PutBucketIntelligentTieringConfigurationResponseUnmarshaller.pas"/>
		<DCCReference Include="..\..\Source\Services\S3\Base\Transform\AWS.S3.Transform.PutBucketInventoryConfigurationRequestMarshaller.pas"/>
		<DCCReference Include="..\..\Source\Services\S3\Base\Transform\AWS.S3.Transform.PutBucketInventoryConfigurationResponseUnmarshaller.pas"/>
		<DCCReference Include="..\..\Source\Services\S3\Base\Transform\AWS.S3.Transform.PutBucketLoggingRequestMarshaller.pas"/>
		<DCCReference Include="..\..\Source\Services\S3\Base\Transform\AWS.S3.Transform.PutBucketLoggingResponseUnmarshaller.pas"/>
		<DCCReference Include="..\..\Source\Services\S3\Base\Transform\AWS.S3.Transform.PutBucketMetricsConfigurationRequestMarshaller.pas"/>
		<DCCReference Include="..\..\Source\Services\S3\Base\Transform\AWS.S3.Transform.PutBucketMetricsConfigurationResponseUnmarshaller.pas"/>
		<DCCReference Include="..\..\Source\Services\S3\Base\Transform\AWS.S3.Transform.PutBucketOwnershipControlsRequestMarshaller.pas"/>
		<DCCReference Include="..\..\Source\Services\S3\Base\Transform\AWS.S3.Transform.PutBucketOwnershipControlsResponseUnmarshaller.pas"/>
		<DCCReference Include="..\..\Source\Services\S3\Base\Transform\AWS.S3.Transform.PutBucketPolicyRequestMarshaller.pas"/>
		<DCCReference Include="..\..\Source\Services\S3\Base\Transform\AWS.S3.Transform.PutBucketPolicyResponseUnmarshaller.pas"/>
		<DCCReference Include="..\..\Source\Services\S3\Base\Transform\AWS.S3.Transform.PutBucketReplicationRequestMarshaller.pas"/>
		<DCCReference Include="..\..\Source\Services\S3\Base\Transform\AWS.S3.Transform.PutBucketReplicationResponseUnmarshaller.pas"/>
		<DCCReference Include="..\..\Source\Services\S3\Base\Transform\AWS.S3.Transform.PutBucketRequestMarshaller.pas"/>
		<DCCReference Include="..\..\Source\Services\S3\Base\Transform\AWS.S3.Transform.PutBucketRequestPaymentRequestMarshaller.pas"/>
		<DCCReference Include="..\..\Source\Services\S3\Base\Transform\AWS.S3.Transform.PutBucketRequestPaymentResponseUnmarshaller.pas"/>
		<DCCReference Include="..\..\Source\Services\S3\Base\Transform\AWS.S3.Transform.PutBucketResponseUnmarshaller.pas"/>
		<DCCReference Include="..\..\Source\Services\S3\Base\Transform\AWS.S3.Transform.PutBucketTaggingRequestMarshaller.pas"/>
		<DCCReference Include="..\..\Source\Services\S3\Base\Transform\AWS.S3.Transform.PutBucketTaggingResponseUnmarshaller.pas"/>
		<DCCReference Include="..\..\Source\Services\S3\Base\Transform\AWS.S3.Transform.PutBucketVersioningRequestMarshaller.pas"/>
		<DCCReference Include="..\..\Source\Services\S3\Base\Transform\AWS.S3.Transform.PutBucketVersioningResponseUnmarshaller.pas"/>
		<DCCReference Include="..\..\Source\Services\S3\Base\Transform\AWS.S3.Transform.PutBucketWebsiteRequestMarshaller.pas"/>
		<DCCReference Include="..\..\Source\Services\S3\Base\Transform\AWS.S3.Transform.PutBucketWebsiteResponseUnmarshaller.pas"/>
		<DCCReference Include="..\..\Source\Services\S3\Base\Transform\AWS.S3.Transform.PutCORSConfigurationRequestMarshaller.pas"/>
		<DCCReference Include="..\..\Source\Services\S3\Base\Transform\AWS.S3.Transform.PutCORSConfigurationResponseUnmarshaller.pas"/>
		<DCCReference Include="..\..\Source\Services\S3\Base\Transform\AWS.S3.Transform.PutLifecycleConfigurationRequestMarshaller.pas"/>
		<DCCReference Include="..\..\Source\Services\S3\Base\Transform\AWS.S3.Transform.PutLifecycleConfigurationResponseUnmarshaller.pas"/>
		<DCCReference Include="..\..\Source\Services\S3\Base\Transform\AWS.S3.Transform.PutObjectLegalHoldRequestMarshaller.pas"/>
		<DCCReference Include="..\..\Source\Services\S3\Base\Transform\AWS.S3.Transform.PutObjectLegalHoldResponseUnmarshaller.pas"/>
		<DCCReference Include="..\..\Source\Services\S3\Base\Transform\AWS.S3.Transform.PutObjectLockConfigurationRequestMarshaller.pas"/>
		<DCCReference Include="..\..\Source\Services\S3\Base\Transform\AWS.S3.Transform.PutObjectLockConfigurationResponseUnmarshaller.pas"/>
		<DCCReference Include="..\..\Source\Services\S3\Base\Transform\AWS.S3.Transform.PutObjectRequestMarshaller.pas"/>
		<DCCReference Include="..\..\Source\Services\S3\Base\Transform\AWS.S3.Transform.PutObjectResponseUnmarshaller.pas"/>
		<DCCReference Include="..\..\Source\Services\S3\Base\Transform\AWS.S3.Transform.PutObjectRetentionRequestMarshaller.pas"/>
		<DCCReference Include="..\..\Source\Services\S3\Base\Transform\AWS.S3.Transform.PutObjectRetentionResponseUnmarshaller.pas"/>
		<DCCReference Include="..\..\Source\Services\S3\Base\Transform\AWS.S3.Transform.PutObjectTaggingRequestMarshaller.pas"/>
		<DCCReference Include="..\..\Source\Services\S3\Base\Transform\AWS.S3.Transform.PutObjectTaggingResponseUnmarshaller.pas"/>
		<DCCReference Include="..\..\Source\Services\S3\Base\Transform\AWS.S3.Transform.PutPublicAccessBlockRequestMarshaller.pas"/>
		<DCCReference Include="..\..\Source\Services\S3\Base\Transform\AWS.S3.Transform.PutPublicAccessBlockResponseUnmarshaller.pas"/>
		<DCCReference Include="..\..\Source\Services\S3\Base\Transform\AWS.S3.Transform.RecordsEventUnmarshaller.pas"/>
		<DCCReference Include="..\..\Source\Services\S3\Base\Transform\AWS.S3.Transform.RedirectAllRequestsToUnmarshaller.pas"/>
		<DCCReference Include="..\..\Source\Services\S3\Base\Transform\AWS.S3.Transform.RedirectUnmarshaller.pas"/>
		<DCCReference Include="..\..\Source\Services\S3\Base\Transform\AWS.S3.Transform.ReplicaModificationsUnmarshaller.pas"/>
		<DCCReference Include="..\..\Source\Services\S3\Base\Transform\AWS.S3.Transform.ReplicationConfigurationUnmarshaller.pas"/>
		<DCCReference Include="..\..\Source\Services\S3\Base\Transform\AWS.S3.Transform.ReplicationRuleAndOperatorUnmarshaller.pas"/>
		<DCCReference Include="..\..\Source\Services\S3\Base\Transform\AWS.S3.Transform.ReplicationRuleFilterUnmarshaller.pas"/>
		<DCCReference Include="..\..\Source\Services\S3\Base\Transform\AWS.S3.Transform.ReplicationRuleUnmarshaller.pas"/>
		<DCCReference Include="..\..\Source\Services\S3\Base\Transform\AWS.S3.Transform.ReplicationTimeUnmarshaller.pas"/>
		<DCCReference Include="..\..\Source\Services\S3\Base\Transform\AWS.S3.Transform.ReplicationTimeValueUnmarshaller.pas"/>
		<DCCReference Include="..\..\Source\Services\S3\Base\Transform\AWS.S3.Transform.RestoreObjectRequestMarshaller.pas"/>
		<DCCReference Include="..\..\Source\Services\S3\Base\Transform\AWS.S3.Transform.RestoreObjectResponseUnmarshaller.pas"/>
		<DCCReference Include="..\..\Source\Services\S3\Base\Transform\AWS.S3.Transform.RoutingRuleUnmarshaller.pas"/>
		<DCCReference Include="..\..\Source\Services\S3\Base\Transform\AWS.S3.Transform.SSEKMSUnmarshaller.pas"/>
		<DCCReference Include="..\..\Source\Services\S3\Base\Transform\AWS.S3.Transform.SSES3Unmarshaller.pas"/>
		<DCCReference Include="..\..\Source\Services\S3\Base\Transform\AWS.S3.Transform.SelectObjectContentEventStreamUnmarshaller.pas"/>
		<DCCReference Include="..\..\Source\Services\S3\Base\Transform\AWS.S3.Transform.SelectObjectContentRequestMarshaller.pas"/>
		<DCCReference Include="..\..\Source\Services\S3\Base\Transform\AWS.S3.Transform.SelectObjectContentResponseUnmarshaller.pas"/>
		<DCCReference Include="..\..\Source\Services\S3\Base\Transform\AWS.S3.Transform.ServerSideEncryptionByDefaultUnmarshaller.pas"/>
		<DCCReference Include="..\..\Source\Services\S3\Base\Transform\AWS.S3.Transform.ServerSideEncryptionConfigurationUnmarshaller.pas"/>
		<DCCReference Include="..\..\Source\Services\S3\Base\Transform\AWS.S3.Transform.ServerSideEncryptionRuleUnmarshaller.pas"/>
		<DCCReference Include="..\..\Source\Services\S3\Base\Transform\AWS.S3.Transform.SourceSelectionCriteriaUnmarshaller.pas"/>
		<DCCReference Include="..\..\Source\Services\S3\Base\Transform\AWS.S3.Transform.SseKmsEncryptedObjectsUnmarshaller.pas"/>
		<DCCReference Include="..\..\Source\Services\S3\Base\Transform\AWS.S3.Transform.StatsEventUnmarshaller.pas"/>
		<DCCReference Include="..\..\Source\Services\S3\Base\Transform\AWS.S3.Transform.StatsUnmarshaller.pas"/>
		<DCCReference Include="..\..\Source\Services\S3\Base\Transform\AWS.S3.Transform.StorageClassAnalysisDataExportUnmarshaller.pas"/>
		<DCCReference Include="..\..\Source\Services\S3\Base\Transform\AWS.S3.Transform.StorageClassAnalysisUnmarshaller.pas"/>
		<DCCReference Include="..\..\Source\Services\S3\Base\Transform\AWS.S3.Transform.TagUnmarshaller.pas"/>
		<DCCReference Include="..\..\Source\Services\S3\Base\Transform\AWS.S3.Transform.TargetGrantUnmarshaller.pas"/>
		<DCCReference Include="..\..\Source\Services\S3\Base\Transform\AWS.S3.Transform.TieringUnmarshaller.pas"/>
		<DCCReference Include="..\..\Source\Services\S3\Base\Transform\AWS.S3.Transform.TransitionUnmarshaller.pas"/>
		<DCCReference Include="..\..\Source\Services\S3\Base\Transform\AWS.S3.Transform.UploadPartRequestMarshaller.pas"/>
		<DCCReference Include="..\..\Source\Services\S3\Base\Transform\AWS.S3.Transform.UploadPartResponseUnmarshaller.pas"/>
		<DCCReference Include="..\..\Source\Services\S3\Base\Transform\AWS.S3.Transform.WriteGetObjectResponseRequestMarshaller.pas"/>
		<DCCReference Include="..\..\Source\Services\S3\Base\Transform\AWS.S3.Transform.WriteGetObjectResponseResponseUnmarshaller.pas"/>
		<DCCReference Include="..\..\Source\Services\S3\Base\AWS.S3.pas"/>
		<DCCReference Include="..\..\Source\Services\S3\Custom\AWS.S3.ArnExtensions.pas"/>
		<DCCReference Include="..\..\Source\Services\S3\Custom\AWS.S3.ClientExtensions.pas"/>
		<DCCReference Include="..\..\Source\Services\S3\Custom\AWS.S3.ConfigExtension.pas"/>
		<DCCReference Include="..\..\Source\Services\S3\Custom\AWS.S3.Internal.AWSConfigsS3.pas"/>
		<DCCReference Include="..\..\Source\Services\S3\Custom\AWS.S3.Internal.S3Signer.pas"/>
		<DCCReference Include="..\..\Source\Services\S3\Custom\AWS.S3.Internal.S3Transforms.pas"/>
		<DCCReference Include="..\..\Source\Services\S3\Custom\AWS.S3.Model.ByteRange.pas"/>
		<DCCReference Include="..\..\Source\Services\S3\Custom\AWS.S3.Model.DeleteObjectsException.pas"/>
		<DCCReference Include="..\..\Source\Services\S3\Custom\AWS.S3.Model.KeyVersion.pas"/>
		<DCCReference Include="..\..\Source\Services\S3\Custom\AWS.S3.Pipeline.ExceptionHandler.pas"/>
		<DCCReference Include="..\..\Source\Services\S3\Custom\AWS.S3.Pipeline.KmsHandler.pas"/>
		<DCCReference Include="..\..\Source\Services\S3\Custom\AWS.S3.Pipeline.PostMarshallHandler.pas"/>
		<DCCReference Include="..\..\Source\Services\S3\Custom\AWS.S3.Pipeline.PreMarshallHandler.pas"/>
		<DCCReference Include="..\..\Source\Services\S3\Custom\AWS.S3.Pipeline.RedirectHandler.pas"/>
		<DCCReference Include="..\..\Source\Services\S3\Custom\AWS.S3.Pipeline.ResponseHandler.pas"/>
		<DCCReference Include="..\..\Source\Services\S3\Custom\AWS.S3.S3OutpostResource.pas"/>
		<DCCReference Include="..\..\Source\Services\S3\Custom\AWS.S3.Util.AmazonS3Uri.pas"/>
		<DCCReference Include="..\..\Source\Services\S3\Custom\AWS.S3.Util.AmazonS3Util.pas"/>
		<DCCReference Include="..\..\Source\Services\S3\Custom\AWS.S3.Util.S3Constants.pas"/>
		<BuildConfiguration Include="Release">
			<Key>Cfg_2</Key>
			<CfgParent>Base</CfgParent>
		</BuildConfiguration>
		<BuildConfiguration Include="Base">
			<Key>Base</Key>
		</BuildConfiguration>
		<BuildConfiguration Include="Debug">
			<Key>Cfg_1</Key>
			<CfgParent>Base</CfgParent>
		</BuildConfiguration>
	</ItemGroup>
	<ProjectExtensions>
		<Borland.Personality>Delphi.Personality.12</Borland.Personality>
		<Borland.ProjectType>Package</Borland.ProjectType>
		<BorlandProject>
			<Delphi.Personality>
				<Source>
					<Source Name="MainSource">awss3.dpk</Source>
				</Source>
			</Delphi.Personality>
			<Deployment Version="3">
				<DeployFile LocalName="$(BDS)\Redist\osx32\libcgunwind.1.0.dylib" Class="DependencyModule">
					<Platform Name="OSX32">
						<Overwrite>true</Overwrite>
					</Platform>
				</DeployFile>
				<DeployFile LocalName="$(BDS)\Redist\iossimulator\libcgunwind.1.0.dylib" Class="DependencyModule">
					<Platform Name="iOSSimulator">
						<Overwrite>true</Overwrite>
					</Platform>
				</DeployFile>
				<DeployFile LocalName="$(BDS)\Redist\iossimulator\libPCRE.dylib" Class="DependencyModule">
					<Platform Name="iOSSimulator">
						<Overwrite>true</Overwrite>
					</Platform>
				</DeployFile>
				<DeployFile LocalName="$(BDS)\Redist\osx32\libcgsqlite3.dylib" Class="DependencyModule">
					<Platform Name="OSX32">
						<Overwrite>true</Overwrite>
					</Platform>
				</DeployFile>
				<DeployFile LocalName="C:\Users\Public\Documents\Embarcadero\Studio\19.0\Bpl\Empty.bpl" Configuration="Debug" Class="ProjectOutput">
					<Platform Name="Win32">
						<RemoteName>Empty.bpl</RemoteName>
						<Overwrite>true</Overwrite>
					</Platform>
				</DeployFile>
				<DeployClass Name="AdditionalDebugSymbols">
					<Platform Name="OSX32">
						<Operation>1</Operation>
					</Platform>
					<Platform Name="Win32">
						<RemoteDir>Contents\MacOS</RemoteDir>
						<Operation>0</Operation>
					</Platform>
				</DeployClass>
				<DeployClass Name="AndroidClassesDexFile">
					<Platform Name="Android">
						<RemoteDir>classes</RemoteDir>
						<Operation>1</Operation>
					</Platform>
				</DeployClass>
				<DeployClass Name="AndroidGDBServer">
					<Platform Name="Android">
						<RemoteDir>library\lib\armeabi-v7a</RemoteDir>
						<Operation>1</Operation>
					</Platform>
				</DeployClass>
				<DeployClass Name="AndroidLibnativeArmeabiFile">
					<Platform Name="Android">
						<RemoteDir>library\lib\armeabi</RemoteDir>
						<Operation>1</Operation>
					</Platform>
				</DeployClass>
				<DeployClass Name="AndroidLibnativeMipsFile">
					<Platform Name="Android">
						<RemoteDir>library\lib\mips</RemoteDir>
						<Operation>1</Operation>
					</Platform>
				</DeployClass>
				<DeployClass Name="AndroidServiceOutput">
					<Platform Name="Android">
						<RemoteDir>library\lib\armeabi-v7a</RemoteDir>
						<Operation>1</Operation>
					</Platform>
				</DeployClass>
				<DeployClass Name="AndroidSplashImageDef">
					<Platform Name="Android">
						<RemoteDir>res\drawable</RemoteDir>
						<Operation>1</Operation>
					</Platform>
				</DeployClass>
				<DeployClass Name="AndroidSplashStyles">
					<Platform Name="Android">
						<RemoteDir>res\values</RemoteDir>
						<Operation>1</Operation>
					</Platform>
				</DeployClass>
				<DeployClass Name="Android_DefaultAppIcon">
					<Platform Name="Android">
						<RemoteDir>res\drawable</RemoteDir>
						<Operation>1</Operation>
					</Platform>
				</DeployClass>
				<DeployClass Name="Android_LauncherIcon144">
					<Platform Name="Android">
						<RemoteDir>res\drawable-xxhdpi</RemoteDir>
						<Operation>1</Operation>
					</Platform>
				</DeployClass>
				<DeployClass Name="Android_LauncherIcon36">
					<Platform Name="Android">
						<RemoteDir>res\drawable-ldpi</RemoteDir>
						<Operation>1</Operation>
					</Platform>
				</DeployClass>
				<DeployClass Name="Android_LauncherIcon48">
					<Platform Name="Android">
						<RemoteDir>res\drawable-mdpi</RemoteDir>
						<Operation>1</Operation>
					</Platform>
				</DeployClass>
				<DeployClass Name="Android_LauncherIcon72">
					<Platform Name="Android">
						<RemoteDir>res\drawable-hdpi</RemoteDir>
						<Operation>1</Operation>
					</Platform>
				</DeployClass>
				<DeployClass Name="Android_LauncherIcon96">
					<Platform Name="Android">
						<RemoteDir>res\drawable-xhdpi</RemoteDir>
						<Operation>1</Operation>
					</Platform>
				</DeployClass>
				<DeployClass Name="Android_SplashImage426">
					<Platform Name="Android">
						<RemoteDir>res\drawable-small</RemoteDir>
						<Operation>1</Operation>
					</Platform>
				</DeployClass>
				<DeployClass Name="Android_SplashImage470">
					<Platform Name="Android">
						<RemoteDir>res\drawable-normal</RemoteDir>
						<Operation>1</Operation>
					</Platform>
				</DeployClass>
				<DeployClass Name="Android_SplashImage640">
					<Platform Name="Android">
						<RemoteDir>res\drawable-large</RemoteDir>
						<Operation>1</Operation>
					</Platform>
				</DeployClass>
				<DeployClass Name="Android_SplashImage960">
					<Platform Name="Android">
						<RemoteDir>res\drawable-xlarge</RemoteDir>
						<Operation>1</Operation>
					</Platform>
				</DeployClass>
				<DeployClass Name="DebugSymbols">
					<Platform Name="iOSSimulator">
						<Operation>1</Operation>
					</Platform>
					<Platform Name="OSX32">
						<Operation>1</Operation>
					</Platform>
					<Platform Name="Win32">
						<Operation>0</Operation>
					</Platform>
				</DeployClass>
				<DeployClass Name="DependencyFramework">
					<Platform Name="OSX32">
						<Operation>1</Operation>
						<Extensions>.framework</Extensions>
					</Platform>
					<Platform Name="Win32">
						<Operation>0</Operation>
					</Platform>
				</DeployClass>
				<DeployClass Name="DependencyModule">
					<Platform Name="OSX32">
						<Operation>1</Operation>
						<Extensions>.dylib</Extensions>
					</Platform>
					<Platform Name="Win32">
						<Operation>0</Operation>
						<Extensions>.dll;.bpl</Extensions>
					</Platform>
				</DeployClass>
				<DeployClass Required="true" Name="DependencyPackage">
					<Platform Name="iOSDevice32">
						<Operation>1</Operation>
						<Extensions>.dylib</Extensions>
					</Platform>
					<Platform Name="iOSDevice64">
						<Operation>1</Operation>
						<Extensions>.dylib</Extensions>
					</Platform>
					<Platform Name="iOSSimulator">
						<Operation>1</Operation>
						<Extensions>.dylib</Extensions>
					</Platform>
					<Platform Name="OSX32">
						<Operation>1</Operation>
						<Extensions>.dylib</Extensions>
					</Platform>
					<Platform Name="Win32">
						<Operation>0</Operation>
						<Extensions>.bpl</Extensions>
					</Platform>
				</DeployClass>
				<DeployClass Name="File">
					<Platform Name="Android">
						<Operation>0</Operation>
					</Platform>
					<Platform Name="iOSDevice32">
						<Operation>0</Operation>
					</Platform>
					<Platform Name="iOSDevice64">
						<Operation>0</Operation>
					</Platform>
					<Platform Name="iOSSimulator">
						<Operation>0</Operation>
					</Platform>
					<Platform Name="OSX32">
						<Operation>0</Operation>
					</Platform>
					<Platform Name="Win32">
						<Operation>0</Operation>
					</Platform>
				</DeployClass>
				<DeployClass Name="iPad_Launch1024">
					<Platform Name="iOSDevice32">
						<Operation>1</Operation>
					</Platform>
					<Platform Name="iOSDevice64">
						<Operation>1</Operation>
					</Platform>
					<Platform Name="iOSSimulator">
						<Operation>1</Operation>
					</Platform>
				</DeployClass>
				<DeployClass Name="iPad_Launch1536">
					<Platform Name="iOSDevice32">
						<Operation>1</Operation>
					</Platform>
					<Platform Name="iOSDevice64">
						<Operation>1</Operation>
					</Platform>
					<Platform Name="iOSSimulator">
						<Operation>1</Operation>
					</Platform>
				</DeployClass>
				<DeployClass Name="iPad_Launch2048">
					<Platform Name="iOSDevice32">
						<Operation>1</Operation>
					</Platform>
					<Platform Name="iOSDevice64">
						<Operation>1</Operation>
					</Platform>
					<Platform Name="iOSSimulator">
						<Operation>1</Operation>
					</Platform>
				</DeployClass>
				<DeployClass Name="iPad_Launch768">
					<Platform Name="iOSDevice32">
						<Operation>1</Operation>
					</Platform>
					<Platform Name="iOSDevice64">
						<Operation>1</Operation>
					</Platform>
					<Platform Name="iOSSimulator">
						<Operation>1</Operation>
					</Platform>
				</DeployClass>
				<DeployClass Name="iPhone_Launch320">
					<Platform Name="iOSDevice32">
						<Operation>1</Operation>
					</Platform>
					<Platform Name="iOSDevice64">
						<Operation>1</Operation>
					</Platform>
					<Platform Name="iOSSimulator">
						<Operation>1</Operation>
					</Platform>
				</DeployClass>
				<DeployClass Name="iPhone_Launch640">
					<Platform Name="iOSDevice32">
						<Operation>1</Operation>
					</Platform>
					<Platform Name="iOSDevice64">
						<Operation>1</Operation>
					</Platform>
					<Platform Name="iOSSimulator">
						<Operation>1</Operation>
					</Platform>
				</DeployClass>
				<DeployClass Name="iPhone_Launch640x1136">
					<Platform Name="iOSDevice32">
						<Operation>1</Operation>
					</Platform>
					<Platform Name="iOSDevice64">
						<Operation>1</Operation>
					</Platform>
					<Platform Name="iOSSimulator">
						<Operation>1</Operation>
					</Platform>
				</DeployClass>
				<DeployClass Name="ProjectAndroidManifest">
					<Platform Name="Android">
						<Operation>1</Operation>
					</Platform>
				</DeployClass>
				<DeployClass Name="ProjectiOSDeviceDebug">
					<Platform Name="iOSDevice32">
						<RemoteDir>..\$(PROJECTNAME).app.dSYM\Contents\Resources\DWARF</RemoteDir>
						<Operation>1</Operation>
					</Platform>
					<Platform Name="iOSDevice64">
						<RemoteDir>..\$(PROJECTNAME).app.dSYM\Contents\Resources\DWARF</RemoteDir>
						<Operation>1</Operation>
					</Platform>
				</DeployClass>
				<DeployClass Name="ProjectiOSDeviceResourceRules"/>
				<DeployClass Name="ProjectiOSEntitlements"/>
				<DeployClass Name="ProjectiOSInfoPList"/>
				<DeployClass Name="ProjectiOSResource">
					<Platform Name="iOSDevice32">
						<Operation>1</Operation>
					</Platform>
					<Platform Name="iOSDevice64">
						<Operation>1</Operation>
					</Platform>
					<Platform Name="iOSSimulator">
						<Operation>1</Operation>
					</Platform>
				</DeployClass>
				<DeployClass Name="ProjectOSXEntitlements"/>
				<DeployClass Name="ProjectOSXInfoPList"/>
				<DeployClass Name="ProjectOSXResource">
					<Platform Name="OSX32">
						<RemoteDir>Contents\Resources</RemoteDir>
						<Operation>1</Operation>
					</Platform>
				</DeployClass>
				<DeployClass Required="true" Name="ProjectOutput">
					<Platform Name="Android">
						<RemoteDir>library\lib\armeabi-v7a</RemoteDir>
						<Operation>1</Operation>
					</Platform>
					<Platform Name="iOSDevice32">
						<Operation>1</Operation>
					</Platform>
					<Platform Name="iOSDevice64">
						<Operation>1</Operation>
					</Platform>
					<Platform Name="iOSSimulator">
						<Operation>1</Operation>
					</Platform>
					<Platform Name="Linux64">
						<Operation>1</Operation>
					</Platform>
					<Platform Name="OSX32">
						<Operation>1</Operation>
					</Platform>
					<Platform Name="Win32">
						<Operation>0</Operation>
					</Platform>
				</DeployClass>
				<DeployClass Name="ProjectUWPManifest">
					<Platform Name="Win32">
						<Operation>1</Operation>
					</Platform>
					<Platform Name="Win64">
						<Operation>1</Operation>
					</Platform>
				</DeployClass>
				<DeployClass Name="UWP_DelphiLogo150">
					<Platform Name="Win32">
						<RemoteDir>Assets</RemoteDir>
						<Operation>1</Operation>
					</Platform>
					<Platform Name="Win64">
						<RemoteDir>Assets</RemoteDir>
						<Operation>1</Operation>
					</Platform>
				</DeployClass>
				<DeployClass Name="UWP_DelphiLogo44">
					<Platform Name="Win32">
						<RemoteDir>Assets</RemoteDir>
						<Operation>1</Operation>
					</Platform>
					<Platform Name="Win64">
						<RemoteDir>Assets</RemoteDir>
						<Operation>1</Operation>
					</Platform>
				</DeployClass>
				<ProjectRoot Platform="iOSDevice64" Name="$(PROJECTNAME).app"/>
				<ProjectRoot Platform="Win64" Name="$(PROJECTNAME)"/>
				<ProjectRoot Platform="iOSDevice32" Name="$(PROJECTNAME).app"/>
				<ProjectRoot Platform="Linux64" Name="$(PROJECTNAME)"/>
				<ProjectRoot Platform="Win32" Name="$(PROJECTNAME)"/>
				<ProjectRoot Platform="OSX32" Name="$(PROJECTNAME)"/>
				<ProjectRoot Platform="Android" Name="$(PROJECTNAME)"/>
				<ProjectRoot Platform="iOSSimulator" Name="$(PROJECTNAME).app"/>
			</Deployment>
			<Platforms>
				<Platform value="Android">True</Platform>
				<Platform value="iOSDevice32">True</Platform>
				<Platform value="iOSDevice64">True</Platform>
				<Platform value="iOSSimulator">True</Platform>
				<Platform value="Linux64">True</Platform>
				<Platform value="OSX32">True</Platform>
				<Platform value="Win32">True</Platform>
				<Platform value="Win64">True</Platform>
			</Platforms>
		</BorlandProject>
		<ProjectFileVersion>12</ProjectFileVersion>
	</ProjectExtensions>
	<Import Project="$(BDS)\Bin\CodeGear.Delphi.Targets" Condition="Exists('$(BDS)\Bin\CodeGear.Delphi.Targets')"/>
	<Import Project="$(APPDATA)\Embarcadero\$(BDSAPPDATABASEDIR)\$(PRODUCTVERSION)\UserTools.proj" Condition="Exists('$(APPDATA)\Embarcadero\$(BDSAPPDATABASEDIR)\$(PRODUCTVERSION)\UserTools.proj')"/>
	<Import Project="$(MSBuildProjectName).deployproj" Condition="Exists('$(MSBuildProjectName).deployproj')"/>
</Project>
