<Project xmlns="http://schemas.microsoft.com/developer/msbuild/2003">
    <PropertyGroup>
        <ProjectGuid>{F6907C29-B721-491D-9D13-B32150F5B3EB}</ProjectGuid>
        <MainSource>awssns.dpk</MainSource>
        <ProjectVersion>19.2</ProjectVersion>
        <FrameworkType>None</FrameworkType>
        <Base>True</Base>
        <Config Condition="'$(Config)'==''">Debug</Config>
        <Platform Condition="'$(Platform)'==''">Win32</Platform>
        <TargetedPlatforms>131</TargetedPlatforms>
        <AppType>Package</AppType>
    </PropertyGroup>
    <PropertyGroup Condition="'$(Config)'=='Base' or '$(Base)'!=''">
        <Base>true</Base>
    </PropertyGroup>
    <PropertyGroup Condition="('$(Platform)'=='Win32' and '$(Base)'=='true') or '$(Base_Win32)'!=''">
        <Base_Win32>true</Base_Win32>
        <CfgParent>Base</CfgParent>
        <Base>true</Base>
    </PropertyGroup>
    <PropertyGroup Condition="('$(Platform)'=='Win64' and '$(Base)'=='true') or '$(Base_Win64)'!=''">
        <Base_Win64>true</Base_Win64>
        <CfgParent>Base</CfgParent>
        <Base>true</Base>
    </PropertyGroup>
    <PropertyGroup Condition="'$(Config)'=='Debug' or '$(Cfg_1)'!=''">
        <Cfg_1>true</Cfg_1>
        <CfgParent>Base</CfgParent>
        <Base>true</Base>
    </PropertyGroup>
    <PropertyGroup Condition="('$(Platform)'=='Win32' and '$(Cfg_1)'=='true') or '$(Cfg_1_Win32)'!=''">
        <Cfg_1_Win32>true</Cfg_1_Win32>
        <CfgParent>Cfg_1</CfgParent>
        <Cfg_1>true</Cfg_1>
        <Base>true</Base>
    </PropertyGroup>
    <PropertyGroup Condition="'$(Config)'=='Release' or '$(Cfg_2)'!=''">
        <Cfg_2>true</Cfg_2>
        <CfgParent>Base</CfgParent>
        <Base>true</Base>
    </PropertyGroup>
    <PropertyGroup Condition="'$(Base)'!=''">
        <DCC_DcuOutput>.\$(Platform)\$(Config)</DCC_DcuOutput>
        <DCC_ExeOutput>.\$(Platform)\$(Config)</DCC_ExeOutput>
        <DCC_E>false</DCC_E>
        <DCC_N>false</DCC_N>
        <DCC_S>false</DCC_S>
        <DCC_F>false</DCC_F>
        <DCC_K>false</DCC_K>
        <GenDll>true</GenDll>
        <GenPackage>true</GenPackage>
        <DCC_Namespace>Winapi;System.Win;Data.Win;Datasnap.Win;Web.Win;Soap.Win;Xml.Win;Bde;System;Xml;Data;Datasnap;Web;Soap;Vcl;Vcl.Imaging;Vcl.Touch;Vcl.Samples;Vcl.Shell;$(DCC_Namespace)</DCC_Namespace>
        <SanitizedProjectName>awssns</SanitizedProjectName>
        <DCC_Description>Amazon Simple Notification Service</DCC_Description>
        <DCC_OutputNeverBuildDcps>true</DCC_OutputNeverBuildDcps>
        <RuntimeOnlyPackage>true</RuntimeOnlyPackage>
        <DllSuffix>270</DllSuffix>
        <DCC_BpiOutput>.\$(Platform)\$(Config)</DCC_BpiOutput>
        <DCC_DcpOutput>.\$(Platform)\$(Config)</DCC_DcpOutput>
        <DCC_HppOutput>.\$(Platform)\$(Config)</DCC_HppOutput>
        <DCC_ObjOutput>.\$(Platform)\$(Config)</DCC_ObjOutput>
    </PropertyGroup>
    <PropertyGroup Condition="'$(Base_Win32)'!=''">
        <BT_BuildType>Debug</BT_BuildType>
        <VerInfo_IncludeVerInfo>true</VerInfo_IncludeVerInfo>
        <VerInfo_Keys>CompanyName=;FileDescription=$(MSBuildProjectName);FileVersion=1.0.0.0;InternalName=;LegalCopyright=;LegalTrademarks=;OriginalFilename=;ProgramID=com.embarcadero.$(MSBuildProjectName);ProductName=$(MSBuildProjectName);ProductVersion=1.0.0.0;Comments=</VerInfo_Keys>
        <VerInfo_Locale>1033</VerInfo_Locale>
    </PropertyGroup>
    <PropertyGroup Condition="'$(Base_Win64)'!=''">
        <BT_BuildType>Debug</BT_BuildType>
        <VerInfo_IncludeVerInfo>true</VerInfo_IncludeVerInfo>
        <VerInfo_Keys>CompanyName=;FileDescription=$(MSBuildProjectName);FileVersion=1.0.0.0;InternalName=;LegalCopyright=;LegalTrademarks=;OriginalFilename=;ProgramID=com.embarcadero.$(MSBuildProjectName);ProductName=$(MSBuildProjectName);ProductVersion=1.0.0.0;Comments=</VerInfo_Keys>
        <VerInfo_Locale>1033</VerInfo_Locale>
    </PropertyGroup>
    <PropertyGroup Condition="'$(Cfg_1)'!=''">
        <DCC_Define>DEBUG;$(DCC_Define)</DCC_Define>
        <DCC_DebugDCUs>true</DCC_DebugDCUs>
        <DCC_Optimize>false</DCC_Optimize>
        <DCC_GenerateStackFrames>true</DCC_GenerateStackFrames>
        <DCC_DebugInfoInExe>true</DCC_DebugInfoInExe>
        <DCC_RemoteDebug>true</DCC_RemoteDebug>
    </PropertyGroup>
    <PropertyGroup Condition="'$(Cfg_1_Win32)'!=''">
        <DCC_RemoteDebug>false</DCC_RemoteDebug>
    </PropertyGroup>
    <PropertyGroup Condition="'$(Cfg_2)'!=''">
        <DCC_LocalDebugSymbols>false</DCC_LocalDebugSymbols>
        <DCC_Define>RELEASE;$(DCC_Define)</DCC_Define>
        <DCC_SymbolReferenceInfo>0</DCC_SymbolReferenceInfo>
        <DCC_DebugInformation>0</DCC_DebugInformation>
    </PropertyGroup>
    <ItemGroup>
        <DelphiCompile Include="$(MainSource)">
            <MainSource>MainSource</MainSource>
        </DelphiCompile>
        <DCCReference Include="awscore.dcp"/>
        <DCCReference Include="..\..\Source\Services\SimpleNotificationService\Base\AWS.SNS.Client.pas"/>
        <DCCReference Include="..\..\Source\Services\SimpleNotificationService\Base\AWS.SNS.ClientIntf.pas"/>
        <DCCReference Include="..\..\Source\Services\SimpleNotificationService\Base\AWS.SNS.Config.pas"/>
        <DCCReference Include="..\..\Source\Services\SimpleNotificationService\Base\AWS.SNS.Enums.pas"/>
        <DCCReference Include="..\..\Source\Services\SimpleNotificationService\Base\AWS.SNS.Exception.pas"/>
        <DCCReference Include="..\..\Source\Services\SimpleNotificationService\Base\AWS.SNS.Metadata.pas"/>
        <DCCReference Include="..\..\Source\Services\SimpleNotificationService\Base\Model\AWS.SNS.Model.AddPermissionRequest.pas"/>
        <DCCReference Include="..\..\Source\Services\SimpleNotificationService\Base\Model\AWS.SNS.Model.AddPermissionResponse.pas"/>
        <DCCReference Include="..\..\Source\Services\SimpleNotificationService\Base\Model\AWS.SNS.Model.AuthorizationErrorException.pas"/>
        <DCCReference Include="..\..\Source\Services\SimpleNotificationService\Base\Model\AWS.SNS.Model.BatchEntryIdsNotDistinctException.pas"/>
        <DCCReference Include="..\..\Source\Services\SimpleNotificationService\Base\Model\AWS.SNS.Model.BatchRequestTooLongException.pas"/>
        <DCCReference Include="..\..\Source\Services\SimpleNotificationService\Base\Model\AWS.SNS.Model.BatchResultErrorEntry.pas"/>
        <DCCReference Include="..\..\Source\Services\SimpleNotificationService\Base\Model\AWS.SNS.Model.CheckIfPhoneNumberIsOptedOutRequest.pas"/>
        <DCCReference Include="..\..\Source\Services\SimpleNotificationService\Base\Model\AWS.SNS.Model.CheckIfPhoneNumberIsOptedOutResponse.pas"/>
        <DCCReference Include="..\..\Source\Services\SimpleNotificationService\Base\Model\AWS.SNS.Model.ConcurrentAccessException.pas"/>
        <DCCReference Include="..\..\Source\Services\SimpleNotificationService\Base\Model\AWS.SNS.Model.ConfirmSubscriptionRequest.pas"/>
        <DCCReference Include="..\..\Source\Services\SimpleNotificationService\Base\Model\AWS.SNS.Model.ConfirmSubscriptionResponse.pas"/>
        <DCCReference Include="..\..\Source\Services\SimpleNotificationService\Base\Model\AWS.SNS.Model.CreatePlatformApplicationRequest.pas"/>
        <DCCReference Include="..\..\Source\Services\SimpleNotificationService\Base\Model\AWS.SNS.Model.CreatePlatformApplicationResponse.pas"/>
        <DCCReference Include="..\..\Source\Services\SimpleNotificationService\Base\Model\AWS.SNS.Model.CreatePlatformEndpointRequest.pas"/>
        <DCCReference Include="..\..\Source\Services\SimpleNotificationService\Base\Model\AWS.SNS.Model.CreatePlatformEndpointResponse.pas"/>
        <DCCReference Include="..\..\Source\Services\SimpleNotificationService\Base\Model\AWS.SNS.Model.CreateSMSSandboxPhoneNumberRequest.pas"/>
        <DCCReference Include="..\..\Source\Services\SimpleNotificationService\Base\Model\AWS.SNS.Model.CreateSMSSandboxPhoneNumberResponse.pas"/>
        <DCCReference Include="..\..\Source\Services\SimpleNotificationService\Base\Model\AWS.SNS.Model.CreateTopicRequest.pas"/>
        <DCCReference Include="..\..\Source\Services\SimpleNotificationService\Base\Model\AWS.SNS.Model.CreateTopicResponse.pas"/>
        <DCCReference Include="..\..\Source\Services\SimpleNotificationService\Base\Model\AWS.SNS.Model.DeleteEndpointRequest.pas"/>
        <DCCReference Include="..\..\Source\Services\SimpleNotificationService\Base\Model\AWS.SNS.Model.DeleteEndpointResponse.pas"/>
        <DCCReference Include="..\..\Source\Services\SimpleNotificationService\Base\Model\AWS.SNS.Model.DeletePlatformApplicationRequest.pas"/>
        <DCCReference Include="..\..\Source\Services\SimpleNotificationService\Base\Model\AWS.SNS.Model.DeletePlatformApplicationResponse.pas"/>
        <DCCReference Include="..\..\Source\Services\SimpleNotificationService\Base\Model\AWS.SNS.Model.DeleteSMSSandboxPhoneNumberRequest.pas"/>
        <DCCReference Include="..\..\Source\Services\SimpleNotificationService\Base\Model\AWS.SNS.Model.DeleteSMSSandboxPhoneNumberResponse.pas"/>
        <DCCReference Include="..\..\Source\Services\SimpleNotificationService\Base\Model\AWS.SNS.Model.DeleteTopicRequest.pas"/>
        <DCCReference Include="..\..\Source\Services\SimpleNotificationService\Base\Model\AWS.SNS.Model.DeleteTopicResponse.pas"/>
        <DCCReference Include="..\..\Source\Services\SimpleNotificationService\Base\Model\AWS.SNS.Model.EmptyBatchRequestException.pas"/>
        <DCCReference Include="..\..\Source\Services\SimpleNotificationService\Base\Model\AWS.SNS.Model.Endpoint.pas"/>
        <DCCReference Include="..\..\Source\Services\SimpleNotificationService\Base\Model\AWS.SNS.Model.EndpointDisabledException.pas"/>
        <DCCReference Include="..\..\Source\Services\SimpleNotificationService\Base\Model\AWS.SNS.Model.FilterPolicyLimitExceededException.pas"/>
        <DCCReference Include="..\..\Source\Services\SimpleNotificationService\Base\Model\AWS.SNS.Model.GetEndpointAttributesRequest.pas"/>
        <DCCReference Include="..\..\Source\Services\SimpleNotificationService\Base\Model\AWS.SNS.Model.GetEndpointAttributesResponse.pas"/>
        <DCCReference Include="..\..\Source\Services\SimpleNotificationService\Base\Model\AWS.SNS.Model.GetPlatformApplicationAttributesRequest.pas"/>
        <DCCReference Include="..\..\Source\Services\SimpleNotificationService\Base\Model\AWS.SNS.Model.GetPlatformApplicationAttributesResponse.pas"/>
        <DCCReference Include="..\..\Source\Services\SimpleNotificationService\Base\Model\AWS.SNS.Model.GetSMSAttributesRequest.pas"/>
        <DCCReference Include="..\..\Source\Services\SimpleNotificationService\Base\Model\AWS.SNS.Model.GetSMSAttributesResponse.pas"/>
        <DCCReference Include="..\..\Source\Services\SimpleNotificationService\Base\Model\AWS.SNS.Model.GetSMSSandboxAccountStatusRequest.pas"/>
        <DCCReference Include="..\..\Source\Services\SimpleNotificationService\Base\Model\AWS.SNS.Model.GetSMSSandboxAccountStatusResponse.pas"/>
        <DCCReference Include="..\..\Source\Services\SimpleNotificationService\Base\Model\AWS.SNS.Model.GetSubscriptionAttributesRequest.pas"/>
        <DCCReference Include="..\..\Source\Services\SimpleNotificationService\Base\Model\AWS.SNS.Model.GetSubscriptionAttributesResponse.pas"/>
        <DCCReference Include="..\..\Source\Services\SimpleNotificationService\Base\Model\AWS.SNS.Model.GetTopicAttributesRequest.pas"/>
        <DCCReference Include="..\..\Source\Services\SimpleNotificationService\Base\Model\AWS.SNS.Model.GetTopicAttributesResponse.pas"/>
        <DCCReference Include="..\..\Source\Services\SimpleNotificationService\Base\Model\AWS.SNS.Model.InternalErrorException.pas"/>
        <DCCReference Include="..\..\Source\Services\SimpleNotificationService\Base\Model\AWS.SNS.Model.InvalidBatchEntryIdException.pas"/>
        <DCCReference Include="..\..\Source\Services\SimpleNotificationService\Base\Model\AWS.SNS.Model.InvalidParameterException.pas"/>
        <DCCReference Include="..\..\Source\Services\SimpleNotificationService\Base\Model\AWS.SNS.Model.InvalidParameterValueException.pas"/>
        <DCCReference Include="..\..\Source\Services\SimpleNotificationService\Base\Model\AWS.SNS.Model.InvalidSecurityException.pas"/>
        <DCCReference Include="..\..\Source\Services\SimpleNotificationService\Base\Model\AWS.SNS.Model.KMSAccessDeniedException.pas"/>
        <DCCReference Include="..\..\Source\Services\SimpleNotificationService\Base\Model\AWS.SNS.Model.KMSDisabledException.pas"/>
        <DCCReference Include="..\..\Source\Services\SimpleNotificationService\Base\Model\AWS.SNS.Model.KMSInvalidStateException.pas"/>
        <DCCReference Include="..\..\Source\Services\SimpleNotificationService\Base\Model\AWS.SNS.Model.KMSNotFoundException.pas"/>
        <DCCReference Include="..\..\Source\Services\SimpleNotificationService\Base\Model\AWS.SNS.Model.KMSOptInRequiredException.pas"/>
        <DCCReference Include="..\..\Source\Services\SimpleNotificationService\Base\Model\AWS.SNS.Model.KMSThrottlingException.pas"/>
        <DCCReference Include="..\..\Source\Services\SimpleNotificationService\Base\Model\AWS.SNS.Model.ListEndpointsByPlatformApplicationRequest.pas"/>
        <DCCReference Include="..\..\Source\Services\SimpleNotificationService\Base\Model\AWS.SNS.Model.ListEndpointsByPlatformApplicationResponse.pas"/>
        <DCCReference Include="..\..\Source\Services\SimpleNotificationService\Base\Model\AWS.SNS.Model.ListOriginationNumbersRequest.pas"/>
        <DCCReference Include="..\..\Source\Services\SimpleNotificationService\Base\Model\AWS.SNS.Model.ListOriginationNumbersResponse.pas"/>
        <DCCReference Include="..\..\Source\Services\SimpleNotificationService\Base\Model\AWS.SNS.Model.ListPhoneNumbersOptedOutRequest.pas"/>
        <DCCReference Include="..\..\Source\Services\SimpleNotificationService\Base\Model\AWS.SNS.Model.ListPhoneNumbersOptedOutResponse.pas"/>
        <DCCReference Include="..\..\Source\Services\SimpleNotificationService\Base\Model\AWS.SNS.Model.ListPlatformApplicationsRequest.pas"/>
        <DCCReference Include="..\..\Source\Services\SimpleNotificationService\Base\Model\AWS.SNS.Model.ListPlatformApplicationsResponse.pas"/>
        <DCCReference Include="..\..\Source\Services\SimpleNotificationService\Base\Model\AWS.SNS.Model.ListSMSSandboxPhoneNumbersRequest.pas"/>
        <DCCReference Include="..\..\Source\Services\SimpleNotificationService\Base\Model\AWS.SNS.Model.ListSMSSandboxPhoneNumbersResponse.pas"/>
        <DCCReference Include="..\..\Source\Services\SimpleNotificationService\Base\Model\AWS.SNS.Model.ListSubscriptionsByTopicRequest.pas"/>
        <DCCReference Include="..\..\Source\Services\SimpleNotificationService\Base\Model\AWS.SNS.Model.ListSubscriptionsByTopicResponse.pas"/>
        <DCCReference Include="..\..\Source\Services\SimpleNotificationService\Base\Model\AWS.SNS.Model.ListSubscriptionsRequest.pas"/>
        <DCCReference Include="..\..\Source\Services\SimpleNotificationService\Base\Model\AWS.SNS.Model.ListSubscriptionsResponse.pas"/>
        <DCCReference Include="..\..\Source\Services\SimpleNotificationService\Base\Model\AWS.SNS.Model.ListTagsForResourceRequest.pas"/>
        <DCCReference Include="..\..\Source\Services\SimpleNotificationService\Base\Model\AWS.SNS.Model.ListTagsForResourceResponse.pas"/>
        <DCCReference Include="..\..\Source\Services\SimpleNotificationService\Base\Model\AWS.SNS.Model.ListTopicsRequest.pas"/>
        <DCCReference Include="..\..\Source\Services\SimpleNotificationService\Base\Model\AWS.SNS.Model.ListTopicsResponse.pas"/>
        <DCCReference Include="..\..\Source\Services\SimpleNotificationService\Base\Model\AWS.SNS.Model.MessageAttributeValue.pas"/>
        <DCCReference Include="..\..\Source\Services\SimpleNotificationService\Base\Model\AWS.SNS.Model.NotFoundException.pas"/>
        <DCCReference Include="..\..\Source\Services\SimpleNotificationService\Base\Model\AWS.SNS.Model.OptInPhoneNumberRequest.pas"/>
        <DCCReference Include="..\..\Source\Services\SimpleNotificationService\Base\Model\AWS.SNS.Model.OptInPhoneNumberResponse.pas"/>
        <DCCReference Include="..\..\Source\Services\SimpleNotificationService\Base\Model\AWS.SNS.Model.OptedOutException.pas"/>
        <DCCReference Include="..\..\Source\Services\SimpleNotificationService\Base\Model\AWS.SNS.Model.PhoneNumberInformation.pas"/>
        <DCCReference Include="..\..\Source\Services\SimpleNotificationService\Base\Model\AWS.SNS.Model.PlatformApplication.pas"/>
        <DCCReference Include="..\..\Source\Services\SimpleNotificationService\Base\Model\AWS.SNS.Model.PlatformApplicationDisabledException.pas"/>
        <DCCReference Include="..\..\Source\Services\SimpleNotificationService\Base\Model\AWS.SNS.Model.PublishBatchRequest.pas"/>
        <DCCReference Include="..\..\Source\Services\SimpleNotificationService\Base\Model\AWS.SNS.Model.PublishBatchRequestEntry.pas"/>
        <DCCReference Include="..\..\Source\Services\SimpleNotificationService\Base\Model\AWS.SNS.Model.PublishBatchResponse.pas"/>
        <DCCReference Include="..\..\Source\Services\SimpleNotificationService\Base\Model\AWS.SNS.Model.PublishBatchResultEntry.pas"/>
        <DCCReference Include="..\..\Source\Services\SimpleNotificationService\Base\Model\AWS.SNS.Model.PublishRequest.pas"/>
        <DCCReference Include="..\..\Source\Services\SimpleNotificationService\Base\Model\AWS.SNS.Model.PublishResponse.pas"/>
        <DCCReference Include="..\..\Source\Services\SimpleNotificationService\Base\Model\AWS.SNS.Model.RemovePermissionRequest.pas"/>
        <DCCReference Include="..\..\Source\Services\SimpleNotificationService\Base\Model\AWS.SNS.Model.RemovePermissionResponse.pas"/>
        <DCCReference Include="..\..\Source\Services\SimpleNotificationService\Base\Model\AWS.SNS.Model.Request.pas"/>
        <DCCReference Include="..\..\Source\Services\SimpleNotificationService\Base\Model\AWS.SNS.Model.ResourceNotFoundException.pas"/>
        <DCCReference Include="..\..\Source\Services\SimpleNotificationService\Base\Model\AWS.SNS.Model.SMSSandboxPhoneNumber.pas"/>
        <DCCReference Include="..\..\Source\Services\SimpleNotificationService\Base\Model\AWS.SNS.Model.SetEndpointAttributesRequest.pas"/>
        <DCCReference Include="..\..\Source\Services\SimpleNotificationService\Base\Model\AWS.SNS.Model.SetEndpointAttributesResponse.pas"/>
        <DCCReference Include="..\..\Source\Services\SimpleNotificationService\Base\Model\AWS.SNS.Model.SetPlatformApplicationAttributesRequest.pas"/>
        <DCCReference Include="..\..\Source\Services\SimpleNotificationService\Base\Model\AWS.SNS.Model.SetPlatformApplicationAttributesResponse.pas"/>
        <DCCReference Include="..\..\Source\Services\SimpleNotificationService\Base\Model\AWS.SNS.Model.SetSMSAttributesRequest.pas"/>
        <DCCReference Include="..\..\Source\Services\SimpleNotificationService\Base\Model\AWS.SNS.Model.SetSMSAttributesResponse.pas"/>
        <DCCReference Include="..\..\Source\Services\SimpleNotificationService\Base\Model\AWS.SNS.Model.SetSubscriptionAttributesRequest.pas"/>
        <DCCReference Include="..\..\Source\Services\SimpleNotificationService\Base\Model\AWS.SNS.Model.SetSubscriptionAttributesResponse.pas"/>
        <DCCReference Include="..\..\Source\Services\SimpleNotificationService\Base\Model\AWS.SNS.Model.SetTopicAttributesRequest.pas"/>
        <DCCReference Include="..\..\Source\Services\SimpleNotificationService\Base\Model\AWS.SNS.Model.SetTopicAttributesResponse.pas"/>
        <DCCReference Include="..\..\Source\Services\SimpleNotificationService\Base\Model\AWS.SNS.Model.StaleTagException.pas"/>
        <DCCReference Include="..\..\Source\Services\SimpleNotificationService\Base\Model\AWS.SNS.Model.SubscribeRequest.pas"/>
        <DCCReference Include="..\..\Source\Services\SimpleNotificationService\Base\Model\AWS.SNS.Model.SubscribeResponse.pas"/>
        <DCCReference Include="..\..\Source\Services\SimpleNotificationService\Base\Model\AWS.SNS.Model.Subscription.pas"/>
        <DCCReference Include="..\..\Source\Services\SimpleNotificationService\Base\Model\AWS.SNS.Model.SubscriptionLimitExceededException.pas"/>
        <DCCReference Include="..\..\Source\Services\SimpleNotificationService\Base\Model\AWS.SNS.Model.Tag.pas"/>
        <DCCReference Include="..\..\Source\Services\SimpleNotificationService\Base\Model\AWS.SNS.Model.TagLimitExceededException.pas"/>
        <DCCReference Include="..\..\Source\Services\SimpleNotificationService\Base\Model\AWS.SNS.Model.TagPolicyException.pas"/>
        <DCCReference Include="..\..\Source\Services\SimpleNotificationService\Base\Model\AWS.SNS.Model.TagResourceRequest.pas"/>
        <DCCReference Include="..\..\Source\Services\SimpleNotificationService\Base\Model\AWS.SNS.Model.TagResourceResponse.pas"/>
        <DCCReference Include="..\..\Source\Services\SimpleNotificationService\Base\Model\AWS.SNS.Model.ThrottledException.pas"/>
        <DCCReference Include="..\..\Source\Services\SimpleNotificationService\Base\Model\AWS.SNS.Model.TooManyEntriesInBatchRequestException.pas"/>
        <DCCReference Include="..\..\Source\Services\SimpleNotificationService\Base\Model\AWS.SNS.Model.Topic.pas"/>
        <DCCReference Include="..\..\Source\Services\SimpleNotificationService\Base\Model\AWS.SNS.Model.TopicLimitExceededException.pas"/>
        <DCCReference Include="..\..\Source\Services\SimpleNotificationService\Base\Model\AWS.SNS.Model.UnsubscribeRequest.pas"/>
        <DCCReference Include="..\..\Source\Services\SimpleNotificationService\Base\Model\AWS.SNS.Model.UnsubscribeResponse.pas"/>
        <DCCReference Include="..\..\Source\Services\SimpleNotificationService\Base\Model\AWS.SNS.Model.UntagResourceRequest.pas"/>
        <DCCReference Include="..\..\Source\Services\SimpleNotificationService\Base\Model\AWS.SNS.Model.UntagResourceResponse.pas"/>
        <DCCReference Include="..\..\Source\Services\SimpleNotificationService\Base\Model\AWS.SNS.Model.UserErrorException.pas"/>
        <DCCReference Include="..\..\Source\Services\SimpleNotificationService\Base\Model\AWS.SNS.Model.ValidationException.pas"/>
        <DCCReference Include="..\..\Source\Services\SimpleNotificationService\Base\Model\AWS.SNS.Model.VerificationException.pas"/>
        <DCCReference Include="..\..\Source\Services\SimpleNotificationService\Base\Model\AWS.SNS.Model.VerifySMSSandboxPhoneNumberRequest.pas"/>
        <DCCReference Include="..\..\Source\Services\SimpleNotificationService\Base\Model\AWS.SNS.Model.VerifySMSSandboxPhoneNumberResponse.pas"/>
        <DCCReference Include="..\..\Source\Services\SimpleNotificationService\Base\Transform\AWS.SNS.Transform.AddPermissionRequestMarshaller.pas"/>
        <DCCReference Include="..\..\Source\Services\SimpleNotificationService\Base\Transform\AWS.SNS.Transform.AddPermissionResponseUnmarshaller.pas"/>
        <DCCReference Include="..\..\Source\Services\SimpleNotificationService\Base\Transform\AWS.SNS.Transform.AuthorizationErrorExceptionUnmarshaller.pas"/>
        <DCCReference Include="..\..\Source\Services\SimpleNotificationService\Base\Transform\AWS.SNS.Transform.BatchEntryIdsNotDistinctExceptionUnmarshaller.pas"/>
        <DCCReference Include="..\..\Source\Services\SimpleNotificationService\Base\Transform\AWS.SNS.Transform.BatchRequestTooLongExceptionUnmarshaller.pas"/>
        <DCCReference Include="..\..\Source\Services\SimpleNotificationService\Base\Transform\AWS.SNS.Transform.BatchResultErrorEntryUnmarshaller.pas"/>
        <DCCReference Include="..\..\Source\Services\SimpleNotificationService\Base\Transform\AWS.SNS.Transform.CheckIfPhoneNumberIsOptedOutRequestMarshaller.pas"/>
        <DCCReference Include="..\..\Source\Services\SimpleNotificationService\Base\Transform\AWS.SNS.Transform.CheckIfPhoneNumberIsOptedOutResponseUnmarshaller.pas"/>
        <DCCReference Include="..\..\Source\Services\SimpleNotificationService\Base\Transform\AWS.SNS.Transform.ConcurrentAccessExceptionUnmarshaller.pas"/>
        <DCCReference Include="..\..\Source\Services\SimpleNotificationService\Base\Transform\AWS.SNS.Transform.ConfirmSubscriptionRequestMarshaller.pas"/>
        <DCCReference Include="..\..\Source\Services\SimpleNotificationService\Base\Transform\AWS.SNS.Transform.ConfirmSubscriptionResponseUnmarshaller.pas"/>
        <DCCReference Include="..\..\Source\Services\SimpleNotificationService\Base\Transform\AWS.SNS.Transform.CreatePlatformApplicationRequestMarshaller.pas"/>
        <DCCReference Include="..\..\Source\Services\SimpleNotificationService\Base\Transform\AWS.SNS.Transform.CreatePlatformApplicationResponseUnmarshaller.pas"/>
        <DCCReference Include="..\..\Source\Services\SimpleNotificationService\Base\Transform\AWS.SNS.Transform.CreatePlatformEndpointRequestMarshaller.pas"/>
        <DCCReference Include="..\..\Source\Services\SimpleNotificationService\Base\Transform\AWS.SNS.Transform.CreatePlatformEndpointResponseUnmarshaller.pas"/>
        <DCCReference Include="..\..\Source\Services\SimpleNotificationService\Base\Transform\AWS.SNS.Transform.CreateSMSSandboxPhoneNumberRequestMarshaller.pas"/>
        <DCCReference Include="..\..\Source\Services\SimpleNotificationService\Base\Transform\AWS.SNS.Transform.CreateSMSSandboxPhoneNumberResponseUnmarshaller.pas"/>
        <DCCReference Include="..\..\Source\Services\SimpleNotificationService\Base\Transform\AWS.SNS.Transform.CreateTopicRequestMarshaller.pas"/>
        <DCCReference Include="..\..\Source\Services\SimpleNotificationService\Base\Transform\AWS.SNS.Transform.CreateTopicResponseUnmarshaller.pas"/>
        <DCCReference Include="..\..\Source\Services\SimpleNotificationService\Base\Transform\AWS.SNS.Transform.DeleteEndpointRequestMarshaller.pas"/>
        <DCCReference Include="..\..\Source\Services\SimpleNotificationService\Base\Transform\AWS.SNS.Transform.DeleteEndpointResponseUnmarshaller.pas"/>
        <DCCReference Include="..\..\Source\Services\SimpleNotificationService\Base\Transform\AWS.SNS.Transform.DeletePlatformApplicationRequestMarshaller.pas"/>
        <DCCReference Include="..\..\Source\Services\SimpleNotificationService\Base\Transform\AWS.SNS.Transform.DeletePlatformApplicationResponseUnmarshaller.pas"/>
        <DCCReference Include="..\..\Source\Services\SimpleNotificationService\Base\Transform\AWS.SNS.Transform.DeleteSMSSandboxPhoneNumberRequestMarshaller.pas"/>
        <DCCReference Include="..\..\Source\Services\SimpleNotificationService\Base\Transform\AWS.SNS.Transform.DeleteSMSSandboxPhoneNumberResponseUnmarshaller.pas"/>
        <DCCReference Include="..\..\Source\Services\SimpleNotificationService\Base\Transform\AWS.SNS.Transform.DeleteTopicRequestMarshaller.pas"/>
        <DCCReference Include="..\..\Source\Services\SimpleNotificationService\Base\Transform\AWS.SNS.Transform.DeleteTopicResponseUnmarshaller.pas"/>
        <DCCReference Include="..\..\Source\Services\SimpleNotificationService\Base\Transform\AWS.SNS.Transform.EmptyBatchRequestExceptionUnmarshaller.pas"/>
        <DCCReference Include="..\..\Source\Services\SimpleNotificationService\Base\Transform\AWS.SNS.Transform.EndpointDisabledExceptionUnmarshaller.pas"/>
        <DCCReference Include="..\..\Source\Services\SimpleNotificationService\Base\Transform\AWS.SNS.Transform.EndpointUnmarshaller.pas"/>
        <DCCReference Include="..\..\Source\Services\SimpleNotificationService\Base\Transform\AWS.SNS.Transform.FilterPolicyLimitExceededExceptionUnmarshaller.pas"/>
        <DCCReference Include="..\..\Source\Services\SimpleNotificationService\Base\Transform\AWS.SNS.Transform.GetEndpointAttributesRequestMarshaller.pas"/>
        <DCCReference Include="..\..\Source\Services\SimpleNotificationService\Base\Transform\AWS.SNS.Transform.GetEndpointAttributesResponseUnmarshaller.pas"/>
        <DCCReference Include="..\..\Source\Services\SimpleNotificationService\Base\Transform\AWS.SNS.Transform.GetPlatformApplicationAttributesRequestMarshaller.pas"/>
        <DCCReference Include="..\..\Source\Services\SimpleNotificationService\Base\Transform\AWS.SNS.Transform.GetPlatformApplicationAttributesResponseUnmarshaller.pas"/>
        <DCCReference Include="..\..\Source\Services\SimpleNotificationService\Base\Transform\AWS.SNS.Transform.GetSMSAttributesRequestMarshaller.pas"/>
        <DCCReference Include="..\..\Source\Services\SimpleNotificationService\Base\Transform\AWS.SNS.Transform.GetSMSAttributesResponseUnmarshaller.pas"/>
        <DCCReference Include="..\..\Source\Services\SimpleNotificationService\Base\Transform\AWS.SNS.Transform.GetSMSSandboxAccountStatusRequestMarshaller.pas"/>
        <DCCReference Include="..\..\Source\Services\SimpleNotificationService\Base\Transform\AWS.SNS.Transform.GetSMSSandboxAccountStatusResponseUnmarshaller.pas"/>
        <DCCReference Include="..\..\Source\Services\SimpleNotificationService\Base\Transform\AWS.SNS.Transform.GetSubscriptionAttributesRequestMarshaller.pas"/>
        <DCCReference Include="..\..\Source\Services\SimpleNotificationService\Base\Transform\AWS.SNS.Transform.GetSubscriptionAttributesResponseUnmarshaller.pas"/>
        <DCCReference Include="..\..\Source\Services\SimpleNotificationService\Base\Transform\AWS.SNS.Transform.GetTopicAttributesRequestMarshaller.pas"/>
        <DCCReference Include="..\..\Source\Services\SimpleNotificationService\Base\Transform\AWS.SNS.Transform.GetTopicAttributesResponseUnmarshaller.pas"/>
        <DCCReference Include="..\..\Source\Services\SimpleNotificationService\Base\Transform\AWS.SNS.Transform.InternalErrorExceptionUnmarshaller.pas"/>
        <DCCReference Include="..\..\Source\Services\SimpleNotificationService\Base\Transform\AWS.SNS.Transform.InvalidBatchEntryIdExceptionUnmarshaller.pas"/>
        <DCCReference Include="..\..\Source\Services\SimpleNotificationService\Base\Transform\AWS.SNS.Transform.InvalidParameterExceptionUnmarshaller.pas"/>
        <DCCReference Include="..\..\Source\Services\SimpleNotificationService\Base\Transform\AWS.SNS.Transform.InvalidParameterValueExceptionUnmarshaller.pas"/>
        <DCCReference Include="..\..\Source\Services\SimpleNotificationService\Base\Transform\AWS.SNS.Transform.InvalidSecurityExceptionUnmarshaller.pas"/>
        <DCCReference Include="..\..\Source\Services\SimpleNotificationService\Base\Transform\AWS.SNS.Transform.KMSAccessDeniedExceptionUnmarshaller.pas"/>
        <DCCReference Include="..\..\Source\Services\SimpleNotificationService\Base\Transform\AWS.SNS.Transform.KMSDisabledExceptionUnmarshaller.pas"/>
        <DCCReference Include="..\..\Source\Services\SimpleNotificationService\Base\Transform\AWS.SNS.Transform.KMSInvalidStateExceptionUnmarshaller.pas"/>
        <DCCReference Include="..\..\Source\Services\SimpleNotificationService\Base\Transform\AWS.SNS.Transform.KMSNotFoundExceptionUnmarshaller.pas"/>
        <DCCReference Include="..\..\Source\Services\SimpleNotificationService\Base\Transform\AWS.SNS.Transform.KMSOptInRequiredExceptionUnmarshaller.pas"/>
        <DCCReference Include="..\..\Source\Services\SimpleNotificationService\Base\Transform\AWS.SNS.Transform.KMSThrottlingExceptionUnmarshaller.pas"/>
        <DCCReference Include="..\..\Source\Services\SimpleNotificationService\Base\Transform\AWS.SNS.Transform.ListEndpointsByPlatformApplicationRequestMarshaller.pas"/>
        <DCCReference Include="..\..\Source\Services\SimpleNotificationService\Base\Transform\AWS.SNS.Transform.ListEndpointsByPlatformApplicationResponseUnmarshaller.pas"/>
        <DCCReference Include="..\..\Source\Services\SimpleNotificationService\Base\Transform\AWS.SNS.Transform.ListOriginationNumbersRequestMarshaller.pas"/>
        <DCCReference Include="..\..\Source\Services\SimpleNotificationService\Base\Transform\AWS.SNS.Transform.ListOriginationNumbersResponseUnmarshaller.pas"/>
        <DCCReference Include="..\..\Source\Services\SimpleNotificationService\Base\Transform\AWS.SNS.Transform.ListPhoneNumbersOptedOutRequestMarshaller.pas"/>
        <DCCReference Include="..\..\Source\Services\SimpleNotificationService\Base\Transform\AWS.SNS.Transform.ListPhoneNumbersOptedOutResponseUnmarshaller.pas"/>
        <DCCReference Include="..\..\Source\Services\SimpleNotificationService\Base\Transform\AWS.SNS.Transform.ListPlatformApplicationsRequestMarshaller.pas"/>
        <DCCReference Include="..\..\Source\Services\SimpleNotificationService\Base\Transform\AWS.SNS.Transform.ListPlatformApplicationsResponseUnmarshaller.pas"/>
        <DCCReference Include="..\..\Source\Services\SimpleNotificationService\Base\Transform\AWS.SNS.Transform.ListSMSSandboxPhoneNumbersRequestMarshaller.pas"/>
        <DCCReference Include="..\..\Source\Services\SimpleNotificationService\Base\Transform\AWS.SNS.Transform.ListSMSSandboxPhoneNumbersResponseUnmarshaller.pas"/>
        <DCCReference Include="..\..\Source\Services\SimpleNotificationService\Base\Transform\AWS.SNS.Transform.ListSubscriptionsByTopicRequestMarshaller.pas"/>
        <DCCReference Include="..\..\Source\Services\SimpleNotificationService\Base\Transform\AWS.SNS.Transform.ListSubscriptionsByTopicResponseUnmarshaller.pas"/>
        <DCCReference Include="..\..\Source\Services\SimpleNotificationService\Base\Transform\AWS.SNS.Transform.ListSubscriptionsRequestMarshaller.pas"/>
        <DCCReference Include="..\..\Source\Services\SimpleNotificationService\Base\Transform\AWS.SNS.Transform.ListSubscriptionsResponseUnmarshaller.pas"/>
        <DCCReference Include="..\..\Source\Services\SimpleNotificationService\Base\Transform\AWS.SNS.Transform.ListTagsForResourceRequestMarshaller.pas"/>
        <DCCReference Include="..\..\Source\Services\SimpleNotificationService\Base\Transform\AWS.SNS.Transform.ListTagsForResourceResponseUnmarshaller.pas"/>
        <DCCReference Include="..\..\Source\Services\SimpleNotificationService\Base\Transform\AWS.SNS.Transform.ListTopicsRequestMarshaller.pas"/>
        <DCCReference Include="..\..\Source\Services\SimpleNotificationService\Base\Transform\AWS.SNS.Transform.ListTopicsResponseUnmarshaller.pas"/>
        <DCCReference Include="..\..\Source\Services\SimpleNotificationService\Base\Transform\AWS.SNS.Transform.NotFoundExceptionUnmarshaller.pas"/>
        <DCCReference Include="..\..\Source\Services\SimpleNotificationService\Base\Transform\AWS.SNS.Transform.OptInPhoneNumberRequestMarshaller.pas"/>
        <DCCReference Include="..\..\Source\Services\SimpleNotificationService\Base\Transform\AWS.SNS.Transform.OptInPhoneNumberResponseUnmarshaller.pas"/>
        <DCCReference Include="..\..\Source\Services\SimpleNotificationService\Base\Transform\AWS.SNS.Transform.OptedOutExceptionUnmarshaller.pas"/>
        <DCCReference Include="..\..\Source\Services\SimpleNotificationService\Base\Transform\AWS.SNS.Transform.PhoneNumberInformationUnmarshaller.pas"/>
        <DCCReference Include="..\..\Source\Services\SimpleNotificationService\Base\Transform\AWS.SNS.Transform.PlatformApplicationDisabledExceptionUnmarshaller.pas"/>
        <DCCReference Include="..\..\Source\Services\SimpleNotificationService\Base\Transform\AWS.SNS.Transform.PlatformApplicationUnmarshaller.pas"/>
        <DCCReference Include="..\..\Source\Services\SimpleNotificationService\Base\Transform\AWS.SNS.Transform.PublishBatchRequestMarshaller.pas"/>
        <DCCReference Include="..\..\Source\Services\SimpleNotificationService\Base\Transform\AWS.SNS.Transform.PublishBatchResponseUnmarshaller.pas"/>
        <DCCReference Include="..\..\Source\Services\SimpleNotificationService\Base\Transform\AWS.SNS.Transform.PublishBatchResultEntryUnmarshaller.pas"/>
        <DCCReference Include="..\..\Source\Services\SimpleNotificationService\Base\Transform\AWS.SNS.Transform.PublishRequestMarshaller.pas"/>
        <DCCReference Include="..\..\Source\Services\SimpleNotificationService\Base\Transform\AWS.SNS.Transform.PublishResponseUnmarshaller.pas"/>
        <DCCReference Include="..\..\Source\Services\SimpleNotificationService\Base\Transform\AWS.SNS.Transform.RemovePermissionRequestMarshaller.pas"/>
        <DCCReference Include="..\..\Source\Services\SimpleNotificationService\Base\Transform\AWS.SNS.Transform.RemovePermissionResponseUnmarshaller.pas"/>
        <DCCReference Include="..\..\Source\Services\SimpleNotificationService\Base\Transform\AWS.SNS.Transform.ResourceNotFoundExceptionUnmarshaller.pas"/>
        <DCCReference Include="..\..\Source\Services\SimpleNotificationService\Base\Transform\AWS.SNS.Transform.SMSSandboxPhoneNumberUnmarshaller.pas"/>
        <DCCReference Include="..\..\Source\Services\SimpleNotificationService\Base\Transform\AWS.SNS.Transform.SetEndpointAttributesRequestMarshaller.pas"/>
        <DCCReference Include="..\..\Source\Services\SimpleNotificationService\Base\Transform\AWS.SNS.Transform.SetEndpointAttributesResponseUnmarshaller.pas"/>
        <DCCReference Include="..\..\Source\Services\SimpleNotificationService\Base\Transform\AWS.SNS.Transform.SetPlatformApplicationAttributesRequestMarshaller.pas"/>
        <DCCReference Include="..\..\Source\Services\SimpleNotificationService\Base\Transform\AWS.SNS.Transform.SetPlatformApplicationAttributesResponseUnmarshaller.pas"/>
        <DCCReference Include="..\..\Source\Services\SimpleNotificationService\Base\Transform\AWS.SNS.Transform.SetSMSAttributesRequestMarshaller.pas"/>
        <DCCReference Include="..\..\Source\Services\SimpleNotificationService\Base\Transform\AWS.SNS.Transform.SetSMSAttributesResponseUnmarshaller.pas"/>
        <DCCReference Include="..\..\Source\Services\SimpleNotificationService\Base\Transform\AWS.SNS.Transform.SetSubscriptionAttributesRequestMarshaller.pas"/>
        <DCCReference Include="..\..\Source\Services\SimpleNotificationService\Base\Transform\AWS.SNS.Transform.SetSubscriptionAttributesResponseUnmarshaller.pas"/>
        <DCCReference Include="..\..\Source\Services\SimpleNotificationService\Base\Transform\AWS.SNS.Transform.SetTopicAttributesRequestMarshaller.pas"/>
        <DCCReference Include="..\..\Source\Services\SimpleNotificationService\Base\Transform\AWS.SNS.Transform.SetTopicAttributesResponseUnmarshaller.pas"/>
        <DCCReference Include="..\..\Source\Services\SimpleNotificationService\Base\Transform\AWS.SNS.Transform.StaleTagExceptionUnmarshaller.pas"/>
        <DCCReference Include="..\..\Source\Services\SimpleNotificationService\Base\Transform\AWS.SNS.Transform.SubscribeRequestMarshaller.pas"/>
        <DCCReference Include="..\..\Source\Services\SimpleNotificationService\Base\Transform\AWS.SNS.Transform.SubscribeResponseUnmarshaller.pas"/>
        <DCCReference Include="..\..\Source\Services\SimpleNotificationService\Base\Transform\AWS.SNS.Transform.SubscriptionLimitExceededExceptionUnmarshaller.pas"/>
        <DCCReference Include="..\..\Source\Services\SimpleNotificationService\Base\Transform\AWS.SNS.Transform.SubscriptionUnmarshaller.pas"/>
        <DCCReference Include="..\..\Source\Services\SimpleNotificationService\Base\Transform\AWS.SNS.Transform.TagLimitExceededExceptionUnmarshaller.pas"/>
        <DCCReference Include="..\..\Source\Services\SimpleNotificationService\Base\Transform\AWS.SNS.Transform.TagPolicyExceptionUnmarshaller.pas"/>
        <DCCReference Include="..\..\Source\Services\SimpleNotificationService\Base\Transform\AWS.SNS.Transform.TagResourceRequestMarshaller.pas"/>
        <DCCReference Include="..\..\Source\Services\SimpleNotificationService\Base\Transform\AWS.SNS.Transform.TagResourceResponseUnmarshaller.pas"/>
        <DCCReference Include="..\..\Source\Services\SimpleNotificationService\Base\Transform\AWS.SNS.Transform.TagUnmarshaller.pas"/>
        <DCCReference Include="..\..\Source\Services\SimpleNotificationService\Base\Transform\AWS.SNS.Transform.ThrottledExceptionUnmarshaller.pas"/>
        <DCCReference Include="..\..\Source\Services\SimpleNotificationService\Base\Transform\AWS.SNS.Transform.TooManyEntriesInBatchRequestExceptionUnmarshaller.pas"/>
        <DCCReference Include="..\..\Source\Services\SimpleNotificationService\Base\Transform\AWS.SNS.Transform.TopicLimitExceededExceptionUnmarshaller.pas"/>
        <DCCReference Include="..\..\Source\Services\SimpleNotificationService\Base\Transform\AWS.SNS.Transform.TopicUnmarshaller.pas"/>
        <DCCReference Include="..\..\Source\Services\SimpleNotificationService\Base\Transform\AWS.SNS.Transform.UnsubscribeRequestMarshaller.pas"/>
        <DCCReference Include="..\..\Source\Services\SimpleNotificationService\Base\Transform\AWS.SNS.Transform.UnsubscribeResponseUnmarshaller.pas"/>
        <DCCReference Include="..\..\Source\Services\SimpleNotificationService\Base\Transform\AWS.SNS.Transform.UntagResourceRequestMarshaller.pas"/>
        <DCCReference Include="..\..\Source\Services\SimpleNotificationService\Base\Transform\AWS.SNS.Transform.UntagResourceResponseUnmarshaller.pas"/>
        <DCCReference Include="..\..\Source\Services\SimpleNotificationService\Base\Transform\AWS.SNS.Transform.UserErrorExceptionUnmarshaller.pas"/>
        <DCCReference Include="..\..\Source\Services\SimpleNotificationService\Base\Transform\AWS.SNS.Transform.ValidationExceptionUnmarshaller.pas"/>
        <DCCReference Include="..\..\Source\Services\SimpleNotificationService\Base\Transform\AWS.SNS.Transform.VerificationExceptionUnmarshaller.pas"/>
        <DCCReference Include="..\..\Source\Services\SimpleNotificationService\Base\Transform\AWS.SNS.Transform.VerifySMSSandboxPhoneNumberRequestMarshaller.pas"/>
        <DCCReference Include="..\..\Source\Services\SimpleNotificationService\Base\Transform\AWS.SNS.Transform.VerifySMSSandboxPhoneNumberResponseUnmarshaller.pas"/>
        <DCCReference Include="..\..\Source\Services\SimpleNotificationService\Base\AWS.SNS.pas"/>
        <DCCReference Include="..\..\Source\Services\SimpleNotificationService\Custom\AWS.OpenSSL.pas"/>
        <DCCReference Include="..\..\Source\Services\SimpleNotificationService\Custom\AWS.SNS.Extensions.pas"/>
        <DCCReference Include="..\..\Source\Services\SimpleNotificationService\Custom\AWS.SNS.Message.pas"/>
        <BuildConfiguration Include="Base">
            <Key>Base</Key>
        </BuildConfiguration>
        <BuildConfiguration Include="Debug">
            <Key>Cfg_1</Key>
            <CfgParent>Base</CfgParent>
        </BuildConfiguration>
        <BuildConfiguration Include="Release">
            <Key>Cfg_2</Key>
            <CfgParent>Base</CfgParent>
        </BuildConfiguration>
    </ItemGroup>
    <ProjectExtensions>
        <Borland.Personality>Delphi.Personality.12</Borland.Personality>
        <Borland.ProjectType>Package</Borland.ProjectType>
        <BorlandProject>
            <Delphi.Personality>
                <Source>
                    <Source Name="MainSource">awssns.dpk</Source>
                </Source>
            </Delphi.Personality>
            <Deployment Version="3">
                <DeployFile LocalName="$(BDS)\Redist\iossimulator\libcgunwind.1.0.dylib" Class="DependencyModule">
                    <Platform Name="iOSSimulator">
                        <Overwrite>true</Overwrite>
                    </Platform>
                </DeployFile>
                <DeployFile LocalName="$(BDS)\Redist\iossimulator\libpcre.dylib" Class="DependencyModule">
                    <Platform Name="iOSSimulator">
                        <Overwrite>true</Overwrite>
                    </Platform>
                </DeployFile>
                <DeployFile LocalName="$(BDS)\Redist\OSX32\bplrtl270.dylib" Configuration="Debug" Class="DependencyPackage">
                    <Platform Name="OSX32">
                        <Overwrite>true</Overwrite>
                    </Platform>
                </DeployFile>
                <DeployFile LocalName="$(BDS)\Redist\osx32\libcgunwind.1.0.dylib" Class="DependencyModule">
                    <Platform Name="OSX32">
                        <Overwrite>true</Overwrite>
                    </Platform>
                </DeployFile>
                <DeployFile LocalName="C:\Users\Public\Documents\Embarcadero\Studio\21.0\Bpl\OSX32\bplEmpty.dylib.rsm" Configuration="Debug" Class="DebugSymbols">
                    <Platform Name="OSX32">
                        <RemoteName>bplEmpty.dylib.rsm</RemoteName>
                        <Overwrite>true</Overwrite>
                    </Platform>
                </DeployFile>
                <DeployFile LocalName="C:\Users\Public\Documents\Embarcadero\Studio\21.0\Bpl\OSX32\bplEmpty.dylib" Configuration="Debug" Class="ProjectOutput">
                    <Platform Name="OSX32">
                        <RemoteName>bplEmpty.dylib</RemoteName>
                        <Overwrite>true</Overwrite>
                    </Platform>
                </DeployFile>
                <DeployClass Name="AdditionalDebugSymbols">
                    <Platform Name="OSX32">
                        <Operation>1</Operation>
                    </Platform>
                    <Platform Name="Win32">
                        <Operation>0</Operation>
                    </Platform>
                </DeployClass>
                <DeployClass Name="AndroidClasses">
                    <Platform Name="Android">
                        <RemoteDir>classes</RemoteDir>
                        <Operation>64</Operation>
                    </Platform>
                    <Platform Name="Android64">
                        <RemoteDir>classes</RemoteDir>
                        <Operation>64</Operation>
                    </Platform>
                </DeployClass>
                <DeployClass Name="AndroidClassesDexFile">
                    <Platform Name="Android">
                        <RemoteDir>classes</RemoteDir>
                        <Operation>1</Operation>
                    </Platform>
                    <Platform Name="Android64">
                        <RemoteDir>classes</RemoteDir>
                        <Operation>1</Operation>
                    </Platform>
                </DeployClass>
                <DeployClass Name="AndroidFileProvider">
                    <Platform Name="Android">
                        <RemoteDir>res\xml</RemoteDir>
                        <Operation>1</Operation>
                    </Platform>
                    <Platform Name="Android64">
                        <RemoteDir>res\xml</RemoteDir>
                        <Operation>1</Operation>
                    </Platform>
                </DeployClass>
                <DeployClass Name="AndroidGDBServer">
                    <Platform Name="Android">
                        <RemoteDir>library\lib\armeabi-v7a</RemoteDir>
                        <Operation>1</Operation>
                    </Platform>
                </DeployClass>
                <DeployClass Name="AndroidLibnativeArmeabiFile">
                    <Platform Name="Android">
                        <RemoteDir>library\lib\armeabi</RemoteDir>
                        <Operation>1</Operation>
                    </Platform>
                    <Platform Name="Android64">
                        <RemoteDir>library\lib\armeabi</RemoteDir>
                        <Operation>1</Operation>
                    </Platform>
                </DeployClass>
                <DeployClass Name="AndroidLibnativeArmeabiv7aFile">
                    <Platform Name="Android64">
                        <RemoteDir>library\lib\armeabi-v7a</RemoteDir>
                        <Operation>1</Operation>
                    </Platform>
                </DeployClass>
                <DeployClass Name="AndroidLibnativeMipsFile">
                    <Platform Name="Android">
                        <RemoteDir>library\lib\mips</RemoteDir>
                        <Operation>1</Operation>
                    </Platform>
                    <Platform Name="Android64">
                        <RemoteDir>library\lib\mips</RemoteDir>
                        <Operation>1</Operation>
                    </Platform>
                </DeployClass>
                <DeployClass Name="AndroidServiceOutput">
                    <Platform Name="Android">
                        <RemoteDir>library\lib\armeabi-v7a</RemoteDir>
                        <Operation>1</Operation>
                    </Platform>
                    <Platform Name="Android64">
                        <RemoteDir>library\lib\arm64-v8a</RemoteDir>
                        <Operation>1</Operation>
                    </Platform>
                </DeployClass>
                <DeployClass Name="AndroidServiceOutput_Android32">
                    <Platform Name="Android64">
                        <RemoteDir>library\lib\armeabi-v7a</RemoteDir>
                        <Operation>1</Operation>
                    </Platform>
                </DeployClass>
                <DeployClass Name="AndroidSplashImageDef">
                    <Platform Name="Android">
                        <RemoteDir>res\drawable</RemoteDir>
                        <Operation>1</Operation>
                    </Platform>
                    <Platform Name="Android64">
                        <RemoteDir>res\drawable</RemoteDir>
                        <Operation>1</Operation>
                    </Platform>
                </DeployClass>
                <DeployClass Name="AndroidSplashStyles">
                    <Platform Name="Android">
                        <RemoteDir>res\values</RemoteDir>
                        <Operation>1</Operation>
                    </Platform>
                    <Platform Name="Android64">
                        <RemoteDir>res\values</RemoteDir>
                        <Operation>1</Operation>
                    </Platform>
                </DeployClass>
                <DeployClass Name="AndroidSplashStylesV21">
                    <Platform Name="Android">
                        <RemoteDir>res\values-v21</RemoteDir>
                        <Operation>1</Operation>
                    </Platform>
                    <Platform Name="Android64">
                        <RemoteDir>res\values-v21</RemoteDir>
                        <Operation>1</Operation>
                    </Platform>
                </DeployClass>
                <DeployClass Name="Android_Colors">
                    <Platform Name="Android">
                        <RemoteDir>res\values</RemoteDir>
                        <Operation>1</Operation>
                    </Platform>
                    <Platform Name="Android64">
                        <RemoteDir>res\values</RemoteDir>
                        <Operation>1</Operation>
                    </Platform>
                </DeployClass>
                <DeployClass Name="Android_DefaultAppIcon">
                    <Platform Name="Android">
                        <RemoteDir>res\drawable</RemoteDir>
                        <Operation>1</Operation>
                    </Platform>
                    <Platform Name="Android64">
                        <RemoteDir>res\drawable</RemoteDir>
                        <Operation>1</Operation>
                    </Platform>
                </DeployClass>
                <DeployClass Name="Android_LauncherIcon144">
                    <Platform Name="Android">
                        <RemoteDir>res\drawable-xxhdpi</RemoteDir>
                        <Operation>1</Operation>
                    </Platform>
                    <Platform Name="Android64">
                        <RemoteDir>res\drawable-xxhdpi</RemoteDir>
                        <Operation>1</Operation>
                    </Platform>
                </DeployClass>
                <DeployClass Name="Android_LauncherIcon192">
                    <Platform Name="Android">
                        <RemoteDir>res\drawable-xxxhdpi</RemoteDir>
                        <Operation>1</Operation>
                    </Platform>
                    <Platform Name="Android64">
                        <RemoteDir>res\drawable-xxxhdpi</RemoteDir>
                        <Operation>1</Operation>
                    </Platform>
                </DeployClass>
                <DeployClass Name="Android_LauncherIcon36">
                    <Platform Name="Android">
                        <RemoteDir>res\drawable-ldpi</RemoteDir>
                        <Operation>1</Operation>
                    </Platform>
                    <Platform Name="Android64">
                        <RemoteDir>res\drawable-ldpi</RemoteDir>
                        <Operation>1</Operation>
                    </Platform>
                </DeployClass>
                <DeployClass Name="Android_LauncherIcon48">
                    <Platform Name="Android">
                        <RemoteDir>res\drawable-mdpi</RemoteDir>
                        <Operation>1</Operation>
                    </Platform>
                    <Platform Name="Android64">
                        <RemoteDir>res\drawable-mdpi</RemoteDir>
                        <Operation>1</Operation>
                    </Platform>
                </DeployClass>
                <DeployClass Name="Android_LauncherIcon72">
                    <Platform Name="Android">
                        <RemoteDir>res\drawable-hdpi</RemoteDir>
                        <Operation>1</Operation>
                    </Platform>
                    <Platform Name="Android64">
                        <RemoteDir>res\drawable-hdpi</RemoteDir>
                        <Operation>1</Operation>
                    </Platform>
                </DeployClass>
                <DeployClass Name="Android_LauncherIcon96">
                    <Platform Name="Android">
                        <RemoteDir>res\drawable-xhdpi</RemoteDir>
                        <Operation>1</Operation>
                    </Platform>
                    <Platform Name="Android64">
                        <RemoteDir>res\drawable-xhdpi</RemoteDir>
                        <Operation>1</Operation>
                    </Platform>
                </DeployClass>
                <DeployClass Name="Android_NotificationIcon24">
                    <Platform Name="Android">
                        <RemoteDir>res\drawable-mdpi</RemoteDir>
                        <Operation>1</Operation>
                    </Platform>
                    <Platform Name="Android64">
                        <RemoteDir>res\drawable-mdpi</RemoteDir>
                        <Operation>1</Operation>
                    </Platform>
                </DeployClass>
                <DeployClass Name="Android_NotificationIcon36">
                    <Platform Name="Android">
                        <RemoteDir>res\drawable-hdpi</RemoteDir>
                        <Operation>1</Operation>
                    </Platform>
                    <Platform Name="Android64">
                        <RemoteDir>res\drawable-hdpi</RemoteDir>
                        <Operation>1</Operation>
                    </Platform>
                </DeployClass>
                <DeployClass Name="Android_NotificationIcon48">
                    <Platform Name="Android">
                        <RemoteDir>res\drawable-xhdpi</RemoteDir>
                        <Operation>1</Operation>
                    </Platform>
                    <Platform Name="Android64">
                        <RemoteDir>res\drawable-xhdpi</RemoteDir>
                        <Operation>1</Operation>
                    </Platform>
                </DeployClass>
                <DeployClass Name="Android_NotificationIcon72">
                    <Platform Name="Android">
                        <RemoteDir>res\drawable-xxhdpi</RemoteDir>
                        <Operation>1</Operation>
                    </Platform>
                    <Platform Name="Android64">
                        <RemoteDir>res\drawable-xxhdpi</RemoteDir>
                        <Operation>1</Operation>
                    </Platform>
                </DeployClass>
                <DeployClass Name="Android_NotificationIcon96">
                    <Platform Name="Android">
                        <RemoteDir>res\drawable-xxxhdpi</RemoteDir>
                        <Operation>1</Operation>
                    </Platform>
                    <Platform Name="Android64">
                        <RemoteDir>res\drawable-xxxhdpi</RemoteDir>
                        <Operation>1</Operation>
                    </Platform>
                </DeployClass>
                <DeployClass Name="Android_SplashImage426">
                    <Platform Name="Android">
                        <RemoteDir>res\drawable-small</RemoteDir>
                        <Operation>1</Operation>
                    </Platform>
                    <Platform Name="Android64">
                        <RemoteDir>res\drawable-small</RemoteDir>
                        <Operation>1</Operation>
                    </Platform>
                </DeployClass>
                <DeployClass Name="Android_SplashImage470">
                    <Platform Name="Android">
                        <RemoteDir>res\drawable-normal</RemoteDir>
                        <Operation>1</Operation>
                    </Platform>
                    <Platform Name="Android64">
                        <RemoteDir>res\drawable-normal</RemoteDir>
                        <Operation>1</Operation>
                    </Platform>
                </DeployClass>
                <DeployClass Name="Android_SplashImage640">
                    <Platform Name="Android">
                        <RemoteDir>res\drawable-large</RemoteDir>
                        <Operation>1</Operation>
                    </Platform>
                    <Platform Name="Android64">
                        <RemoteDir>res\drawable-large</RemoteDir>
                        <Operation>1</Operation>
                    </Platform>
                </DeployClass>
                <DeployClass Name="Android_SplashImage960">
                    <Platform Name="Android">
                        <RemoteDir>res\drawable-xlarge</RemoteDir>
                        <Operation>1</Operation>
                    </Platform>
                    <Platform Name="Android64">
                        <RemoteDir>res\drawable-xlarge</RemoteDir>
                        <Operation>1</Operation>
                    </Platform>
                </DeployClass>
                <DeployClass Name="Android_Strings">
                    <Platform Name="Android">
                        <RemoteDir>res\values</RemoteDir>
                        <Operation>1</Operation>
                    </Platform>
                    <Platform Name="Android64">
                        <RemoteDir>res\values</RemoteDir>
                        <Operation>1</Operation>
                    </Platform>
                </DeployClass>
                <DeployClass Name="DebugSymbols">
                    <Platform Name="iOSSimulator">
                        <Operation>1</Operation>
                    </Platform>
                    <Platform Name="OSX32">
                        <Operation>1</Operation>
                    </Platform>
                    <Platform Name="Win32">
                        <Operation>0</Operation>
                    </Platform>
                </DeployClass>
                <DeployClass Name="DependencyFramework">
                    <Platform Name="OSX32">
                        <Operation>1</Operation>
                        <Extensions>.framework</Extensions>
                    </Platform>
                    <Platform Name="OSX64">
                        <Operation>1</Operation>
                        <Extensions>.framework</Extensions>
                    </Platform>
                    <Platform Name="OSXARM64">
                        <Operation>1</Operation>
                        <Extensions>.framework</Extensions>
                    </Platform>
                    <Platform Name="Win32">
                        <Operation>0</Operation>
                    </Platform>
                </DeployClass>
                <DeployClass Name="DependencyModule">
                    <Platform Name="OSX32">
                        <Operation>1</Operation>
                        <Extensions>.dylib</Extensions>
                    </Platform>
                    <Platform Name="OSX64">
                        <Operation>1</Operation>
                        <Extensions>.dylib</Extensions>
                    </Platform>
                    <Platform Name="OSXARM64">
                        <Operation>1</Operation>
                        <Extensions>.dylib</Extensions>
                    </Platform>
                    <Platform Name="Win32">
                        <Operation>0</Operation>
                        <Extensions>.dll;.bpl</Extensions>
                    </Platform>
                </DeployClass>
                <DeployClass Required="true" Name="DependencyPackage">
                    <Platform Name="iOSDevice32">
                        <Operation>1</Operation>
                        <Extensions>.dylib</Extensions>
                    </Platform>
                    <Platform Name="iOSDevice64">
                        <Operation>1</Operation>
                        <Extensions>.dylib</Extensions>
                    </Platform>
                    <Platform Name="iOSSimulator">
                        <Operation>1</Operation>
                        <Extensions>.dylib</Extensions>
                    </Platform>
                    <Platform Name="OSX32">
                        <Operation>1</Operation>
                        <Extensions>.dylib</Extensions>
                    </Platform>
                    <Platform Name="OSX64">
                        <Operation>1</Operation>
                        <Extensions>.dylib</Extensions>
                    </Platform>
                    <Platform Name="OSXARM64">
                        <Operation>1</Operation>
                        <Extensions>.dylib</Extensions>
                    </Platform>
                    <Platform Name="Win32">
                        <Operation>0</Operation>
                        <Extensions>.bpl</Extensions>
                    </Platform>
                </DeployClass>
                <DeployClass Name="File">
                    <Platform Name="Android">
                        <Operation>0</Operation>
                    </Platform>
                    <Platform Name="Android64">
                        <Operation>0</Operation>
                    </Platform>
                    <Platform Name="iOSDevice32">
                        <Operation>0</Operation>
                    </Platform>
                    <Platform Name="iOSDevice64">
                        <Operation>0</Operation>
                    </Platform>
                    <Platform Name="iOSSimulator">
                        <Operation>0</Operation>
                    </Platform>
                    <Platform Name="OSX32">
                        <Operation>0</Operation>
                    </Platform>
                    <Platform Name="OSX64">
                        <Operation>0</Operation>
                    </Platform>
                    <Platform Name="OSXARM64">
                        <Operation>0</Operation>
                    </Platform>
                    <Platform Name="Win32">
                        <Operation>0</Operation>
                    </Platform>
                </DeployClass>
                <DeployClass Name="iOS_AppStore1024">
                    <Platform Name="iOSDevice64">
                        <RemoteDir>..\$(PROJECTNAME).launchscreen\Assets\AppIcon.appiconset</RemoteDir>
                        <Operation>1</Operation>
                    </Platform>
                </DeployClass>
                <DeployClass Name="iPad_AppIcon152">
                    <Platform Name="iOSDevice64">
                        <RemoteDir>..\$(PROJECTNAME).launchscreen\Assets\AppIcon.appiconset</RemoteDir>
                        <Operation>1</Operation>
                    </Platform>
                    <Platform Name="iOSSimulator">
                        <RemoteDir>..\$(PROJECTNAME).launchscreen\Assets\AppIcon.appiconset</RemoteDir>
                        <Operation>1</Operation>
                    </Platform>
                </DeployClass>
                <DeployClass Name="iPad_AppIcon167">
                    <Platform Name="iOSDevice64">
                        <RemoteDir>..\$(PROJECTNAME).launchscreen\Assets\AppIcon.appiconset</RemoteDir>
                        <Operation>1</Operation>
                    </Platform>
                    <Platform Name="iOSSimulator">
                        <RemoteDir>..\$(PROJECTNAME).launchscreen\Assets\AppIcon.appiconset</RemoteDir>
                        <Operation>1</Operation>
                    </Platform>
                </DeployClass>
                <DeployClass Name="iPad_Launch1024x768">
                    <Platform Name="iOSDevice32">
                        <Operation>1</Operation>
                    </Platform>
                    <Platform Name="iOSDevice64">
                        <Operation>1</Operation>
                    </Platform>
                    <Platform Name="iOSSimulator">
                        <Operation>1</Operation>
                    </Platform>
                </DeployClass>
                <DeployClass Name="iPad_Launch1536x2048">
                    <Platform Name="iOSDevice32">
                        <Operation>1</Operation>
                    </Platform>
                    <Platform Name="iOSDevice64">
                        <Operation>1</Operation>
                    </Platform>
                    <Platform Name="iOSSimulator">
                        <Operation>1</Operation>
                    </Platform>
                </DeployClass>
                <DeployClass Name="iPad_Launch1668">
                    <Platform Name="iOSDevice32">
                        <Operation>1</Operation>
                    </Platform>
                    <Platform Name="iOSDevice64">
                        <Operation>1</Operation>
                    </Platform>
                    <Platform Name="iOSSimulator">
                        <Operation>1</Operation>
                    </Platform>
                </DeployClass>
                <DeployClass Name="iPad_Launch1668x2388">
                    <Platform Name="iOSDevice32">
                        <Operation>1</Operation>
                    </Platform>
                    <Platform Name="iOSDevice64">
                        <Operation>1</Operation>
                    </Platform>
                    <Platform Name="iOSSimulator">
                        <Operation>1</Operation>
                    </Platform>
                </DeployClass>
                <DeployClass Name="iPad_Launch2048x1536">
                    <Platform Name="iOSDevice32">
                        <Operation>1</Operation>
                    </Platform>
                    <Platform Name="iOSDevice64">
                        <Operation>1</Operation>
                    </Platform>
                    <Platform Name="iOSSimulator">
                        <Operation>1</Operation>
                    </Platform>
                </DeployClass>
                <DeployClass Name="iPad_Launch2048x2732">
                    <Platform Name="iOSDevice32">
                        <Operation>1</Operation>
                    </Platform>
                    <Platform Name="iOSDevice64">
                        <Operation>1</Operation>
                    </Platform>
                    <Platform Name="iOSSimulator">
                        <Operation>1</Operation>
                    </Platform>
                </DeployClass>
                <DeployClass Name="iPad_Launch2224">
                    <Platform Name="iOSDevice32">
                        <Operation>1</Operation>
                    </Platform>
                    <Platform Name="iOSDevice64">
                        <Operation>1</Operation>
                    </Platform>
                    <Platform Name="iOSSimulator">
                        <Operation>1</Operation>
                    </Platform>
                </DeployClass>
                <DeployClass Name="iPad_Launch2388x1668">
                    <Platform Name="iOSDevice32">
                        <Operation>1</Operation>
                    </Platform>
                    <Platform Name="iOSDevice64">
                        <Operation>1</Operation>
                    </Platform>
                    <Platform Name="iOSSimulator">
                        <Operation>1</Operation>
                    </Platform>
                </DeployClass>
                <DeployClass Name="iPad_Launch2732x2048">
                    <Platform Name="iOSDevice32">
                        <Operation>1</Operation>
                    </Platform>
                    <Platform Name="iOSDevice64">
                        <Operation>1</Operation>
                    </Platform>
                    <Platform Name="iOSSimulator">
                        <Operation>1</Operation>
                    </Platform>
                </DeployClass>
                <DeployClass Name="iPad_Launch2x">
                    <Platform Name="iOSDevice64">
                        <RemoteDir>..\$(PROJECTNAME).launchscreen\Assets\LaunchScreenImage.imageset</RemoteDir>
                        <Operation>1</Operation>
                    </Platform>
                    <Platform Name="iOSSimulator">
                        <RemoteDir>..\$(PROJECTNAME).launchscreen\Assets\LaunchScreenImage.imageset</RemoteDir>
                        <Operation>1</Operation>
                    </Platform>
                </DeployClass>
                <DeployClass Name="iPad_Launch768x1024">
                    <Platform Name="iOSDevice32">
                        <Operation>1</Operation>
                    </Platform>
                    <Platform Name="iOSDevice64">
                        <Operation>1</Operation>
                    </Platform>
                    <Platform Name="iOSSimulator">
                        <Operation>1</Operation>
                    </Platform>
                </DeployClass>
                <DeployClass Name="iPad_LaunchDark2x">
                    <Platform Name="iOSDevice64">
                        <RemoteDir>..\$(PROJECTNAME).launchscreen\Assets\LaunchScreenImage.imageset</RemoteDir>
                        <Operation>1</Operation>
                    </Platform>
                    <Platform Name="iOSSimulator">
                        <RemoteDir>..\$(PROJECTNAME).launchscreen\Assets\LaunchScreenImage.imageset</RemoteDir>
                        <Operation>1</Operation>
                    </Platform>
                </DeployClass>
                <DeployClass Name="iPad_Notification40">
                    <Platform Name="iOSDevice64">
                        <RemoteDir>..\$(PROJECTNAME).launchscreen\Assets\AppIcon.appiconset</RemoteDir>
                        <Operation>1</Operation>
                    </Platform>
                    <Platform Name="iOSSimulator">
                        <RemoteDir>..\$(PROJECTNAME).launchscreen\Assets\AppIcon.appiconset</RemoteDir>
                        <Operation>1</Operation>
                    </Platform>
                </DeployClass>
                <DeployClass Name="iPad_Setting58">
                    <Platform Name="iOSDevice64">
                        <RemoteDir>..\$(PROJECTNAME).launchscreen\Assets\AppIcon.appiconset</RemoteDir>
                        <Operation>1</Operation>
                    </Platform>
                    <Platform Name="iOSSimulator">
                        <RemoteDir>..\$(PROJECTNAME).launchscreen\Assets\AppIcon.appiconset</RemoteDir>
                        <Operation>1</Operation>
                    </Platform>
                </DeployClass>
                <DeployClass Name="iPad_SpotLight80">
                    <Platform Name="iOSDevice64">
                        <RemoteDir>..\$(PROJECTNAME).launchscreen\Assets\AppIcon.appiconset</RemoteDir>
                        <Operation>1</Operation>
                    </Platform>
                    <Platform Name="iOSSimulator">
                        <RemoteDir>..\$(PROJECTNAME).launchscreen\Assets\AppIcon.appiconset</RemoteDir>
                        <Operation>1</Operation>
                    </Platform>
                </DeployClass>
                <DeployClass Name="iPhone_AppIcon120">
                    <Platform Name="iOSDevice64">
                        <RemoteDir>..\$(PROJECTNAME).launchscreen\Assets\AppIcon.appiconset</RemoteDir>
                        <Operation>1</Operation>
                    </Platform>
                    <Platform Name="iOSSimulator">
                        <RemoteDir>..\$(PROJECTNAME).launchscreen\Assets\AppIcon.appiconset</RemoteDir>
                        <Operation>1</Operation>
                    </Platform>
                </DeployClass>
                <DeployClass Name="iPhone_AppIcon180">
                    <Platform Name="iOSDevice64">
                        <RemoteDir>..\$(PROJECTNAME).launchscreen\Assets\AppIcon.appiconset</RemoteDir>
                        <Operation>1</Operation>
                    </Platform>
                    <Platform Name="iOSSimulator">
                        <RemoteDir>..\$(PROJECTNAME).launchscreen\Assets\AppIcon.appiconset</RemoteDir>
                        <Operation>1</Operation>
                    </Platform>
                </DeployClass>
                <DeployClass Name="iPhone_Launch1125">
                    <Platform Name="iOSDevice32">
                        <Operation>1</Operation>
                    </Platform>
                    <Platform Name="iOSDevice64">
                        <Operation>1</Operation>
                    </Platform>
                    <Platform Name="iOSSimulator">
                        <Operation>1</Operation>
                    </Platform>
                </DeployClass>
                <DeployClass Name="iPhone_Launch1136x640">
                    <Platform Name="iOSDevice32">
                        <Operation>1</Operation>
                    </Platform>
                    <Platform Name="iOSDevice64">
                        <Operation>1</Operation>
                    </Platform>
                    <Platform Name="iOSSimulator">
                        <Operation>1</Operation>
                    </Platform>
                </DeployClass>
                <DeployClass Name="iPhone_Launch1242">
                    <Platform Name="iOSDevice32">
                        <Operation>1</Operation>
                    </Platform>
                    <Platform Name="iOSDevice64">
                        <Operation>1</Operation>
                    </Platform>
                    <Platform Name="iOSSimulator">
                        <Operation>1</Operation>
                    </Platform>
                </DeployClass>
                <DeployClass Name="iPhone_Launch1242x2688">
                    <Platform Name="iOSDevice32">
                        <Operation>1</Operation>
                    </Platform>
                    <Platform Name="iOSDevice64">
                        <Operation>1</Operation>
                    </Platform>
                    <Platform Name="iOSSimulator">
                        <Operation>1</Operation>
                    </Platform>
                </DeployClass>
                <DeployClass Name="iPhone_Launch1334">
                    <Platform Name="iOSDevice32">
                        <Operation>1</Operation>
                    </Platform>
                    <Platform Name="iOSDevice64">
                        <Operation>1</Operation>
                    </Platform>
                    <Platform Name="iOSSimulator">
                        <Operation>1</Operation>
                    </Platform>
                </DeployClass>
                <DeployClass Name="iPhone_Launch1792">
                    <Platform Name="iOSDevice32">
                        <Operation>1</Operation>
                    </Platform>
                    <Platform Name="iOSDevice64">
                        <Operation>1</Operation>
                    </Platform>
                    <Platform Name="iOSSimulator">
                        <Operation>1</Operation>
                    </Platform>
                </DeployClass>
                <DeployClass Name="iPhone_Launch2208">
                    <Platform Name="iOSDevice32">
                        <Operation>1</Operation>
                    </Platform>
                    <Platform Name="iOSDevice64">
                        <Operation>1</Operation>
                    </Platform>
                    <Platform Name="iOSSimulator">
                        <Operation>1</Operation>
                    </Platform>
                </DeployClass>
                <DeployClass Name="iPhone_Launch2436">
                    <Platform Name="iOSDevice32">
                        <Operation>1</Operation>
                    </Platform>
                    <Platform Name="iOSDevice64">
                        <Operation>1</Operation>
                    </Platform>
                    <Platform Name="iOSSimulator">
                        <Operation>1</Operation>
                    </Platform>
                </DeployClass>
                <DeployClass Name="iPhone_Launch2688x1242">
                    <Platform Name="iOSDevice32">
                        <Operation>1</Operation>
                    </Platform>
                    <Platform Name="iOSDevice64">
                        <Operation>1</Operation>
                    </Platform>
                    <Platform Name="iOSSimulator">
                        <Operation>1</Operation>
                    </Platform>
                </DeployClass>
                <DeployClass Name="iPhone_Launch2x">
                    <Platform Name="iOSDevice64">
                        <RemoteDir>..\$(PROJECTNAME).launchscreen\Assets\LaunchScreenImage.imageset</RemoteDir>
                        <Operation>1</Operation>
                    </Platform>
                    <Platform Name="iOSSimulator">
                        <RemoteDir>..\$(PROJECTNAME).launchscreen\Assets\LaunchScreenImage.imageset</RemoteDir>
                        <Operation>1</Operation>
                    </Platform>
                </DeployClass>
                <DeployClass Name="iPhone_Launch320">
                    <Platform Name="iOSDevice32">
                        <Operation>1</Operation>
                    </Platform>
                    <Platform Name="iOSDevice64">
                        <Operation>1</Operation>
                    </Platform>
                    <Platform Name="iOSSimulator">
                        <Operation>1</Operation>
                    </Platform>
                </DeployClass>
                <DeployClass Name="iPhone_Launch3x">
                    <Platform Name="iOSDevice64">
                        <RemoteDir>..\$(PROJECTNAME).launchscreen\Assets\LaunchScreenImage.imageset</RemoteDir>
                        <Operation>1</Operation>
                    </Platform>
                    <Platform Name="iOSSimulator">
                        <RemoteDir>..\$(PROJECTNAME).launchscreen\Assets\LaunchScreenImage.imageset</RemoteDir>
                        <Operation>1</Operation>
                    </Platform>
                </DeployClass>
                <DeployClass Name="iPhone_Launch640">
                    <Platform Name="iOSDevice32">
                        <Operation>1</Operation>
                    </Platform>
                    <Platform Name="iOSDevice64">
                        <Operation>1</Operation>
                    </Platform>
                    <Platform Name="iOSSimulator">
                        <Operation>1</Operation>
                    </Platform>
                </DeployClass>
                <DeployClass Name="iPhone_Launch640x1136">
                    <Platform Name="iOSDevice32">
                        <Operation>1</Operation>
                    </Platform>
                    <Platform Name="iOSDevice64">
                        <Operation>1</Operation>
                    </Platform>
                    <Platform Name="iOSSimulator">
                        <Operation>1</Operation>
                    </Platform>
                </DeployClass>
                <DeployClass Name="iPhone_Launch750">
                    <Platform Name="iOSDevice32">
                        <Operation>1</Operation>
                    </Platform>
                    <Platform Name="iOSDevice64">
                        <Operation>1</Operation>
                    </Platform>
                    <Platform Name="iOSSimulator">
                        <Operation>1</Operation>
                    </Platform>
                </DeployClass>
                <DeployClass Name="iPhone_Launch828">
                    <Platform Name="iOSDevice32">
                        <Operation>1</Operation>
                    </Platform>
                    <Platform Name="iOSDevice64">
                        <Operation>1</Operation>
                    </Platform>
                    <Platform Name="iOSSimulator">
                        <Operation>1</Operation>
                    </Platform>
                </DeployClass>
                <DeployClass Name="iPhone_LaunchDark2x">
                    <Platform Name="iOSDevice64">
                        <RemoteDir>..\$(PROJECTNAME).launchscreen\Assets\LaunchScreenImage.imageset</RemoteDir>
                        <Operation>1</Operation>
                    </Platform>
                    <Platform Name="iOSSimulator">
                        <RemoteDir>..\$(PROJECTNAME).launchscreen\Assets\LaunchScreenImage.imageset</RemoteDir>
                        <Operation>1</Operation>
                    </Platform>
                </DeployClass>
                <DeployClass Name="iPhone_LaunchDark3x">
                    <Platform Name="iOSDevice64">
                        <RemoteDir>..\$(PROJECTNAME).launchscreen\Assets\LaunchScreenImage.imageset</RemoteDir>
                        <Operation>1</Operation>
                    </Platform>
                    <Platform Name="iOSSimulator">
                        <RemoteDir>..\$(PROJECTNAME).launchscreen\Assets\LaunchScreenImage.imageset</RemoteDir>
                        <Operation>1</Operation>
                    </Platform>
                </DeployClass>
                <DeployClass Name="iPhone_Notification40">
                    <Platform Name="iOSDevice64">
                        <RemoteDir>..\$(PROJECTNAME).launchscreen\Assets\AppIcon.appiconset</RemoteDir>
                        <Operation>1</Operation>
                    </Platform>
                    <Platform Name="iOSSimulator">
                        <RemoteDir>..\$(PROJECTNAME).launchscreen\Assets\AppIcon.appiconset</RemoteDir>
                        <Operation>1</Operation>
                    </Platform>
                </DeployClass>
                <DeployClass Name="iPhone_Notification60">
                    <Platform Name="iOSDevice64">
                        <RemoteDir>..\$(PROJECTNAME).launchscreen\Assets\AppIcon.appiconset</RemoteDir>
                        <Operation>1</Operation>
                    </Platform>
                    <Platform Name="iOSSimulator">
                        <RemoteDir>..\$(PROJECTNAME).launchscreen\Assets\AppIcon.appiconset</RemoteDir>
                        <Operation>1</Operation>
                    </Platform>
                </DeployClass>
                <DeployClass Name="iPhone_Setting58">
                    <Platform Name="iOSDevice64">
                        <RemoteDir>..\$(PROJECTNAME).launchscreen\Assets\AppIcon.appiconset</RemoteDir>
                        <Operation>1</Operation>
                    </Platform>
                    <Platform Name="iOSSimulator">
                        <RemoteDir>..\$(PROJECTNAME).launchscreen\Assets\AppIcon.appiconset</RemoteDir>
                        <Operation>1</Operation>
                    </Platform>
                </DeployClass>
                <DeployClass Name="iPhone_Setting87">
                    <Platform Name="iOSDevice64">
                        <RemoteDir>..\$(PROJECTNAME).launchscreen\Assets\AppIcon.appiconset</RemoteDir>
                        <Operation>1</Operation>
                    </Platform>
                    <Platform Name="iOSSimulator">
                        <RemoteDir>..\$(PROJECTNAME).launchscreen\Assets\AppIcon.appiconset</RemoteDir>
                        <Operation>1</Operation>
                    </Platform>
                </DeployClass>
                <DeployClass Name="iPhone_Spotlight120">
                    <Platform Name="iOSDevice64">
                        <RemoteDir>..\$(PROJECTNAME).launchscreen\Assets\AppIcon.appiconset</RemoteDir>
                        <Operation>1</Operation>
                    </Platform>
                    <Platform Name="iOSSimulator">
                        <RemoteDir>..\$(PROJECTNAME).launchscreen\Assets\AppIcon.appiconset</RemoteDir>
                        <Operation>1</Operation>
                    </Platform>
                </DeployClass>
                <DeployClass Name="iPhone_Spotlight80">
                    <Platform Name="iOSDevice64">
                        <RemoteDir>..\$(PROJECTNAME).launchscreen\Assets\AppIcon.appiconset</RemoteDir>
                        <Operation>1</Operation>
                    </Platform>
                    <Platform Name="iOSSimulator">
                        <RemoteDir>..\$(PROJECTNAME).launchscreen\Assets\AppIcon.appiconset</RemoteDir>
                        <Operation>1</Operation>
                    </Platform>
                </DeployClass>
                <DeployClass Name="ProjectAndroidManifest">
                    <Platform Name="Android">
                        <Operation>1</Operation>
                    </Platform>
                    <Platform Name="Android64">
                        <Operation>1</Operation>
                    </Platform>
                </DeployClass>
                <DeployClass Name="ProjectiOSDeviceDebug">
                    <Platform Name="iOSDevice32">
                        <RemoteDir>..\$(PROJECTNAME).app.dSYM\Contents\Resources\DWARF</RemoteDir>
                        <Operation>1</Operation>
                    </Platform>
                    <Platform Name="iOSDevice64">
                        <RemoteDir>..\$(PROJECTNAME).app.dSYM\Contents\Resources\DWARF</RemoteDir>
                        <Operation>1</Operation>
                    </Platform>
                </DeployClass>
                <DeployClass Name="ProjectiOSDeviceResourceRules"/>
                <DeployClass Name="ProjectiOSEntitlements"/>
                <DeployClass Name="ProjectiOSInfoPList"/>
                <DeployClass Name="ProjectiOSLaunchScreen"/>
                <DeployClass Name="ProjectiOSResource">
                    <Platform Name="iOSDevice32">
                        <Operation>1</Operation>
                    </Platform>
                    <Platform Name="iOSDevice64">
                        <Operation>1</Operation>
                    </Platform>
                    <Platform Name="iOSSimulator">
                        <Operation>1</Operation>
                    </Platform>
                </DeployClass>
                <DeployClass Name="ProjectOSXDebug"/>
                <DeployClass Name="ProjectOSXEntitlements"/>
                <DeployClass Name="ProjectOSXInfoPList"/>
                <DeployClass Name="ProjectOSXResource">
                    <Platform Name="OSX32">
                        <RemoteDir>Contents\Resources</RemoteDir>
                        <Operation>1</Operation>
                    </Platform>
                    <Platform Name="OSX64">
                        <RemoteDir>Contents\Resources</RemoteDir>
                        <Operation>1</Operation>
                    </Platform>
                    <Platform Name="OSXARM64">
                        <RemoteDir>Contents\Resources</RemoteDir>
                        <Operation>1</Operation>
                    </Platform>
                </DeployClass>
                <DeployClass Required="true" Name="ProjectOutput">
                    <Platform Name="Android">
                        <RemoteDir>library\lib\armeabi-v7a</RemoteDir>
                        <Operation>1</Operation>
                    </Platform>
                    <Platform Name="Android64">
                        <RemoteDir>library\lib\arm64-v8a</RemoteDir>
                        <Operation>1</Operation>
                    </Platform>
                    <Platform Name="iOSDevice32">
                        <Operation>1</Operation>
                    </Platform>
                    <Platform Name="iOSDevice64">
                        <Operation>1</Operation>
                    </Platform>
                    <Platform Name="iOSSimulator">
                        <Operation>1</Operation>
                    </Platform>
                    <Platform Name="Linux64">
                        <Operation>1</Operation>
                    </Platform>
                    <Platform Name="OSX32">
                        <Operation>1</Operation>
                    </Platform>
                    <Platform Name="OSX64">
                        <Operation>1</Operation>
                    </Platform>
                    <Platform Name="OSXARM64">
                        <Operation>1</Operation>
                    </Platform>
                    <Platform Name="Win32">
                        <Operation>0</Operation>
                    </Platform>
                </DeployClass>
                <DeployClass Name="ProjectOutput_Android32">
                    <Platform Name="Android64">
                        <RemoteDir>library\lib\armeabi-v7a</RemoteDir>
                        <Operation>1</Operation>
                    </Platform>
                </DeployClass>
                <DeployClass Name="ProjectUWPManifest">
                    <Platform Name="Win32">
                        <Operation>1</Operation>
                    </Platform>
                    <Platform Name="Win64">
                        <Operation>1</Operation>
                    </Platform>
                </DeployClass>
                <DeployClass Name="UWP_DelphiLogo150">
                    <Platform Name="Win32">
                        <RemoteDir>Assets</RemoteDir>
                        <Operation>1</Operation>
                    </Platform>
                    <Platform Name="Win64">
                        <RemoteDir>Assets</RemoteDir>
                        <Operation>1</Operation>
                    </Platform>
                </DeployClass>
                <DeployClass Name="UWP_DelphiLogo44">
                    <Platform Name="Win32">
                        <RemoteDir>Assets</RemoteDir>
                        <Operation>1</Operation>
                    </Platform>
                    <Platform Name="Win64">
                        <RemoteDir>Assets</RemoteDir>
                        <Operation>1</Operation>
                    </Platform>
                </DeployClass>
                <ProjectRoot Platform="Android" Name="$(PROJECTNAME)"/>
                <ProjectRoot Platform="Android64" Name="$(PROJECTNAME)"/>
                <ProjectRoot Platform="iOSDevice32" Name="$(PROJECTNAME).app"/>
                <ProjectRoot Platform="iOSDevice64" Name="$(PROJECTNAME).app"/>
                <ProjectRoot Platform="iOSSimulator" Name="$(PROJECTNAME).app"/>
                <ProjectRoot Platform="Linux64" Name="$(PROJECTNAME)"/>
                <ProjectRoot Platform="OSX32" Name="$(PROJECTNAME)"/>
                <ProjectRoot Platform="OSX64" Name="$(PROJECTNAME)"/>
                <ProjectRoot Platform="OSXARM64" Name="$(PROJECTNAME)"/>
                <ProjectRoot Platform="Win32" Name="$(PROJECTNAME)"/>
                <ProjectRoot Platform="Win64" Name="$(PROJECTNAME)"/>
            </Deployment>
            <Platforms>
                <Platform value="Linux64">True</Platform>
                <Platform value="Win32">True</Platform>
                <Platform value="Win64">True</Platform>
            </Platforms>
        </BorlandProject>
        <ProjectFileVersion>12</ProjectFileVersion>
    </ProjectExtensions>
    <Import Project="$(BDS)\Bin\CodeGear.Delphi.Targets" Condition="Exists('$(BDS)\Bin\CodeGear.Delphi.Targets')"/>
    <Import Project="$(APPDATA)\Embarcadero\$(BDSAPPDATABASEDIR)\$(PRODUCTVERSION)\UserTools.proj" Condition="Exists('$(APPDATA)\Embarcadero\$(BDSAPPDATABASEDIR)\$(PRODUCTVERSION)\UserTools.proj')"/>
    <Import Project="$(MSBuildProjectName).deployproj" Condition="Exists('$(MSBuildProjectName).deployproj')"/>
</Project>
